{
  "version": 4,
  "terraform_version": "0.12.24",
  "serial": 52,
  "lineage": "5929ae31-8a8c-c371-0445-10ae40304261",
  "outputs": {
    "demo": {
      "value": [
        "ns-1420.awsdns-49.org",
        "ns-1574.awsdns-04.co.uk",
        "ns-626.awsdns-14.net",
        "ns-83.awsdns-10.com"
      ],
      "type": [
        "list",
        "string"
      ]
    },
    "rotten100": {
      "value": [
        "ns-1270.awsdns-30.org",
        "ns-1784.awsdns-31.co.uk",
        "ns-279.awsdns-34.com",
        "ns-790.awsdns-34.net"
      ],
      "type": [
        "list",
        "string"
      ]
    },
    "rotten100films": {
      "value": [
        "ns-1511.awsdns-60.org",
        "ns-1946.awsdns-51.co.uk",
        "ns-432.awsdns-54.com",
        "ns-556.awsdns-05.net"
      ],
      "type": [
        "list",
        "string"
      ]
    }
  },
  "resources": [
    {
      "module": "module.rotten100films",
      "mode": "managed",
      "type": "aws_iam_policy",
      "name": "policy",
      "provider": "provider.aws",
      "instances": [
        {
          "schema_version": 0,
          "attributes": {
            "arn": "arn:aws:iam::557195821817:policy/terraform-20200528203314544500000001",
            "description": "",
            "id": "arn:aws:iam::557195821817:policy/terraform-20200528203314544500000001",
            "name": "terraform-20200528203314544500000001",
            "name_prefix": null,
            "path": "/",
            "policy": "{\n    \"Version\": \"2012-10-17\",\n    \"Statement\": [\n        {\n            \"Effect\": \"Allow\",\n            \"Action\": [\n                \"s3:PutObject\",\n                \"s3:GetObject\"\n            ],\n            \"Resource\": \"arn:aws:s3:::www.rottenfilms100.com/*\"\n            \n        }\n    ]\n}\n"
          },
          "private": "bnVsbA=="
        }
      ]
    },
    {
      "module": "module.demo",
      "mode": "managed",
      "type": "aws_iam_policy",
      "name": "policy",
      "provider": "provider.aws",
      "instances": [
        {
          "schema_version": 0,
          "attributes": {
            "arn": "arn:aws:iam::557195821817:policy/terraform-20200528195945906900000002",
            "description": "",
            "id": "arn:aws:iam::557195821817:policy/terraform-20200528195945906900000002",
            "name": "terraform-20200528195945906900000002",
            "name_prefix": null,
            "path": "/",
            "policy": "{\n    \"Version\": \"2012-10-17\",\n    \"Statement\": [\n        {\n            \"Effect\": \"Allow\",\n            \"Action\": [\n                \"s3:PutObject\",\n                \"s3:GetObject\"\n            ],\n            \"Resource\": \"arn:aws:s3:::demo.zoomfab.info/*\"\n            \n        }\n    ]\n}\n"
          },
          "private": "bnVsbA=="
        }
      ]
    },
    {
      "module": "module.rotten100",
      "mode": "managed",
      "type": "aws_iam_policy",
      "name": "policy",
      "provider": "provider.aws",
      "instances": [
        {
          "schema_version": 0,
          "attributes": {
            "arn": "arn:aws:iam::557195821817:policy/terraform-20200528195945906600000001",
            "description": "",
            "id": "arn:aws:iam::557195821817:policy/terraform-20200528195945906600000001",
            "name": "terraform-20200528195945906600000001",
            "name_prefix": null,
            "path": "/",
            "policy": "{\n    \"Version\": \"2012-10-17\",\n    \"Statement\": [\n        {\n            \"Effect\": \"Allow\",\n            \"Action\": [\n                \"s3:PutObject\",\n                \"s3:GetObject\"\n            ],\n            \"Resource\": \"arn:aws:s3:::www.rotten100.com/*\"\n            \n        }\n    ]\n}\n"
          },
          "private": "bnVsbA=="
        }
      ]
    },
    {
      "module": "module.rotten100films",
      "mode": "managed",
      "type": "aws_iam_role_policy_attachment",
      "name": "policy-attach",
      "provider": "provider.aws",
      "instances": [
        {
          "schema_version": 0,
          "attributes": {
            "id": "lee-test-executor-20200528203316237300000003",
            "policy_arn": "arn:aws:iam::557195821817:policy/terraform-20200528203314544500000001",
            "role": "lee-test-executor"
          },
          "private": "bnVsbA==",
          "dependencies": [
            "module.rotten100films.aws_iam_policy.policy"
          ]
        }
      ]
    },
    {
      "module": "module.demo",
      "mode": "managed",
      "type": "aws_iam_role_policy_attachment",
      "name": "policy-attach",
      "provider": "provider.aws",
      "instances": [
        {
          "schema_version": 0,
          "attributes": {
            "id": "lee-test-executor-20200528195947724500000003",
            "policy_arn": "arn:aws:iam::557195821817:policy/terraform-20200528195945906900000002",
            "role": "lee-test-executor"
          },
          "private": "bnVsbA==",
          "dependencies": [
            "module.demo.aws_iam_policy.policy"
          ]
        }
      ]
    },
    {
      "module": "module.rotten100",
      "mode": "managed",
      "type": "aws_iam_role_policy_attachment",
      "name": "policy-attach",
      "provider": "provider.aws",
      "instances": [
        {
          "schema_version": 0,
          "attributes": {
            "id": "lee-test-executor-20200528195947751900000004",
            "policy_arn": "arn:aws:iam::557195821817:policy/terraform-20200528195945906600000001",
            "role": "lee-test-executor"
          },
          "private": "bnVsbA==",
          "dependencies": [
            "module.rotten100.aws_iam_policy.policy"
          ]
        }
      ]
    },
    {
      "module": "module.rotten100films",
      "mode": "managed",
      "type": "aws_route53_record",
      "name": "no-www",
      "provider": "provider.aws",
      "instances": [
        {
          "schema_version": 2,
          "attributes": {
            "alias": [],
            "allow_overwrite": null,
            "failover_routing_policy": [],
            "fqdn": "rottenfilms100.com",
            "geolocation_routing_policy": [],
            "health_check_id": null,
            "id": "Z02833183PITJI3LSNHZ3__A",
            "latency_routing_policy": [],
            "multivalue_answer_routing_policy": null,
            "name": "",
            "records": [
              "45.55.72.95"
            ],
            "set_identifier": null,
            "ttl": 86400,
            "type": "A",
            "weighted_routing_policy": [],
            "zone_id": "Z02833183PITJI3LSNHZ3"
          },
          "private": "eyJzY2hlbWFfdmVyc2lvbiI6IjIifQ==",
          "dependencies": [
            "module.rotten100films.aws_route53_zone.zone"
          ]
        }
      ]
    },
    {
      "module": "module.demo",
      "mode": "managed",
      "type": "aws_route53_record",
      "name": "no-www",
      "provider": "provider.aws",
      "instances": [
        {
          "schema_version": 2,
          "attributes": {
            "alias": [],
            "allow_overwrite": null,
            "failover_routing_policy": [],
            "fqdn": "demo.zoomfab.info",
            "geolocation_routing_policy": [],
            "health_check_id": "",
            "id": "Z072603319NAWXYRJP3DA__A",
            "latency_routing_policy": [],
            "multivalue_answer_routing_policy": null,
            "name": "",
            "records": [
              "45.55.72.95"
            ],
            "set_identifier": "",
            "ttl": 86400,
            "type": "A",
            "weighted_routing_policy": [],
            "zone_id": "Z072603319NAWXYRJP3DA"
          },
          "private": "eyJzY2hlbWFfdmVyc2lvbiI6IjIifQ==",
          "dependencies": [
            "module.demo.aws_route53_zone.zone"
          ]
        }
      ]
    },
    {
      "module": "module.rotten100",
      "mode": "managed",
      "type": "aws_route53_record",
      "name": "no-www",
      "provider": "provider.aws",
      "instances": [
        {
          "schema_version": 2,
          "attributes": {
            "alias": [],
            "allow_overwrite": null,
            "failover_routing_policy": [],
            "fqdn": "rotten100.com",
            "geolocation_routing_policy": [],
            "health_check_id": "",
            "id": "Z02863482LCWH6JGPEROG__A",
            "latency_routing_policy": [],
            "multivalue_answer_routing_policy": null,
            "name": "",
            "records": [
              "45.55.72.95"
            ],
            "set_identifier": "",
            "ttl": 86400,
            "type": "A",
            "weighted_routing_policy": [],
            "zone_id": "Z02863482LCWH6JGPEROG"
          },
          "private": "eyJzY2hlbWFfdmVyc2lvbiI6IjIifQ==",
          "dependencies": [
            "module.rotten100.aws_route53_zone.zone"
          ]
        }
      ]
    },
    {
      "module": "module.rotten100films",
      "mode": "managed",
      "type": "aws_route53_record",
      "name": "txt",
      "provider": "provider.aws",
      "instances": [
        {
          "schema_version": 2,
          "attributes": {
            "alias": [],
            "allow_overwrite": null,
            "failover_routing_policy": [],
            "fqdn": "_redirect.rottenfilms100.com",
            "geolocation_routing_policy": [],
            "health_check_id": "",
            "id": "Z02833183PITJI3LSNHZ3__redirect_TXT",
            "latency_routing_policy": [],
            "multivalue_answer_routing_policy": null,
            "name": "_redirect",
            "records": [
              "Redirects from /* to http://www.rottenfilms100.com/*"
            ],
            "set_identifier": "",
            "ttl": 86400,
            "type": "TXT",
            "weighted_routing_policy": [],
            "zone_id": "Z02833183PITJI3LSNHZ3"
          },
          "private": "eyJzY2hlbWFfdmVyc2lvbiI6IjIifQ==",
          "dependencies": [
            "module.rotten100films.aws_route53_zone.zone"
          ]
        }
      ]
    },
    {
      "module": "module.demo",
      "mode": "managed",
      "type": "aws_route53_record",
      "name": "txt",
      "provider": "provider.aws",
      "instances": [
        {
          "schema_version": 2,
          "attributes": {
            "alias": [],
            "allow_overwrite": null,
            "failover_routing_policy": [],
            "fqdn": "_redirect.demo.zoomfab.info",
            "geolocation_routing_policy": [],
            "health_check_id": "",
            "id": "Z072603319NAWXYRJP3DA__redirect_TXT",
            "latency_routing_policy": [],
            "multivalue_answer_routing_policy": null,
            "name": "_redirect",
            "records": [
              "Redirects from /* to http://demo.zoomfab.info/*"
            ],
            "set_identifier": "",
            "ttl": 86400,
            "type": "TXT",
            "weighted_routing_policy": [],
            "zone_id": "Z072603319NAWXYRJP3DA"
          },
          "private": "eyJzY2hlbWFfdmVyc2lvbiI6IjIifQ==",
          "dependencies": [
            "module.demo.aws_route53_zone.zone"
          ]
        }
      ]
    },
    {
      "module": "module.rotten100",
      "mode": "managed",
      "type": "aws_route53_record",
      "name": "txt",
      "provider": "provider.aws",
      "instances": [
        {
          "schema_version": 2,
          "attributes": {
            "alias": [],
            "allow_overwrite": null,
            "failover_routing_policy": [],
            "fqdn": "_redirect.rotten100.com",
            "geolocation_routing_policy": [],
            "health_check_id": "",
            "id": "Z02863482LCWH6JGPEROG__redirect_TXT",
            "latency_routing_policy": [],
            "multivalue_answer_routing_policy": null,
            "name": "_redirect",
            "records": [
              "Redirects from /* to http://www.rotten100.com/*"
            ],
            "set_identifier": "",
            "ttl": 86400,
            "type": "TXT",
            "weighted_routing_policy": [],
            "zone_id": "Z02863482LCWH6JGPEROG"
          },
          "private": "eyJzY2hlbWFfdmVyc2lvbiI6IjIifQ==",
          "dependencies": [
            "module.rotten100.aws_route53_zone.zone"
          ]
        }
      ]
    },
    {
      "module": "module.rotten100films",
      "mode": "managed",
      "type": "aws_route53_record",
      "name": "www",
      "provider": "provider.aws",
      "instances": [
        {
          "schema_version": 2,
          "attributes": {
            "alias": [],
            "allow_overwrite": null,
            "failover_routing_policy": [],
            "fqdn": "www.rottenfilms100.com",
            "geolocation_routing_policy": [],
            "health_check_id": "",
            "id": "Z02833183PITJI3LSNHZ3_www_CNAME",
            "latency_routing_policy": [],
            "multivalue_answer_routing_policy": null,
            "name": "www",
            "records": [
              "www.rottenfilms100.com.s3-website.eu-west-2.amazonaws.com"
            ],
            "set_identifier": "",
            "ttl": 86400,
            "type": "CNAME",
            "weighted_routing_policy": [],
            "zone_id": "Z02833183PITJI3LSNHZ3"
          },
          "private": "eyJzY2hlbWFfdmVyc2lvbiI6IjIifQ==",
          "dependencies": [
            "module.rotten100films.aws_route53_zone.zone"
          ]
        }
      ]
    },
    {
      "module": "module.demo",
      "mode": "managed",
      "type": "aws_route53_record",
      "name": "www",
      "provider": "provider.aws",
      "instances": [
        {
          "schema_version": 2,
          "attributes": {
            "alias": [],
            "allow_overwrite": null,
            "failover_routing_policy": [],
            "fqdn": "www.demo.zoomfab.info",
            "geolocation_routing_policy": [],
            "health_check_id": "",
            "id": "Z072603319NAWXYRJP3DA_www_CNAME",
            "latency_routing_policy": [],
            "multivalue_answer_routing_policy": null,
            "name": "www",
            "records": [
              "demo.zoomfab.info.s3-website.eu-west-2.amazonaws.com"
            ],
            "set_identifier": "",
            "ttl": 86400,
            "type": "CNAME",
            "weighted_routing_policy": [],
            "zone_id": "Z072603319NAWXYRJP3DA"
          },
          "private": "eyJzY2hlbWFfdmVyc2lvbiI6IjIifQ==",
          "dependencies": [
            "module.demo.aws_route53_zone.zone"
          ]
        }
      ]
    },
    {
      "module": "module.rotten100",
      "mode": "managed",
      "type": "aws_route53_record",
      "name": "www",
      "provider": "provider.aws",
      "instances": [
        {
          "schema_version": 2,
          "attributes": {
            "alias": [],
            "allow_overwrite": null,
            "failover_routing_policy": [],
            "fqdn": "www.rotten100.com",
            "geolocation_routing_policy": [],
            "health_check_id": "",
            "id": "Z02863482LCWH6JGPEROG_www_CNAME",
            "latency_routing_policy": [],
            "multivalue_answer_routing_policy": null,
            "name": "www",
            "records": [
              "www.rotten100.com.s3-website.eu-west-2.amazonaws.com"
            ],
            "set_identifier": "",
            "ttl": 86400,
            "type": "CNAME",
            "weighted_routing_policy": [],
            "zone_id": "Z02863482LCWH6JGPEROG"
          },
          "private": "eyJzY2hlbWFfdmVyc2lvbiI6IjIifQ==",
          "dependencies": [
            "module.rotten100.aws_route53_zone.zone"
          ]
        }
      ]
    },
    {
      "module": "module.rotten100films",
      "mode": "managed",
      "type": "aws_route53_zone",
      "name": "zone",
      "provider": "provider.aws",
      "instances": [
        {
          "schema_version": 0,
          "attributes": {
            "comment": "Managed by Terraform",
            "delegation_set_id": "",
            "force_destroy": false,
            "id": "Z02833183PITJI3LSNHZ3",
            "name": "rottenfilms100.com.",
            "name_servers": [
              "ns-1511.awsdns-60.org",
              "ns-1946.awsdns-51.co.uk",
              "ns-432.awsdns-54.com",
              "ns-556.awsdns-05.net"
            ],
            "tags": {},
            "vpc": [],
            "vpc_id": null,
            "vpc_region": null,
            "zone_id": "Z02833183PITJI3LSNHZ3"
          },
          "private": "bnVsbA=="
        }
      ]
    },
    {
      "module": "module.demo",
      "mode": "managed",
      "type": "aws_route53_zone",
      "name": "zone",
      "provider": "provider.aws",
      "instances": [
        {
          "schema_version": 0,
          "attributes": {
            "comment": "Managed by Terraform",
            "delegation_set_id": "",
            "force_destroy": false,
            "id": "Z072603319NAWXYRJP3DA",
            "name": "demo.zoomfab.info.",
            "name_servers": [
              "ns-1420.awsdns-49.org",
              "ns-1574.awsdns-04.co.uk",
              "ns-626.awsdns-14.net",
              "ns-83.awsdns-10.com"
            ],
            "tags": {},
            "vpc": [],
            "vpc_id": null,
            "vpc_region": null,
            "zone_id": "Z072603319NAWXYRJP3DA"
          },
          "private": "bnVsbA=="
        }
      ]
    },
    {
      "module": "module.rotten100",
      "mode": "managed",
      "type": "aws_route53_zone",
      "name": "zone",
      "provider": "provider.aws",
      "instances": [
        {
          "schema_version": 0,
          "attributes": {
            "comment": "Managed by Terraform",
            "delegation_set_id": "",
            "force_destroy": false,
            "id": "Z02863482LCWH6JGPEROG",
            "name": "rotten100.com.",
            "name_servers": [
              "ns-1270.awsdns-30.org",
              "ns-1784.awsdns-31.co.uk",
              "ns-279.awsdns-34.com",
              "ns-790.awsdns-34.net"
            ],
            "tags": {},
            "vpc": [],
            "vpc_id": null,
            "vpc_region": null,
            "zone_id": "Z02863482LCWH6JGPEROG"
          },
          "private": "bnVsbA=="
        }
      ]
    },
    {
      "module": "module.rotten100films",
      "mode": "managed",
      "type": "aws_s3_bucket",
      "name": "bucket",
      "provider": "provider.aws",
      "instances": [
        {
          "schema_version": 0,
          "attributes": {
            "acceleration_status": "",
            "acl": "public-read",
            "arn": "arn:aws:s3:::www.rottenfilms100.com",
            "bucket": "www.rottenfilms100.com",
            "bucket_domain_name": "www.rottenfilms100.com.s3.amazonaws.com",
            "bucket_prefix": null,
            "bucket_regional_domain_name": "www.rottenfilms100.com.s3.eu-west-2.amazonaws.com",
            "cors_rule": [],
            "force_destroy": false,
            "grant": [],
            "hosted_zone_id": "Z3GKZC51ZF0DB4",
            "id": "www.rottenfilms100.com",
            "lifecycle_rule": [],
            "logging": [],
            "object_lock_configuration": [],
            "policy": null,
            "region": "eu-west-2",
            "replication_configuration": [],
            "request_payer": "BucketOwner",
            "server_side_encryption_configuration": [],
            "tags": {},
            "versioning": [
              {
                "enabled": false,
                "mfa_delete": false
              }
            ],
            "website": [
              {
                "error_document": "",
                "index_document": "index.html",
                "redirect_all_requests_to": "",
                "routing_rules": ""
              }
            ],
            "website_domain": "s3-website.eu-west-2.amazonaws.com",
            "website_endpoint": "www.rottenfilms100.com.s3-website.eu-west-2.amazonaws.com"
          },
          "private": "bnVsbA=="
        }
      ]
    },
    {
      "module": "module.demo",
      "mode": "managed",
      "type": "aws_s3_bucket",
      "name": "bucket",
      "provider": "provider.aws",
      "instances": [
        {
          "schema_version": 0,
          "attributes": {
            "acceleration_status": "",
            "acl": "public-read",
            "arn": "arn:aws:s3:::demo.zoomfab.info",
            "bucket": "demo.zoomfab.info",
            "bucket_domain_name": "demo.zoomfab.info.s3.amazonaws.com",
            "bucket_prefix": null,
            "bucket_regional_domain_name": "demo.zoomfab.info.s3.eu-west-2.amazonaws.com",
            "cors_rule": [],
            "force_destroy": false,
            "grant": [],
            "hosted_zone_id": "Z3GKZC51ZF0DB4",
            "id": "demo.zoomfab.info",
            "lifecycle_rule": [],
            "logging": [],
            "object_lock_configuration": [],
            "policy": null,
            "region": "eu-west-2",
            "replication_configuration": [],
            "request_payer": "BucketOwner",
            "server_side_encryption_configuration": [],
            "tags": {},
            "versioning": [
              {
                "enabled": false,
                "mfa_delete": false
              }
            ],
            "website": [
              {
                "error_document": "",
                "index_document": "index.html",
                "redirect_all_requests_to": "",
                "routing_rules": ""
              }
            ],
            "website_domain": "s3-website.eu-west-2.amazonaws.com",
            "website_endpoint": "demo.zoomfab.info.s3-website.eu-west-2.amazonaws.com"
          },
          "private": "bnVsbA=="
        }
      ]
    },
    {
      "module": "module.rotten100",
      "mode": "managed",
      "type": "aws_s3_bucket",
      "name": "bucket",
      "provider": "provider.aws",
      "instances": [
        {
          "schema_version": 0,
          "attributes": {
            "acceleration_status": "",
            "acl": "public-read",
            "arn": "arn:aws:s3:::www.rotten100.com",
            "bucket": "www.rotten100.com",
            "bucket_domain_name": "www.rotten100.com.s3.amazonaws.com",
            "bucket_prefix": null,
            "bucket_regional_domain_name": "www.rotten100.com.s3.eu-west-2.amazonaws.com",
            "cors_rule": [],
            "force_destroy": false,
            "grant": [],
            "hosted_zone_id": "Z3GKZC51ZF0DB4",
            "id": "www.rotten100.com",
            "lifecycle_rule": [],
            "logging": [],
            "object_lock_configuration": [],
            "policy": null,
            "region": "eu-west-2",
            "replication_configuration": [],
            "request_payer": "BucketOwner",
            "server_side_encryption_configuration": [],
            "tags": {},
            "versioning": [
              {
                "enabled": false,
                "mfa_delete": false
              }
            ],
            "website": [
              {
                "error_document": "",
                "index_document": "index.html",
                "redirect_all_requests_to": "",
                "routing_rules": ""
              }
            ],
            "website_domain": "s3-website.eu-west-2.amazonaws.com",
            "website_endpoint": "www.rotten100.com.s3-website.eu-west-2.amazonaws.com"
          },
          "private": "bnVsbA=="
        }
      ]
    },
    {
      "module": "module.rotten100films",
      "mode": "managed",
      "type": "aws_s3_bucket_policy",
      "name": "bucket",
      "provider": "provider.aws",
      "instances": [
        {
          "schema_version": 0,
          "attributes": {
            "bucket": "www.rottenfilms100.com",
            "id": "www.rottenfilms100.com",
            "policy": "{\"Version\":\"2012-10-17\",\"Statement\":[{\"Sid\":\"AddPerm\",\"Effect\":\"Allow\",\"Principal\":\"*\",\"Action\":\"s3:GetObject\",\"Resource\":\"arn:aws:s3:::www.rottenfilms100.com/*\"}]}"
          },
          "private": "bnVsbA==",
          "dependencies": [
            "module.rotten100films.aws_s3_bucket.bucket"
          ]
        }
      ]
    },
    {
      "module": "module.demo",
      "mode": "managed",
      "type": "aws_s3_bucket_policy",
      "name": "bucket",
      "provider": "provider.aws",
      "instances": [
        {
          "schema_version": 0,
          "attributes": {
            "bucket": "demo.zoomfab.info",
            "id": "demo.zoomfab.info",
            "policy": "{\"Version\":\"2012-10-17\",\"Statement\":[{\"Sid\":\"AddPerm\",\"Effect\":\"Allow\",\"Principal\":\"*\",\"Action\":\"s3:GetObject\",\"Resource\":\"arn:aws:s3:::demo.zoomfab.info/*\"}]}"
          },
          "private": "bnVsbA==",
          "dependencies": [
            "module.demo.aws_s3_bucket.bucket"
          ]
        }
      ]
    },
    {
      "module": "module.rotten100",
      "mode": "managed",
      "type": "aws_s3_bucket_policy",
      "name": "bucket",
      "provider": "provider.aws",
      "instances": [
        {
          "schema_version": 0,
          "attributes": {
            "bucket": "www.rotten100.com",
            "id": "www.rotten100.com",
            "policy": "{\"Version\":\"2012-10-17\",\"Statement\":[{\"Sid\":\"AddPerm\",\"Effect\":\"Allow\",\"Principal\":\"*\",\"Action\":\"s3:GetObject\",\"Resource\":\"arn:aws:s3:::www.rotten100.com/*\"}]}"
          },
          "private": "eyJzY2hlbWFfdmVyc2lvbiI6IjAifQ==",
          "dependencies": [
            "module.rotten100.aws_s3_bucket.bucket"
          ]
        }
      ]
    }
  ]
}
