{
  "version": 4,
  "terraform_version": "0.12.24",
  "serial": 407,
  "lineage": "5929ae31-8a8c-c371-0445-10ae40304261",
  "outputs": {
    "_100rotten_com": {
      "value": {
        "domain": "100rotten.com",
        "nameservers": [
          "marjory.ns.cloudflare.com",
          "thomas.ns.cloudflare.com"
        ]
      },
      "type": [
        "object",
        {
          "domain": "string",
          "nameservers": [
            "list",
            "string"
          ]
        }
      ]
    },
    "_100rotten_net": {
      "value": {
        "domain": "100rotten.net",
        "nameservers": [
          "marjory.ns.cloudflare.com",
          "thomas.ns.cloudflare.com"
        ]
      },
      "type": [
        "object",
        {
          "domain": "string",
          "nameservers": [
            "list",
            "string"
          ]
        }
      ]
    },
    "demo": {
      "value": {
        "domain": "demo.zoomfab.info",
        "nameservers": [
          "none"
        ]
      },
      "type": [
        "object",
        {
          "domain": "string",
          "nameservers": [
            "tuple",
            [
              "string"
            ]
          ]
        }
      ]
    },
    "rotten100": {
      "value": {
        "domain": "rotten100.com",
        "nameservers": [
          "marjory.ns.cloudflare.com",
          "thomas.ns.cloudflare.com"
        ]
      },
      "type": [
        "object",
        {
          "domain": "string",
          "nameservers": [
            "list",
            "string"
          ]
        }
      ]
    },
    "rotten100_net": {
      "value": {
        "domain": "rotten100.net",
        "nameservers": [
          "marjory.ns.cloudflare.com",
          "thomas.ns.cloudflare.com"
        ]
      },
      "type": [
        "object",
        {
          "domain": "string",
          "nameservers": [
            "list",
            "string"
          ]
        }
      ]
    },
    "rotten100films": {
      "value": {
        "domain": "rotten100films.com",
        "nameservers": [
          "marjory.ns.cloudflare.com",
          "thomas.ns.cloudflare.com"
        ]
      },
      "type": [
        "object",
        {
          "domain": "string",
          "nameservers": [
            "list",
            "string"
          ]
        }
      ]
    },
    "rottenfilms100": {
      "value": {
        "domain": "rottenfilms100.com",
        "nameservers": [
          "marjory.ns.cloudflare.com",
          "thomas.ns.cloudflare.com"
        ]
      },
      "type": [
        "object",
        {
          "domain": "string",
          "nameservers": [
            "list",
            "string"
          ]
        }
      ]
    },
    "rt100films": {
      "value": {
        "domain": "rt100films.com",
        "nameservers": [
          "marjory.ns.cloudflare.com",
          "thomas.ns.cloudflare.com"
        ]
      },
      "type": [
        "object",
        {
          "domain": "string",
          "nameservers": [
            "list",
            "string"
          ]
        }
      ]
    },
    "rt100movies": {
      "value": {
        "domain": "rt100movies.com",
        "nameservers": [
          "marjory.ns.cloudflare.com",
          "thomas.ns.cloudflare.com"
        ]
      },
      "type": [
        "object",
        {
          "domain": "string",
          "nameservers": [
            "list",
            "string"
          ]
        }
      ]
    },
    "thetoptomato100": {
      "value": {
        "domain": "thetoptomato100.com",
        "nameservers": [
          "marjory.ns.cloudflare.com",
          "thomas.ns.cloudflare.com"
        ]
      },
      "type": [
        "object",
        {
          "domain": "string",
          "nameservers": [
            "list",
            "string"
          ]
        }
      ]
    },
    "tomatoes100": {
      "value": {
        "domain": "tomatoes100.com",
        "nameservers": [
          "marjory.ns.cloudflare.com",
          "thomas.ns.cloudflare.com"
        ]
      },
      "type": [
        "object",
        {
          "domain": "string",
          "nameservers": [
            "list",
            "string"
          ]
        }
      ]
    },
    "tomatoes100_net": {
      "value": {
        "domain": "tomatoes100.net",
        "nameservers": [
          "marjory.ns.cloudflare.com",
          "thomas.ns.cloudflare.com"
        ]
      },
      "type": [
        "object",
        {
          "domain": "string",
          "nameservers": [
            "list",
            "string"
          ]
        }
      ]
    },
    "toms100films": {
      "value": {
        "domain": "toms100films.com",
        "nameservers": [
          "marjory.ns.cloudflare.com",
          "thomas.ns.cloudflare.com"
        ]
      },
      "type": [
        "object",
        {
          "domain": "string",
          "nameservers": [
            "list",
            "string"
          ]
        }
      ]
    }
  },
  "resources": [
    {
      "mode": "managed",
      "type": "aws_iam_policy",
      "name": "policy",
      "provider": "provider.aws",
      "instances": [
        {
          "schema_version": 0,
          "attributes": {
            "arn": "arn:aws:iam::557195821817:policy/terraform-20200622160352342800000001",
            "description": "",
            "id": "arn:aws:iam::557195821817:policy/terraform-20200622160352342800000001",
            "name": "terraform-20200622160352342800000001",
            "name_prefix": null,
            "path": "/",
            "policy": "{\n    \"Version\": \"2012-10-17\",\n    \"Statement\": [\n        {\n            \"Effect\": \"Allow\",\n            \"Action\": [\n                \"s3:PutObject\",\n                \"s3:GetObject\"\n            ],\n            \"Resource\": [\n              \"arn:aws:s3:::demo.zoomfab.info/index.html\",\n              \"arn:aws:s3:::www.100rotten.com/index.html\",\n              \"arn:aws:s3:::www.100rotten.net/index.html\",\n              \"arn:aws:s3:::www.rotten100.com/index.html\",\n              \"arn:aws:s3:::www.rotten100.net/index.html\",\n              \"arn:aws:s3:::www.rotten100films.com/index.html\",\n              \"arn:aws:s3:::www.rt100films.com/index.html\",\n              \"arn:aws:s3:::www.rt100movies.com/index.html\",\n              \"arn:aws:s3:::www.thetoptomato100.com/index.html\",\n              \"arn:aws:s3:::www.tomatoes100.com/index.html\",\n              \"arn:aws:s3:::www.tomatoes100.net/index.html\",\n              \"arn:aws:s3:::www.toms100films.com/index.html\"\n            ]\n        }\n    ]\n}\n"
          },
          "private": "bnVsbA=="
        }
      ]
    },
    {
      "mode": "managed",
      "type": "aws_iam_role_policy_attachment",
      "name": "policy-attach",
      "provider": "provider.aws",
      "instances": [
        {
          "schema_version": 0,
          "attributes": {
            "id": "lee-test-executor-20200622160354366600000002",
            "policy_arn": "arn:aws:iam::557195821817:policy/terraform-20200622160352342800000001",
            "role": "lee-test-executor"
          },
          "private": "bnVsbA==",
          "dependencies": [
            "aws_iam_policy.policy"
          ]
        }
      ]
    },
    {
      "module": "module.rottenfilms100",
      "mode": "managed",
      "type": "aws_route53_record",
      "name": "no-www",
      "provider": "provider.aws",
      "instances": [
        {
          "schema_version": 2,
          "attributes": {
            "alias": [],
            "allow_overwrite": null,
            "failover_routing_policy": [],
            "fqdn": "rottenfilms100.com",
            "geolocation_routing_policy": [],
            "health_check_id": "",
            "id": "Z0777607JVMEKJQFGF7A__A",
            "latency_routing_policy": [],
            "multivalue_answer_routing_policy": null,
            "name": "",
            "records": [
              "45.55.72.95"
            ],
            "set_identifier": "",
            "ttl": 86400,
            "type": "A",
            "weighted_routing_policy": [],
            "zone_id": "Z0777607JVMEKJQFGF7A"
          },
          "private": "eyJzY2hlbWFfdmVyc2lvbiI6IjIifQ==",
          "dependencies": [
            "module.rottenfilms100.aws_route53_zone.zone"
          ]
        }
      ]
    },
    {
      "module": "module.tomatoes100",
      "mode": "managed",
      "type": "aws_route53_record",
      "name": "no-www",
      "provider": "provider.aws",
      "instances": [
        {
          "schema_version": 2,
          "attributes": {
            "alias": [],
            "allow_overwrite": null,
            "failover_routing_policy": [],
            "fqdn": "tomatoes100.com",
            "geolocation_routing_policy": [],
            "health_check_id": "",
            "id": "Z03387359KVZXGWVHIX9__A",
            "latency_routing_policy": [],
            "multivalue_answer_routing_policy": null,
            "name": "",
            "records": [
              "45.55.72.95"
            ],
            "set_identifier": "",
            "ttl": 86400,
            "type": "A",
            "weighted_routing_policy": [],
            "zone_id": "Z03387359KVZXGWVHIX9"
          },
          "private": "eyJzY2hlbWFfdmVyc2lvbiI6IjIifQ==",
          "dependencies": [
            "module.tomatoes100.aws_route53_zone.zone"
          ]
        }
      ]
    },
    {
      "module": "module.rt100movies",
      "mode": "managed",
      "type": "aws_route53_record",
      "name": "no-www",
      "provider": "provider.aws",
      "instances": [
        {
          "schema_version": 2,
          "attributes": {
            "alias": [],
            "allow_overwrite": null,
            "failover_routing_policy": [],
            "fqdn": "rt100movies.com",
            "geolocation_routing_policy": [],
            "health_check_id": "",
            "id": "Z034725036Q7GSKSGH8QE__A",
            "latency_routing_policy": [],
            "multivalue_answer_routing_policy": null,
            "name": "",
            "records": [
              "45.55.72.95"
            ],
            "set_identifier": "",
            "ttl": 86400,
            "type": "A",
            "weighted_routing_policy": [],
            "zone_id": "Z034725036Q7GSKSGH8QE"
          },
          "private": "eyJzY2hlbWFfdmVyc2lvbiI6IjIifQ==",
          "dependencies": [
            "module.rt100movies.aws_route53_zone.zone"
          ]
        }
      ]
    },
    {
      "module": "module.rotten100",
      "mode": "managed",
      "type": "aws_route53_record",
      "name": "no-www",
      "provider": "provider.aws",
      "instances": [
        {
          "schema_version": 2,
          "attributes": {
            "alias": [],
            "allow_overwrite": null,
            "failover_routing_policy": [],
            "fqdn": "rotten100.com",
            "geolocation_routing_policy": [],
            "health_check_id": "",
            "id": "Z02863482LCWH6JGPEROG__A",
            "latency_routing_policy": [],
            "multivalue_answer_routing_policy": null,
            "name": "",
            "records": [
              "45.55.72.95"
            ],
            "set_identifier": "",
            "ttl": 86400,
            "type": "A",
            "weighted_routing_policy": [],
            "zone_id": "Z02863482LCWH6JGPEROG"
          },
          "private": "eyJzY2hlbWFfdmVyc2lvbiI6IjIifQ==",
          "dependencies": [
            "module.rotten100.aws_route53_zone.zone"
          ]
        }
      ]
    },
    {
      "module": "module.thetoptomato100",
      "mode": "managed",
      "type": "aws_route53_record",
      "name": "no-www",
      "provider": "provider.aws",
      "instances": [
        {
          "schema_version": 2,
          "attributes": {
            "alias": [],
            "allow_overwrite": null,
            "failover_routing_policy": [],
            "fqdn": "thetoptomato100.com",
            "geolocation_routing_policy": [],
            "health_check_id": "",
            "id": "Z078262181DDMM29R8S3__A",
            "latency_routing_policy": [],
            "multivalue_answer_routing_policy": null,
            "name": "",
            "records": [
              "45.55.72.95"
            ],
            "set_identifier": "",
            "ttl": 86400,
            "type": "A",
            "weighted_routing_policy": [],
            "zone_id": "Z078262181DDMM29R8S3"
          },
          "private": "eyJzY2hlbWFfdmVyc2lvbiI6IjIifQ==",
          "dependencies": [
            "module.thetoptomato100.aws_route53_zone.zone"
          ]
        }
      ]
    },
    {
      "module": "module._100rotten_net",
      "mode": "managed",
      "type": "aws_route53_record",
      "name": "no-www",
      "provider": "provider.aws",
      "instances": [
        {
          "schema_version": 2,
          "attributes": {
            "alias": [],
            "allow_overwrite": null,
            "failover_routing_policy": [],
            "fqdn": "100rotten.net",
            "geolocation_routing_policy": [],
            "health_check_id": "",
            "id": "Z0073152Y3QCZSAB79IC__A",
            "latency_routing_policy": [],
            "multivalue_answer_routing_policy": null,
            "name": "",
            "records": [
              "45.55.72.95"
            ],
            "set_identifier": "",
            "ttl": 86400,
            "type": "A",
            "weighted_routing_policy": [],
            "zone_id": "Z0073152Y3QCZSAB79IC"
          },
          "private": "eyJzY2hlbWFfdmVyc2lvbiI6IjIifQ==",
          "dependencies": [
            "module._100rotten_net.aws_route53_zone.zone"
          ]
        }
      ]
    },
    {
      "module": "module._100rotten_com",
      "mode": "managed",
      "type": "aws_route53_record",
      "name": "no-www",
      "provider": "provider.aws",
      "instances": [
        {
          "schema_version": 2,
          "attributes": {
            "alias": [],
            "allow_overwrite": null,
            "failover_routing_policy": [],
            "fqdn": "100rotten.com",
            "geolocation_routing_policy": [],
            "health_check_id": "",
            "id": "Z0066489KCPFZYVQIRBG__A",
            "latency_routing_policy": [],
            "multivalue_answer_routing_policy": null,
            "name": "",
            "records": [
              "45.55.72.95"
            ],
            "set_identifier": "",
            "ttl": 86400,
            "type": "A",
            "weighted_routing_policy": [],
            "zone_id": "Z0066489KCPFZYVQIRBG"
          },
          "private": "eyJzY2hlbWFfdmVyc2lvbiI6IjIifQ==",
          "dependencies": [
            "module._100rotten_com.aws_route53_zone.zone"
          ]
        }
      ]
    },
    {
      "module": "module.rotten100_net",
      "mode": "managed",
      "type": "aws_route53_record",
      "name": "no-www",
      "provider": "provider.aws",
      "instances": [
        {
          "schema_version": 2,
          "attributes": {
            "alias": [],
            "allow_overwrite": null,
            "failover_routing_policy": [],
            "fqdn": "rotten100.net",
            "geolocation_routing_policy": [],
            "health_check_id": "",
            "id": "Z00827571XLNUVLA8KD3A__A",
            "latency_routing_policy": [],
            "multivalue_answer_routing_policy": null,
            "name": "",
            "records": [
              "45.55.72.95"
            ],
            "set_identifier": "",
            "ttl": 86400,
            "type": "A",
            "weighted_routing_policy": [],
            "zone_id": "Z00827571XLNUVLA8KD3A"
          },
          "private": "eyJzY2hlbWFfdmVyc2lvbiI6IjIifQ==",
          "dependencies": [
            "module.rotten100_net.aws_route53_zone.zone"
          ]
        }
      ]
    },
    {
      "module": "module.demo",
      "mode": "managed",
      "type": "aws_route53_record",
      "name": "no-www",
      "provider": "provider.aws",
      "instances": [
        {
          "schema_version": 2,
          "attributes": {
            "alias": [],
            "allow_overwrite": null,
            "failover_routing_policy": [],
            "fqdn": "demo.zoomfab.info",
            "geolocation_routing_policy": [],
            "health_check_id": "",
            "id": "Z072603319NAWXYRJP3DA__A",
            "latency_routing_policy": [],
            "multivalue_answer_routing_policy": null,
            "name": "",
            "records": [
              "45.55.72.95"
            ],
            "set_identifier": "",
            "ttl": 86400,
            "type": "A",
            "weighted_routing_policy": [],
            "zone_id": "Z072603319NAWXYRJP3DA"
          },
          "private": "eyJzY2hlbWFfdmVyc2lvbiI6IjIifQ==",
          "dependencies": [
            "module.demo.aws_route53_zone.zone"
          ]
        }
      ]
    },
    {
      "module": "module.rt100films",
      "mode": "managed",
      "type": "aws_route53_record",
      "name": "no-www",
      "provider": "provider.aws",
      "instances": [
        {
          "schema_version": 2,
          "attributes": {
            "alias": [],
            "allow_overwrite": null,
            "failover_routing_policy": [],
            "fqdn": "rt100films.com",
            "geolocation_routing_policy": [],
            "health_check_id": "",
            "id": "Z0328538V02E27PF82LB__A",
            "latency_routing_policy": [],
            "multivalue_answer_routing_policy": null,
            "name": "",
            "records": [
              "45.55.72.95"
            ],
            "set_identifier": "",
            "ttl": 86400,
            "type": "A",
            "weighted_routing_policy": [],
            "zone_id": "Z0328538V02E27PF82LB"
          },
          "private": "eyJzY2hlbWFfdmVyc2lvbiI6IjIifQ==",
          "dependencies": [
            "module.rt100films.aws_route53_zone.zone"
          ]
        }
      ]
    },
    {
      "module": "module.rotten100films",
      "mode": "managed",
      "type": "aws_route53_record",
      "name": "no-www",
      "provider": "provider.aws",
      "instances": [
        {
          "schema_version": 2,
          "attributes": {
            "alias": [],
            "allow_overwrite": null,
            "failover_routing_policy": [],
            "fqdn": "rotten100films.com",
            "geolocation_routing_policy": [],
            "health_check_id": "",
            "id": "Z07561972D6AQRPWIIZFU__A",
            "latency_routing_policy": [],
            "multivalue_answer_routing_policy": null,
            "name": "",
            "records": [
              "45.55.72.95"
            ],
            "set_identifier": "",
            "ttl": 86400,
            "type": "A",
            "weighted_routing_policy": [],
            "zone_id": "Z07561972D6AQRPWIIZFU"
          },
          "private": "eyJzY2hlbWFfdmVyc2lvbiI6IjIifQ==",
          "dependencies": [
            "module.rotten100films.aws_route53_zone.zone"
          ]
        }
      ]
    },
    {
      "module": "module.toms100films",
      "mode": "managed",
      "type": "aws_route53_record",
      "name": "no-www",
      "provider": "provider.aws",
      "instances": [
        {
          "schema_version": 2,
          "attributes": {
            "alias": [],
            "allow_overwrite": null,
            "failover_routing_policy": [],
            "fqdn": "toms100films.com",
            "geolocation_routing_policy": [],
            "health_check_id": "",
            "id": "Z034747224RRUPWJHL7TJ__A",
            "latency_routing_policy": [],
            "multivalue_answer_routing_policy": null,
            "name": "",
            "records": [
              "45.55.72.95"
            ],
            "set_identifier": "",
            "ttl": 86400,
            "type": "A",
            "weighted_routing_policy": [],
            "zone_id": "Z034747224RRUPWJHL7TJ"
          },
          "private": "eyJzY2hlbWFfdmVyc2lvbiI6IjIifQ==",
          "dependencies": [
            "module.toms100films.aws_route53_zone.zone"
          ]
        }
      ]
    },
    {
      "module": "module.tomatoes100_net",
      "mode": "managed",
      "type": "aws_route53_record",
      "name": "no-www",
      "provider": "provider.aws",
      "instances": [
        {
          "schema_version": 2,
          "attributes": {
            "alias": [],
            "allow_overwrite": null,
            "failover_routing_policy": [],
            "fqdn": "tomatoes100.net",
            "geolocation_routing_policy": [],
            "health_check_id": "",
            "id": "Z00671422LJ1SO603MXPD__A",
            "latency_routing_policy": [],
            "multivalue_answer_routing_policy": null,
            "name": "",
            "records": [
              "45.55.72.95"
            ],
            "set_identifier": "",
            "ttl": 86400,
            "type": "A",
            "weighted_routing_policy": [],
            "zone_id": "Z00671422LJ1SO603MXPD"
          },
          "private": "eyJzY2hlbWFfdmVyc2lvbiI6IjIifQ==",
          "dependencies": [
            "module.tomatoes100_net.aws_route53_zone.zone"
          ]
        }
      ]
    },
    {
      "module": "module.rottenfilms100",
      "mode": "managed",
      "type": "aws_route53_record",
      "name": "txt",
      "provider": "provider.aws",
      "instances": [
        {
          "schema_version": 2,
          "attributes": {
            "alias": [],
            "allow_overwrite": null,
            "failover_routing_policy": [],
            "fqdn": "_redirect.rottenfilms100.com",
            "geolocation_routing_policy": [],
            "health_check_id": "",
            "id": "Z0777607JVMEKJQFGF7A__redirect_TXT",
            "latency_routing_policy": [],
            "multivalue_answer_routing_policy": null,
            "name": "_redirect",
            "records": [
              "Redirects from /* to http://www.rottenfilms100.com/*"
            ],
            "set_identifier": "",
            "ttl": 86400,
            "type": "TXT",
            "weighted_routing_policy": [],
            "zone_id": "Z0777607JVMEKJQFGF7A"
          },
          "private": "eyJzY2hlbWFfdmVyc2lvbiI6IjIifQ==",
          "dependencies": [
            "module.rottenfilms100.aws_route53_zone.zone"
          ]
        }
      ]
    },
    {
      "module": "module.tomatoes100",
      "mode": "managed",
      "type": "aws_route53_record",
      "name": "txt",
      "provider": "provider.aws",
      "instances": [
        {
          "schema_version": 2,
          "attributes": {
            "alias": [],
            "allow_overwrite": null,
            "failover_routing_policy": [],
            "fqdn": "_redirect.tomatoes100.com",
            "geolocation_routing_policy": [],
            "health_check_id": "",
            "id": "Z03387359KVZXGWVHIX9__redirect_TXT",
            "latency_routing_policy": [],
            "multivalue_answer_routing_policy": null,
            "name": "_redirect",
            "records": [
              "Redirects from /* to http://www.tomatoes100.com/*"
            ],
            "set_identifier": "",
            "ttl": 86400,
            "type": "TXT",
            "weighted_routing_policy": [],
            "zone_id": "Z03387359KVZXGWVHIX9"
          },
          "private": "eyJzY2hlbWFfdmVyc2lvbiI6IjIifQ==",
          "dependencies": [
            "module.tomatoes100.aws_route53_zone.zone"
          ]
        }
      ]
    },
    {
      "module": "module.rt100movies",
      "mode": "managed",
      "type": "aws_route53_record",
      "name": "txt",
      "provider": "provider.aws",
      "instances": [
        {
          "schema_version": 2,
          "attributes": {
            "alias": [],
            "allow_overwrite": null,
            "failover_routing_policy": [],
            "fqdn": "_redirect.rt100movies.com",
            "geolocation_routing_policy": [],
            "health_check_id": "",
            "id": "Z034725036Q7GSKSGH8QE__redirect_TXT",
            "latency_routing_policy": [],
            "multivalue_answer_routing_policy": null,
            "name": "_redirect",
            "records": [
              "Redirects from /* to http://www.rt100movies.com/*"
            ],
            "set_identifier": "",
            "ttl": 86400,
            "type": "TXT",
            "weighted_routing_policy": [],
            "zone_id": "Z034725036Q7GSKSGH8QE"
          },
          "private": "eyJzY2hlbWFfdmVyc2lvbiI6IjIifQ==",
          "dependencies": [
            "module.rt100movies.aws_route53_zone.zone"
          ]
        }
      ]
    },
    {
      "module": "module.rotten100",
      "mode": "managed",
      "type": "aws_route53_record",
      "name": "txt",
      "provider": "provider.aws",
      "instances": [
        {
          "schema_version": 2,
          "attributes": {
            "alias": [],
            "allow_overwrite": null,
            "failover_routing_policy": [],
            "fqdn": "_redirect.rotten100.com",
            "geolocation_routing_policy": [],
            "health_check_id": "",
            "id": "Z02863482LCWH6JGPEROG__redirect_TXT",
            "latency_routing_policy": [],
            "multivalue_answer_routing_policy": null,
            "name": "_redirect",
            "records": [
              "Redirects from /* to http://www.rotten100.com/*"
            ],
            "set_identifier": "",
            "ttl": 86400,
            "type": "TXT",
            "weighted_routing_policy": [],
            "zone_id": "Z02863482LCWH6JGPEROG"
          },
          "private": "eyJzY2hlbWFfdmVyc2lvbiI6IjIifQ==",
          "dependencies": [
            "module.rotten100.aws_route53_zone.zone"
          ]
        }
      ]
    },
    {
      "module": "module.thetoptomato100",
      "mode": "managed",
      "type": "aws_route53_record",
      "name": "txt",
      "provider": "provider.aws",
      "instances": [
        {
          "schema_version": 2,
          "attributes": {
            "alias": [],
            "allow_overwrite": null,
            "failover_routing_policy": [],
            "fqdn": "_redirect.thetoptomato100.com",
            "geolocation_routing_policy": [],
            "health_check_id": "",
            "id": "Z078262181DDMM29R8S3__redirect_TXT",
            "latency_routing_policy": [],
            "multivalue_answer_routing_policy": null,
            "name": "_redirect",
            "records": [
              "Redirects from /* to http://www.thetoptomato100.com/*"
            ],
            "set_identifier": "",
            "ttl": 86400,
            "type": "TXT",
            "weighted_routing_policy": [],
            "zone_id": "Z078262181DDMM29R8S3"
          },
          "private": "eyJzY2hlbWFfdmVyc2lvbiI6IjIifQ==",
          "dependencies": [
            "module.thetoptomato100.aws_route53_zone.zone"
          ]
        }
      ]
    },
    {
      "module": "module._100rotten_net",
      "mode": "managed",
      "type": "aws_route53_record",
      "name": "txt",
      "provider": "provider.aws",
      "instances": [
        {
          "schema_version": 2,
          "attributes": {
            "alias": [],
            "allow_overwrite": null,
            "failover_routing_policy": [],
            "fqdn": "_redirect.100rotten.net",
            "geolocation_routing_policy": [],
            "health_check_id": "",
            "id": "Z0073152Y3QCZSAB79IC__redirect_TXT",
            "latency_routing_policy": [],
            "multivalue_answer_routing_policy": null,
            "name": "_redirect",
            "records": [
              "Redirects from /* to http://www.100rotten.net/*"
            ],
            "set_identifier": "",
            "ttl": 86400,
            "type": "TXT",
            "weighted_routing_policy": [],
            "zone_id": "Z0073152Y3QCZSAB79IC"
          },
          "private": "eyJzY2hlbWFfdmVyc2lvbiI6IjIifQ==",
          "dependencies": [
            "module._100rotten_net.aws_route53_zone.zone"
          ]
        }
      ]
    },
    {
      "module": "module._100rotten_com",
      "mode": "managed",
      "type": "aws_route53_record",
      "name": "txt",
      "provider": "provider.aws",
      "instances": [
        {
          "schema_version": 2,
          "attributes": {
            "alias": [],
            "allow_overwrite": null,
            "failover_routing_policy": [],
            "fqdn": "_redirect.100rotten.com",
            "geolocation_routing_policy": [],
            "health_check_id": "",
            "id": "Z0066489KCPFZYVQIRBG__redirect_TXT",
            "latency_routing_policy": [],
            "multivalue_answer_routing_policy": null,
            "name": "_redirect",
            "records": [
              "Redirects from /* to http://www.100rotten.com/*"
            ],
            "set_identifier": "",
            "ttl": 86400,
            "type": "TXT",
            "weighted_routing_policy": [],
            "zone_id": "Z0066489KCPFZYVQIRBG"
          },
          "private": "eyJzY2hlbWFfdmVyc2lvbiI6IjIifQ==",
          "dependencies": [
            "module._100rotten_com.aws_route53_zone.zone"
          ]
        }
      ]
    },
    {
      "module": "module.rotten100_net",
      "mode": "managed",
      "type": "aws_route53_record",
      "name": "txt",
      "provider": "provider.aws",
      "instances": [
        {
          "schema_version": 2,
          "attributes": {
            "alias": [],
            "allow_overwrite": null,
            "failover_routing_policy": [],
            "fqdn": "_redirect.rotten100.net",
            "geolocation_routing_policy": [],
            "health_check_id": "",
            "id": "Z00827571XLNUVLA8KD3A__redirect_TXT",
            "latency_routing_policy": [],
            "multivalue_answer_routing_policy": null,
            "name": "_redirect",
            "records": [
              "Redirects from /* to http://www.rotten100.net/*"
            ],
            "set_identifier": "",
            "ttl": 86400,
            "type": "TXT",
            "weighted_routing_policy": [],
            "zone_id": "Z00827571XLNUVLA8KD3A"
          },
          "private": "eyJzY2hlbWFfdmVyc2lvbiI6IjIifQ==",
          "dependencies": [
            "module.rotten100_net.aws_route53_zone.zone"
          ]
        }
      ]
    },
    {
      "module": "module.demo",
      "mode": "managed",
      "type": "aws_route53_record",
      "name": "txt",
      "provider": "provider.aws",
      "instances": [
        {
          "schema_version": 2,
          "attributes": {
            "alias": [],
            "allow_overwrite": null,
            "failover_routing_policy": [],
            "fqdn": "_redirect.demo.zoomfab.info",
            "geolocation_routing_policy": [],
            "health_check_id": "",
            "id": "Z072603319NAWXYRJP3DA__redirect_TXT",
            "latency_routing_policy": [],
            "multivalue_answer_routing_policy": null,
            "name": "_redirect",
            "records": [
              "Redirects from /* to http://demo.zoomfab.info/*"
            ],
            "set_identifier": "",
            "ttl": 86400,
            "type": "TXT",
            "weighted_routing_policy": [],
            "zone_id": "Z072603319NAWXYRJP3DA"
          },
          "private": "eyJzY2hlbWFfdmVyc2lvbiI6IjIifQ==",
          "dependencies": [
            "module.demo.aws_route53_zone.zone"
          ]
        }
      ]
    },
    {
      "module": "module.rt100films",
      "mode": "managed",
      "type": "aws_route53_record",
      "name": "txt",
      "provider": "provider.aws",
      "instances": [
        {
          "schema_version": 2,
          "attributes": {
            "alias": [],
            "allow_overwrite": null,
            "failover_routing_policy": [],
            "fqdn": "_redirect.rt100films.com",
            "geolocation_routing_policy": [],
            "health_check_id": "",
            "id": "Z0328538V02E27PF82LB__redirect_TXT",
            "latency_routing_policy": [],
            "multivalue_answer_routing_policy": null,
            "name": "_redirect",
            "records": [
              "Redirects from /* to http://www.rt100films.com/*"
            ],
            "set_identifier": "",
            "ttl": 86400,
            "type": "TXT",
            "weighted_routing_policy": [],
            "zone_id": "Z0328538V02E27PF82LB"
          },
          "private": "eyJzY2hlbWFfdmVyc2lvbiI6IjIifQ==",
          "dependencies": [
            "module.rt100films.aws_route53_zone.zone"
          ]
        }
      ]
    },
    {
      "module": "module.rotten100films",
      "mode": "managed",
      "type": "aws_route53_record",
      "name": "txt",
      "provider": "provider.aws",
      "instances": [
        {
          "schema_version": 2,
          "attributes": {
            "alias": [],
            "allow_overwrite": null,
            "failover_routing_policy": [],
            "fqdn": "_redirect.rotten100films.com",
            "geolocation_routing_policy": [],
            "health_check_id": "",
            "id": "Z07561972D6AQRPWIIZFU__redirect_TXT",
            "latency_routing_policy": [],
            "multivalue_answer_routing_policy": null,
            "name": "_redirect",
            "records": [
              "Redirects from /* to http://www.rotten100films.com/*"
            ],
            "set_identifier": "",
            "ttl": 86400,
            "type": "TXT",
            "weighted_routing_policy": [],
            "zone_id": "Z07561972D6AQRPWIIZFU"
          },
          "private": "eyJzY2hlbWFfdmVyc2lvbiI6IjIifQ==",
          "dependencies": [
            "module.rotten100films.aws_route53_zone.zone"
          ]
        }
      ]
    },
    {
      "module": "module.toms100films",
      "mode": "managed",
      "type": "aws_route53_record",
      "name": "txt",
      "provider": "provider.aws",
      "instances": [
        {
          "schema_version": 2,
          "attributes": {
            "alias": [],
            "allow_overwrite": null,
            "failover_routing_policy": [],
            "fqdn": "_redirect.toms100films.com",
            "geolocation_routing_policy": [],
            "health_check_id": "",
            "id": "Z034747224RRUPWJHL7TJ__redirect_TXT",
            "latency_routing_policy": [],
            "multivalue_answer_routing_policy": null,
            "name": "_redirect",
            "records": [
              "Redirects from /* to http://www.toms100films.com/*"
            ],
            "set_identifier": "",
            "ttl": 86400,
            "type": "TXT",
            "weighted_routing_policy": [],
            "zone_id": "Z034747224RRUPWJHL7TJ"
          },
          "private": "eyJzY2hlbWFfdmVyc2lvbiI6IjIifQ==",
          "dependencies": [
            "module.toms100films.aws_route53_zone.zone"
          ]
        }
      ]
    },
    {
      "module": "module.tomatoes100_net",
      "mode": "managed",
      "type": "aws_route53_record",
      "name": "txt",
      "provider": "provider.aws",
      "instances": [
        {
          "schema_version": 2,
          "attributes": {
            "alias": [],
            "allow_overwrite": null,
            "failover_routing_policy": [],
            "fqdn": "_redirect.tomatoes100.net",
            "geolocation_routing_policy": [],
            "health_check_id": "",
            "id": "Z00671422LJ1SO603MXPD__redirect_TXT",
            "latency_routing_policy": [],
            "multivalue_answer_routing_policy": null,
            "name": "_redirect",
            "records": [
              "Redirects from /* to http://www.tomatoes100.net/*"
            ],
            "set_identifier": "",
            "ttl": 86400,
            "type": "TXT",
            "weighted_routing_policy": [],
            "zone_id": "Z00671422LJ1SO603MXPD"
          },
          "private": "eyJzY2hlbWFfdmVyc2lvbiI6IjIifQ==",
          "dependencies": [
            "module.tomatoes100_net.aws_route53_zone.zone"
          ]
        }
      ]
    },
    {
      "module": "module.rottenfilms100",
      "mode": "managed",
      "type": "aws_route53_record",
      "name": "www",
      "provider": "provider.aws",
      "instances": [
        {
          "schema_version": 2,
          "attributes": {
            "alias": [],
            "allow_overwrite": null,
            "failover_routing_policy": [],
            "fqdn": "www.rottenfilms100.com",
            "geolocation_routing_policy": [],
            "health_check_id": "",
            "id": "Z0777607JVMEKJQFGF7A_www_CNAME",
            "latency_routing_policy": [],
            "multivalue_answer_routing_policy": null,
            "name": "www",
            "records": [
              "www.rottenfilms100.com.s3-website.eu-west-2.amazonaws.com"
            ],
            "set_identifier": "",
            "ttl": 86400,
            "type": "CNAME",
            "weighted_routing_policy": [],
            "zone_id": "Z0777607JVMEKJQFGF7A"
          },
          "private": "eyJzY2hlbWFfdmVyc2lvbiI6IjIifQ==",
          "dependencies": [
            "module.rottenfilms100.aws_route53_zone.zone"
          ]
        }
      ]
    },
    {
      "module": "module.tomatoes100",
      "mode": "managed",
      "type": "aws_route53_record",
      "name": "www",
      "provider": "provider.aws",
      "instances": [
        {
          "schema_version": 2,
          "attributes": {
            "alias": [],
            "allow_overwrite": null,
            "failover_routing_policy": [],
            "fqdn": "www.tomatoes100.com",
            "geolocation_routing_policy": [],
            "health_check_id": "",
            "id": "Z03387359KVZXGWVHIX9_www_CNAME",
            "latency_routing_policy": [],
            "multivalue_answer_routing_policy": null,
            "name": "www",
            "records": [
              "www.tomatoes100.com.s3-website.eu-west-2.amazonaws.com"
            ],
            "set_identifier": "",
            "ttl": 86400,
            "type": "CNAME",
            "weighted_routing_policy": [],
            "zone_id": "Z03387359KVZXGWVHIX9"
          },
          "private": "eyJzY2hlbWFfdmVyc2lvbiI6IjIifQ==",
          "dependencies": [
            "module.tomatoes100.aws_route53_zone.zone"
          ]
        }
      ]
    },
    {
      "module": "module.rt100movies",
      "mode": "managed",
      "type": "aws_route53_record",
      "name": "www",
      "provider": "provider.aws",
      "instances": [
        {
          "schema_version": 2,
          "attributes": {
            "alias": [],
            "allow_overwrite": null,
            "failover_routing_policy": [],
            "fqdn": "www.rt100movies.com",
            "geolocation_routing_policy": [],
            "health_check_id": "",
            "id": "Z034725036Q7GSKSGH8QE_www_CNAME",
            "latency_routing_policy": [],
            "multivalue_answer_routing_policy": null,
            "name": "www",
            "records": [
              "www.rt100movies.com.s3-website.eu-west-2.amazonaws.com"
            ],
            "set_identifier": "",
            "ttl": 86400,
            "type": "CNAME",
            "weighted_routing_policy": [],
            "zone_id": "Z034725036Q7GSKSGH8QE"
          },
          "private": "eyJzY2hlbWFfdmVyc2lvbiI6IjIifQ==",
          "dependencies": [
            "module.rt100movies.aws_route53_zone.zone"
          ]
        }
      ]
    },
    {
      "module": "module.rotten100",
      "mode": "managed",
      "type": "aws_route53_record",
      "name": "www",
      "provider": "provider.aws",
      "instances": [
        {
          "schema_version": 2,
          "attributes": {
            "alias": [],
            "allow_overwrite": null,
            "failover_routing_policy": [],
            "fqdn": "www.rotten100.com",
            "geolocation_routing_policy": [],
            "health_check_id": "",
            "id": "Z02863482LCWH6JGPEROG_www_CNAME",
            "latency_routing_policy": [],
            "multivalue_answer_routing_policy": null,
            "name": "www",
            "records": [
              "www.rotten100.com.s3-website.eu-west-2.amazonaws.com"
            ],
            "set_identifier": "",
            "ttl": 86400,
            "type": "CNAME",
            "weighted_routing_policy": [],
            "zone_id": "Z02863482LCWH6JGPEROG"
          },
          "private": "eyJzY2hlbWFfdmVyc2lvbiI6IjIifQ==",
          "dependencies": [
            "module.rotten100.aws_route53_zone.zone"
          ]
        }
      ]
    },
    {
      "module": "module.thetoptomato100",
      "mode": "managed",
      "type": "aws_route53_record",
      "name": "www",
      "provider": "provider.aws",
      "instances": [
        {
          "schema_version": 2,
          "attributes": {
            "alias": [],
            "allow_overwrite": null,
            "failover_routing_policy": [],
            "fqdn": "www.thetoptomato100.com",
            "geolocation_routing_policy": [],
            "health_check_id": "",
            "id": "Z078262181DDMM29R8S3_www_CNAME",
            "latency_routing_policy": [],
            "multivalue_answer_routing_policy": null,
            "name": "www",
            "records": [
              "www.thetoptomato100.com.s3-website.eu-west-2.amazonaws.com"
            ],
            "set_identifier": "",
            "ttl": 86400,
            "type": "CNAME",
            "weighted_routing_policy": [],
            "zone_id": "Z078262181DDMM29R8S3"
          },
          "private": "eyJzY2hlbWFfdmVyc2lvbiI6IjIifQ==",
          "dependencies": [
            "module.thetoptomato100.aws_route53_zone.zone"
          ]
        }
      ]
    },
    {
      "module": "module._100rotten_net",
      "mode": "managed",
      "type": "aws_route53_record",
      "name": "www",
      "provider": "provider.aws",
      "instances": [
        {
          "schema_version": 2,
          "attributes": {
            "alias": [],
            "allow_overwrite": null,
            "failover_routing_policy": [],
            "fqdn": "www.100rotten.net",
            "geolocation_routing_policy": [],
            "health_check_id": "",
            "id": "Z0073152Y3QCZSAB79IC_www_CNAME",
            "latency_routing_policy": [],
            "multivalue_answer_routing_policy": null,
            "name": "www",
            "records": [
              "www.100rotten.net.s3-website.eu-west-2.amazonaws.com"
            ],
            "set_identifier": "",
            "ttl": 86400,
            "type": "CNAME",
            "weighted_routing_policy": [],
            "zone_id": "Z0073152Y3QCZSAB79IC"
          },
          "private": "eyJzY2hlbWFfdmVyc2lvbiI6IjIifQ==",
          "dependencies": [
            "module._100rotten_net.aws_route53_zone.zone"
          ]
        }
      ]
    },
    {
      "module": "module._100rotten_com",
      "mode": "managed",
      "type": "aws_route53_record",
      "name": "www",
      "provider": "provider.aws",
      "instances": [
        {
          "schema_version": 2,
          "attributes": {
            "alias": [],
            "allow_overwrite": null,
            "failover_routing_policy": [],
            "fqdn": "www.100rotten.com",
            "geolocation_routing_policy": [],
            "health_check_id": "",
            "id": "Z0066489KCPFZYVQIRBG_www_CNAME",
            "latency_routing_policy": [],
            "multivalue_answer_routing_policy": null,
            "name": "www",
            "records": [
              "www.100rotten.com.s3-website.eu-west-2.amazonaws.com"
            ],
            "set_identifier": "",
            "ttl": 86400,
            "type": "CNAME",
            "weighted_routing_policy": [],
            "zone_id": "Z0066489KCPFZYVQIRBG"
          },
          "private": "eyJzY2hlbWFfdmVyc2lvbiI6IjIifQ==",
          "dependencies": [
            "module._100rotten_com.aws_route53_zone.zone"
          ]
        }
      ]
    },
    {
      "module": "module.rotten100_net",
      "mode": "managed",
      "type": "aws_route53_record",
      "name": "www",
      "provider": "provider.aws",
      "instances": [
        {
          "schema_version": 2,
          "attributes": {
            "alias": [],
            "allow_overwrite": null,
            "failover_routing_policy": [],
            "fqdn": "www.rotten100.net",
            "geolocation_routing_policy": [],
            "health_check_id": "",
            "id": "Z00827571XLNUVLA8KD3A_www_CNAME",
            "latency_routing_policy": [],
            "multivalue_answer_routing_policy": null,
            "name": "www",
            "records": [
              "www.rotten100.net.s3-website.eu-west-2.amazonaws.com"
            ],
            "set_identifier": "",
            "ttl": 86400,
            "type": "CNAME",
            "weighted_routing_policy": [],
            "zone_id": "Z00827571XLNUVLA8KD3A"
          },
          "private": "eyJzY2hlbWFfdmVyc2lvbiI6IjIifQ==",
          "dependencies": [
            "module.rotten100_net.aws_route53_zone.zone"
          ]
        }
      ]
    },
    {
      "module": "module.demo",
      "mode": "managed",
      "type": "aws_route53_record",
      "name": "www",
      "provider": "provider.aws",
      "instances": [
        {
          "schema_version": 2,
          "attributes": {
            "alias": [],
            "allow_overwrite": null,
            "failover_routing_policy": [],
            "fqdn": "www.demo.zoomfab.info",
            "geolocation_routing_policy": [],
            "health_check_id": "",
            "id": "Z072603319NAWXYRJP3DA_www_CNAME",
            "latency_routing_policy": [],
            "multivalue_answer_routing_policy": null,
            "name": "www",
            "records": [
              "demo.zoomfab.info.s3-website.eu-west-2.amazonaws.com"
            ],
            "set_identifier": "",
            "ttl": 86400,
            "type": "CNAME",
            "weighted_routing_policy": [],
            "zone_id": "Z072603319NAWXYRJP3DA"
          },
          "private": "eyJzY2hlbWFfdmVyc2lvbiI6IjIifQ==",
          "dependencies": [
            "module.demo.aws_route53_zone.zone"
          ]
        }
      ]
    },
    {
      "module": "module.rt100films",
      "mode": "managed",
      "type": "aws_route53_record",
      "name": "www",
      "provider": "provider.aws",
      "instances": [
        {
          "schema_version": 2,
          "attributes": {
            "alias": [],
            "allow_overwrite": null,
            "failover_routing_policy": [],
            "fqdn": "www.rt100films.com",
            "geolocation_routing_policy": [],
            "health_check_id": "",
            "id": "Z0328538V02E27PF82LB_www_CNAME",
            "latency_routing_policy": [],
            "multivalue_answer_routing_policy": null,
            "name": "www",
            "records": [
              "www.rt100films.com.s3-website.eu-west-2.amazonaws.com"
            ],
            "set_identifier": "",
            "ttl": 86400,
            "type": "CNAME",
            "weighted_routing_policy": [],
            "zone_id": "Z0328538V02E27PF82LB"
          },
          "private": "eyJzY2hlbWFfdmVyc2lvbiI6IjIifQ==",
          "dependencies": [
            "module.rt100films.aws_route53_zone.zone"
          ]
        }
      ]
    },
    {
      "module": "module.rotten100films",
      "mode": "managed",
      "type": "aws_route53_record",
      "name": "www",
      "provider": "provider.aws",
      "instances": [
        {
          "schema_version": 2,
          "attributes": {
            "alias": [],
            "allow_overwrite": null,
            "failover_routing_policy": [],
            "fqdn": "www.rotten100films.com",
            "geolocation_routing_policy": [],
            "health_check_id": "",
            "id": "Z07561972D6AQRPWIIZFU_www_CNAME",
            "latency_routing_policy": [],
            "multivalue_answer_routing_policy": null,
            "name": "www",
            "records": [
              "www.rotten100films.com.s3-website.eu-west-2.amazonaws.com"
            ],
            "set_identifier": "",
            "ttl": 86400,
            "type": "CNAME",
            "weighted_routing_policy": [],
            "zone_id": "Z07561972D6AQRPWIIZFU"
          },
          "private": "eyJzY2hlbWFfdmVyc2lvbiI6IjIifQ==",
          "dependencies": [
            "module.rotten100films.aws_route53_zone.zone"
          ]
        }
      ]
    },
    {
      "module": "module.toms100films",
      "mode": "managed",
      "type": "aws_route53_record",
      "name": "www",
      "provider": "provider.aws",
      "instances": [
        {
          "schema_version": 2,
          "attributes": {
            "alias": [],
            "allow_overwrite": null,
            "failover_routing_policy": [],
            "fqdn": "www.toms100films.com",
            "geolocation_routing_policy": [],
            "health_check_id": "",
            "id": "Z034747224RRUPWJHL7TJ_www_CNAME",
            "latency_routing_policy": [],
            "multivalue_answer_routing_policy": null,
            "name": "www",
            "records": [
              "www.toms100films.com.s3-website.eu-west-2.amazonaws.com"
            ],
            "set_identifier": "",
            "ttl": 86400,
            "type": "CNAME",
            "weighted_routing_policy": [],
            "zone_id": "Z034747224RRUPWJHL7TJ"
          },
          "private": "eyJzY2hlbWFfdmVyc2lvbiI6IjIifQ==",
          "dependencies": [
            "module.toms100films.aws_route53_zone.zone"
          ]
        }
      ]
    },
    {
      "module": "module.tomatoes100_net",
      "mode": "managed",
      "type": "aws_route53_record",
      "name": "www",
      "provider": "provider.aws",
      "instances": [
        {
          "schema_version": 2,
          "attributes": {
            "alias": [],
            "allow_overwrite": null,
            "failover_routing_policy": [],
            "fqdn": "www.tomatoes100.net",
            "geolocation_routing_policy": [],
            "health_check_id": "",
            "id": "Z00671422LJ1SO603MXPD_www_CNAME",
            "latency_routing_policy": [],
            "multivalue_answer_routing_policy": null,
            "name": "www",
            "records": [
              "www.tomatoes100.net.s3-website.eu-west-2.amazonaws.com"
            ],
            "set_identifier": "",
            "ttl": 86400,
            "type": "CNAME",
            "weighted_routing_policy": [],
            "zone_id": "Z00671422LJ1SO603MXPD"
          },
          "private": "eyJzY2hlbWFfdmVyc2lvbiI6IjIifQ==",
          "dependencies": [
            "module.tomatoes100_net.aws_route53_zone.zone"
          ]
        }
      ]
    },
    {
      "module": "module.rottenfilms100",
      "mode": "managed",
      "type": "aws_route53_zone",
      "name": "zone",
      "provider": "provider.aws",
      "instances": [
        {
          "schema_version": 0,
          "attributes": {
            "comment": "Managed by Terraform",
            "delegation_set_id": "",
            "force_destroy": false,
            "id": "Z0777607JVMEKJQFGF7A",
            "name": "rottenfilms100.com.",
            "name_servers": [
              "ns-1089.awsdns-08.org",
              "ns-1890.awsdns-44.co.uk",
              "ns-754.awsdns-30.net",
              "ns-92.awsdns-11.com"
            ],
            "tags": {
              "customer": "magictable",
              "site": "www.rottenfilms100.com"
            },
            "vpc": [],
            "vpc_id": null,
            "vpc_region": null,
            "zone_id": "Z0777607JVMEKJQFGF7A"
          },
          "private": "bnVsbA=="
        }
      ]
    },
    {
      "module": "module.tomatoes100",
      "mode": "managed",
      "type": "aws_route53_zone",
      "name": "zone",
      "provider": "provider.aws",
      "instances": [
        {
          "schema_version": 0,
          "attributes": {
            "comment": "Managed by Terraform",
            "delegation_set_id": "",
            "force_destroy": false,
            "id": "Z03387359KVZXGWVHIX9",
            "name": "tomatoes100.com.",
            "name_servers": [
              "ns-1399.awsdns-46.org",
              "ns-1946.awsdns-51.co.uk",
              "ns-283.awsdns-35.com",
              "ns-817.awsdns-38.net"
            ],
            "tags": {
              "customer": "magictable",
              "site": "www.tomatoes100.com"
            },
            "vpc": [],
            "vpc_id": null,
            "vpc_region": null,
            "zone_id": "Z03387359KVZXGWVHIX9"
          },
          "private": "bnVsbA=="
        }
      ]
    },
    {
      "module": "module.rt100movies",
      "mode": "managed",
      "type": "aws_route53_zone",
      "name": "zone",
      "provider": "provider.aws",
      "instances": [
        {
          "schema_version": 0,
          "attributes": {
            "comment": "Managed by Terraform",
            "delegation_set_id": "",
            "force_destroy": false,
            "id": "Z034725036Q7GSKSGH8QE",
            "name": "rt100movies.com.",
            "name_servers": [
              "ns-1416.awsdns-49.org",
              "ns-167.awsdns-20.com",
              "ns-1854.awsdns-39.co.uk",
              "ns-824.awsdns-39.net"
            ],
            "tags": {
              "customer": "magictable",
              "site": "www.rt100movies.com"
            },
            "vpc": [],
            "vpc_id": null,
            "vpc_region": null,
            "zone_id": "Z034725036Q7GSKSGH8QE"
          },
          "private": "bnVsbA=="
        }
      ]
    },
    {
      "module": "module.rotten100",
      "mode": "managed",
      "type": "aws_route53_zone",
      "name": "zone",
      "provider": "provider.aws",
      "instances": [
        {
          "schema_version": 0,
          "attributes": {
            "comment": "Managed by Terraform",
            "delegation_set_id": "",
            "force_destroy": false,
            "id": "Z02863482LCWH6JGPEROG",
            "name": "rotten100.com.",
            "name_servers": [
              "ns-1270.awsdns-30.org",
              "ns-1784.awsdns-31.co.uk",
              "ns-279.awsdns-34.com",
              "ns-790.awsdns-34.net"
            ],
            "tags": {
              "customer": "magictable",
              "site": "www.rotten100.com"
            },
            "vpc": [],
            "vpc_id": null,
            "vpc_region": null,
            "zone_id": "Z02863482LCWH6JGPEROG"
          },
          "private": "bnVsbA=="
        }
      ]
    },
    {
      "module": "module.thetoptomato100",
      "mode": "managed",
      "type": "aws_route53_zone",
      "name": "zone",
      "provider": "provider.aws",
      "instances": [
        {
          "schema_version": 0,
          "attributes": {
            "comment": "Managed by Terraform",
            "delegation_set_id": "",
            "force_destroy": false,
            "id": "Z078262181DDMM29R8S3",
            "name": "thetoptomato100.com.",
            "name_servers": [
              "ns-1467.awsdns-55.org",
              "ns-1769.awsdns-29.co.uk",
              "ns-483.awsdns-60.com",
              "ns-882.awsdns-46.net"
            ],
            "tags": {
              "customer": "magictable",
              "site": "www.thetoptomato100.com"
            },
            "vpc": [],
            "vpc_id": null,
            "vpc_region": null,
            "zone_id": "Z078262181DDMM29R8S3"
          },
          "private": "bnVsbA=="
        }
      ]
    },
    {
      "module": "module._100rotten_net",
      "mode": "managed",
      "type": "aws_route53_zone",
      "name": "zone",
      "provider": "provider.aws",
      "instances": [
        {
          "schema_version": 0,
          "attributes": {
            "comment": "Managed by Terraform",
            "delegation_set_id": "",
            "force_destroy": false,
            "id": "Z0073152Y3QCZSAB79IC",
            "name": "100rotten.net.",
            "name_servers": [
              "ns-1426.awsdns-50.org",
              "ns-169.awsdns-21.com",
              "ns-1703.awsdns-20.co.uk",
              "ns-663.awsdns-18.net"
            ],
            "tags": {
              "customer": "magictable",
              "site": "www.100rotten.net"
            },
            "vpc": [],
            "vpc_id": null,
            "vpc_region": null,
            "zone_id": "Z0073152Y3QCZSAB79IC"
          },
          "private": "bnVsbA=="
        }
      ]
    },
    {
      "module": "module._100rotten_com",
      "mode": "managed",
      "type": "aws_route53_zone",
      "name": "zone",
      "provider": "provider.aws",
      "instances": [
        {
          "schema_version": 0,
          "attributes": {
            "comment": "Managed by Terraform",
            "delegation_set_id": "",
            "force_destroy": false,
            "id": "Z0066489KCPFZYVQIRBG",
            "name": "100rotten.com.",
            "name_servers": [
              "ns-1356.awsdns-41.org",
              "ns-1812.awsdns-34.co.uk",
              "ns-368.awsdns-46.com",
              "ns-641.awsdns-16.net"
            ],
            "tags": {
              "customer": "magictable",
              "site": "www.100rotten.com"
            },
            "vpc": [],
            "vpc_id": null,
            "vpc_region": null,
            "zone_id": "Z0066489KCPFZYVQIRBG"
          },
          "private": "bnVsbA=="
        }
      ]
    },
    {
      "module": "module.rotten100_net",
      "mode": "managed",
      "type": "aws_route53_zone",
      "name": "zone",
      "provider": "provider.aws",
      "instances": [
        {
          "schema_version": 0,
          "attributes": {
            "comment": "Managed by Terraform",
            "delegation_set_id": "",
            "force_destroy": false,
            "id": "Z00827571XLNUVLA8KD3A",
            "name": "rotten100.net.",
            "name_servers": [
              "ns-1179.awsdns-19.org",
              "ns-1918.awsdns-47.co.uk",
              "ns-52.awsdns-06.com",
              "ns-732.awsdns-27.net"
            ],
            "tags": {
              "customer": "magictable",
              "site": "www.rotten100.net"
            },
            "vpc": [],
            "vpc_id": null,
            "vpc_region": null,
            "zone_id": "Z00827571XLNUVLA8KD3A"
          },
          "private": "bnVsbA=="
        }
      ]
    },
    {
      "module": "module.demo",
      "mode": "managed",
      "type": "aws_route53_zone",
      "name": "zone",
      "provider": "provider.aws",
      "instances": [
        {
          "schema_version": 0,
          "attributes": {
            "comment": "Managed by Terraform",
            "delegation_set_id": "",
            "force_destroy": false,
            "id": "Z072603319NAWXYRJP3DA",
            "name": "demo.zoomfab.info.",
            "name_servers": [
              "ns-1420.awsdns-49.org",
              "ns-1574.awsdns-04.co.uk",
              "ns-626.awsdns-14.net",
              "ns-83.awsdns-10.com"
            ],
            "tags": {
              "customer": "magictable",
              "site": "demo.zoomfab.info"
            },
            "vpc": [],
            "vpc_id": null,
            "vpc_region": null,
            "zone_id": "Z072603319NAWXYRJP3DA"
          },
          "private": "bnVsbA=="
        }
      ]
    },
    {
      "module": "module.rt100films",
      "mode": "managed",
      "type": "aws_route53_zone",
      "name": "zone",
      "provider": "provider.aws",
      "instances": [
        {
          "schema_version": 0,
          "attributes": {
            "comment": "Managed by Terraform",
            "delegation_set_id": "",
            "force_destroy": false,
            "id": "Z0328538V02E27PF82LB",
            "name": "rt100films.com.",
            "name_servers": [
              "ns-1435.awsdns-51.org",
              "ns-1805.awsdns-33.co.uk",
              "ns-211.awsdns-26.com",
              "ns-712.awsdns-25.net"
            ],
            "tags": {
              "customer": "magictable",
              "site": "www.rt100films.com"
            },
            "vpc": [],
            "vpc_id": null,
            "vpc_region": null,
            "zone_id": "Z0328538V02E27PF82LB"
          },
          "private": "bnVsbA=="
        }
      ]
    },
    {
      "module": "module.rotten100films",
      "mode": "managed",
      "type": "aws_route53_zone",
      "name": "zone",
      "provider": "provider.aws",
      "instances": [
        {
          "schema_version": 0,
          "attributes": {
            "comment": "Managed by Terraform",
            "delegation_set_id": "",
            "force_destroy": false,
            "id": "Z07561972D6AQRPWIIZFU",
            "name": "rotten100films.com.",
            "name_servers": [
              "ns-1049.awsdns-03.org",
              "ns-1630.awsdns-11.co.uk",
              "ns-404.awsdns-50.com",
              "ns-732.awsdns-27.net"
            ],
            "tags": {
              "customer": "magictable",
              "site": "www.rotten100films.com"
            },
            "vpc": [],
            "vpc_id": null,
            "vpc_region": null,
            "zone_id": "Z07561972D6AQRPWIIZFU"
          },
          "private": "bnVsbA=="
        }
      ]
    },
    {
      "module": "module.toms100films",
      "mode": "managed",
      "type": "aws_route53_zone",
      "name": "zone",
      "provider": "provider.aws",
      "instances": [
        {
          "schema_version": 0,
          "attributes": {
            "comment": "Managed by Terraform",
            "delegation_set_id": "",
            "force_destroy": false,
            "id": "Z034747224RRUPWJHL7TJ",
            "name": "toms100films.com.",
            "name_servers": [
              "ns-1311.awsdns-35.org",
              "ns-1827.awsdns-36.co.uk",
              "ns-281.awsdns-35.com",
              "ns-788.awsdns-34.net"
            ],
            "tags": {
              "customer": "magictable",
              "site": "www.toms100films.com"
            },
            "vpc": [],
            "vpc_id": null,
            "vpc_region": null,
            "zone_id": "Z034747224RRUPWJHL7TJ"
          },
          "private": "bnVsbA=="
        }
      ]
    },
    {
      "module": "module.tomatoes100_net",
      "mode": "managed",
      "type": "aws_route53_zone",
      "name": "zone",
      "provider": "provider.aws",
      "instances": [
        {
          "schema_version": 0,
          "attributes": {
            "comment": "Managed by Terraform",
            "delegation_set_id": "",
            "force_destroy": false,
            "id": "Z00671422LJ1SO603MXPD",
            "name": "tomatoes100.net.",
            "name_servers": [
              "ns-1432.awsdns-51.org",
              "ns-1983.awsdns-55.co.uk",
              "ns-492.awsdns-61.com",
              "ns-612.awsdns-12.net"
            ],
            "tags": {
              "customer": "magictable",
              "site": "www.tomatoes100.net"
            },
            "vpc": [],
            "vpc_id": null,
            "vpc_region": null,
            "zone_id": "Z00671422LJ1SO603MXPD"
          },
          "private": "bnVsbA=="
        }
      ]
    },
    {
      "module": "module.rottenfilms100",
      "mode": "managed",
      "type": "aws_s3_bucket",
      "name": "bucket",
      "provider": "provider.aws",
      "instances": [
        {
          "schema_version": 0,
          "attributes": {
            "acceleration_status": "",
            "acl": "public-read",
            "arn": "arn:aws:s3:::www.rottenfilms100.com",
            "bucket": "www.rottenfilms100.com",
            "bucket_domain_name": "www.rottenfilms100.com.s3.amazonaws.com",
            "bucket_prefix": null,
            "bucket_regional_domain_name": "www.rottenfilms100.com.s3.eu-west-2.amazonaws.com",
            "cors_rule": [],
            "force_destroy": false,
            "grant": [],
            "hosted_zone_id": "Z3GKZC51ZF0DB4",
            "id": "www.rottenfilms100.com",
            "lifecycle_rule": [],
            "logging": [],
            "object_lock_configuration": [],
            "policy": null,
            "region": "eu-west-2",
            "replication_configuration": [],
            "request_payer": "BucketOwner",
            "server_side_encryption_configuration": [],
            "tags": {
              "customer": "magictable",
              "site": "www.rottenfilms100.com"
            },
            "versioning": [
              {
                "enabled": false,
                "mfa_delete": false
              }
            ],
            "website": [
              {
                "error_document": "",
                "index_document": "index.html",
                "redirect_all_requests_to": "",
                "routing_rules": ""
              }
            ],
            "website_domain": "s3-website.eu-west-2.amazonaws.com",
            "website_endpoint": "www.rottenfilms100.com.s3-website.eu-west-2.amazonaws.com"
          },
          "private": "bnVsbA=="
        }
      ]
    },
    {
      "module": "module.tomatoes100",
      "mode": "managed",
      "type": "aws_s3_bucket",
      "name": "bucket",
      "provider": "provider.aws",
      "instances": [
        {
          "schema_version": 0,
          "attributes": {
            "acceleration_status": "",
            "acl": "public-read",
            "arn": "arn:aws:s3:::www.tomatoes100.com",
            "bucket": "www.tomatoes100.com",
            "bucket_domain_name": "www.tomatoes100.com.s3.amazonaws.com",
            "bucket_prefix": null,
            "bucket_regional_domain_name": "www.tomatoes100.com.s3.eu-west-2.amazonaws.com",
            "cors_rule": [],
            "force_destroy": false,
            "grant": [],
            "hosted_zone_id": "Z3GKZC51ZF0DB4",
            "id": "www.tomatoes100.com",
            "lifecycle_rule": [],
            "logging": [],
            "object_lock_configuration": [],
            "policy": null,
            "region": "eu-west-2",
            "replication_configuration": [],
            "request_payer": "BucketOwner",
            "server_side_encryption_configuration": [],
            "tags": {
              "customer": "magictable",
              "site": "www.tomatoes100.com"
            },
            "versioning": [
              {
                "enabled": false,
                "mfa_delete": false
              }
            ],
            "website": [
              {
                "error_document": "",
                "index_document": "index.html",
                "redirect_all_requests_to": "",
                "routing_rules": ""
              }
            ],
            "website_domain": "s3-website.eu-west-2.amazonaws.com",
            "website_endpoint": "www.tomatoes100.com.s3-website.eu-west-2.amazonaws.com"
          },
          "private": "bnVsbA=="
        }
      ]
    },
    {
      "module": "module.rt100movies",
      "mode": "managed",
      "type": "aws_s3_bucket",
      "name": "bucket",
      "provider": "provider.aws",
      "instances": [
        {
          "schema_version": 0,
          "attributes": {
            "acceleration_status": "",
            "acl": "public-read",
            "arn": "arn:aws:s3:::www.rt100movies.com",
            "bucket": "www.rt100movies.com",
            "bucket_domain_name": "www.rt100movies.com.s3.amazonaws.com",
            "bucket_prefix": null,
            "bucket_regional_domain_name": "www.rt100movies.com.s3.eu-west-2.amazonaws.com",
            "cors_rule": [],
            "force_destroy": false,
            "grant": [],
            "hosted_zone_id": "Z3GKZC51ZF0DB4",
            "id": "www.rt100movies.com",
            "lifecycle_rule": [],
            "logging": [],
            "object_lock_configuration": [],
            "policy": null,
            "region": "eu-west-2",
            "replication_configuration": [],
            "request_payer": "BucketOwner",
            "server_side_encryption_configuration": [],
            "tags": {
              "customer": "magictable",
              "site": "www.rt100movies.com"
            },
            "versioning": [
              {
                "enabled": false,
                "mfa_delete": false
              }
            ],
            "website": [
              {
                "error_document": "",
                "index_document": "index.html",
                "redirect_all_requests_to": "",
                "routing_rules": ""
              }
            ],
            "website_domain": "s3-website.eu-west-2.amazonaws.com",
            "website_endpoint": "www.rt100movies.com.s3-website.eu-west-2.amazonaws.com"
          },
          "private": "bnVsbA=="
        }
      ]
    },
    {
      "module": "module.rotten100",
      "mode": "managed",
      "type": "aws_s3_bucket",
      "name": "bucket",
      "provider": "provider.aws",
      "instances": [
        {
          "schema_version": 0,
          "attributes": {
            "acceleration_status": "",
            "acl": "public-read",
            "arn": "arn:aws:s3:::www.rotten100.com",
            "bucket": "www.rotten100.com",
            "bucket_domain_name": "www.rotten100.com.s3.amazonaws.com",
            "bucket_prefix": null,
            "bucket_regional_domain_name": "www.rotten100.com.s3.eu-west-2.amazonaws.com",
            "cors_rule": [],
            "force_destroy": false,
            "grant": [],
            "hosted_zone_id": "Z3GKZC51ZF0DB4",
            "id": "www.rotten100.com",
            "lifecycle_rule": [],
            "logging": [],
            "object_lock_configuration": [],
            "policy": null,
            "region": "eu-west-2",
            "replication_configuration": [],
            "request_payer": "BucketOwner",
            "server_side_encryption_configuration": [],
            "tags": {
              "customer": "magictable",
              "site": "www.rotten100.com"
            },
            "versioning": [
              {
                "enabled": false,
                "mfa_delete": false
              }
            ],
            "website": [
              {
                "error_document": "",
                "index_document": "index.html",
                "redirect_all_requests_to": "",
                "routing_rules": ""
              }
            ],
            "website_domain": "s3-website.eu-west-2.amazonaws.com",
            "website_endpoint": "www.rotten100.com.s3-website.eu-west-2.amazonaws.com"
          },
          "private": "bnVsbA=="
        }
      ]
    },
    {
      "module": "module.thetoptomato100",
      "mode": "managed",
      "type": "aws_s3_bucket",
      "name": "bucket",
      "provider": "provider.aws",
      "instances": [
        {
          "schema_version": 0,
          "attributes": {
            "acceleration_status": "",
            "acl": "public-read",
            "arn": "arn:aws:s3:::www.thetoptomato100.com",
            "bucket": "www.thetoptomato100.com",
            "bucket_domain_name": "www.thetoptomato100.com.s3.amazonaws.com",
            "bucket_prefix": null,
            "bucket_regional_domain_name": "www.thetoptomato100.com.s3.eu-west-2.amazonaws.com",
            "cors_rule": [],
            "force_destroy": false,
            "grant": [],
            "hosted_zone_id": "Z3GKZC51ZF0DB4",
            "id": "www.thetoptomato100.com",
            "lifecycle_rule": [],
            "logging": [],
            "object_lock_configuration": [],
            "policy": null,
            "region": "eu-west-2",
            "replication_configuration": [],
            "request_payer": "BucketOwner",
            "server_side_encryption_configuration": [],
            "tags": {
              "customer": "magictable",
              "site": "www.thetoptomato100.com"
            },
            "versioning": [
              {
                "enabled": false,
                "mfa_delete": false
              }
            ],
            "website": [
              {
                "error_document": "",
                "index_document": "index.html",
                "redirect_all_requests_to": "",
                "routing_rules": ""
              }
            ],
            "website_domain": "s3-website.eu-west-2.amazonaws.com",
            "website_endpoint": "www.thetoptomato100.com.s3-website.eu-west-2.amazonaws.com"
          },
          "private": "bnVsbA=="
        }
      ]
    },
    {
      "module": "module._100rotten_net",
      "mode": "managed",
      "type": "aws_s3_bucket",
      "name": "bucket",
      "provider": "provider.aws",
      "instances": [
        {
          "schema_version": 0,
          "attributes": {
            "acceleration_status": "",
            "acl": "public-read",
            "arn": "arn:aws:s3:::www.100rotten.net",
            "bucket": "www.100rotten.net",
            "bucket_domain_name": "www.100rotten.net.s3.amazonaws.com",
            "bucket_prefix": null,
            "bucket_regional_domain_name": "www.100rotten.net.s3.eu-west-2.amazonaws.com",
            "cors_rule": [],
            "force_destroy": false,
            "grant": [],
            "hosted_zone_id": "Z3GKZC51ZF0DB4",
            "id": "www.100rotten.net",
            "lifecycle_rule": [],
            "logging": [],
            "object_lock_configuration": [],
            "policy": null,
            "region": "eu-west-2",
            "replication_configuration": [],
            "request_payer": "BucketOwner",
            "server_side_encryption_configuration": [],
            "tags": {
              "customer": "magictable",
              "site": "www.100rotten.net"
            },
            "versioning": [
              {
                "enabled": false,
                "mfa_delete": false
              }
            ],
            "website": [
              {
                "error_document": "",
                "index_document": "index.html",
                "redirect_all_requests_to": "",
                "routing_rules": ""
              }
            ],
            "website_domain": "s3-website.eu-west-2.amazonaws.com",
            "website_endpoint": "www.100rotten.net.s3-website.eu-west-2.amazonaws.com"
          },
          "private": "bnVsbA=="
        }
      ]
    },
    {
      "module": "module._100rotten_com",
      "mode": "managed",
      "type": "aws_s3_bucket",
      "name": "bucket",
      "provider": "provider.aws",
      "instances": [
        {
          "schema_version": 0,
          "attributes": {
            "acceleration_status": "",
            "acl": "public-read",
            "arn": "arn:aws:s3:::www.100rotten.com",
            "bucket": "www.100rotten.com",
            "bucket_domain_name": "www.100rotten.com.s3.amazonaws.com",
            "bucket_prefix": null,
            "bucket_regional_domain_name": "www.100rotten.com.s3.eu-west-2.amazonaws.com",
            "cors_rule": [],
            "force_destroy": false,
            "grant": [],
            "hosted_zone_id": "Z3GKZC51ZF0DB4",
            "id": "www.100rotten.com",
            "lifecycle_rule": [],
            "logging": [],
            "object_lock_configuration": [],
            "policy": null,
            "region": "eu-west-2",
            "replication_configuration": [],
            "request_payer": "BucketOwner",
            "server_side_encryption_configuration": [],
            "tags": {
              "customer": "magictable",
              "site": "www.100rotten.com"
            },
            "versioning": [
              {
                "enabled": false,
                "mfa_delete": false
              }
            ],
            "website": [
              {
                "error_document": "",
                "index_document": "index.html",
                "redirect_all_requests_to": "",
                "routing_rules": ""
              }
            ],
            "website_domain": "s3-website.eu-west-2.amazonaws.com",
            "website_endpoint": "www.100rotten.com.s3-website.eu-west-2.amazonaws.com"
          },
          "private": "bnVsbA=="
        }
      ]
    },
    {
      "module": "module.rotten100_net",
      "mode": "managed",
      "type": "aws_s3_bucket",
      "name": "bucket",
      "provider": "provider.aws",
      "instances": [
        {
          "schema_version": 0,
          "attributes": {
            "acceleration_status": "",
            "acl": "public-read",
            "arn": "arn:aws:s3:::www.rotten100.net",
            "bucket": "www.rotten100.net",
            "bucket_domain_name": "www.rotten100.net.s3.amazonaws.com",
            "bucket_prefix": null,
            "bucket_regional_domain_name": "www.rotten100.net.s3.eu-west-2.amazonaws.com",
            "cors_rule": [],
            "force_destroy": false,
            "grant": [],
            "hosted_zone_id": "Z3GKZC51ZF0DB4",
            "id": "www.rotten100.net",
            "lifecycle_rule": [],
            "logging": [],
            "object_lock_configuration": [],
            "policy": null,
            "region": "eu-west-2",
            "replication_configuration": [],
            "request_payer": "BucketOwner",
            "server_side_encryption_configuration": [],
            "tags": {
              "customer": "magictable",
              "site": "www.rotten100.net"
            },
            "versioning": [
              {
                "enabled": false,
                "mfa_delete": false
              }
            ],
            "website": [
              {
                "error_document": "",
                "index_document": "index.html",
                "redirect_all_requests_to": "",
                "routing_rules": ""
              }
            ],
            "website_domain": "s3-website.eu-west-2.amazonaws.com",
            "website_endpoint": "www.rotten100.net.s3-website.eu-west-2.amazonaws.com"
          },
          "private": "bnVsbA=="
        }
      ]
    },
    {
      "module": "module.demo",
      "mode": "managed",
      "type": "aws_s3_bucket",
      "name": "bucket",
      "provider": "provider.aws",
      "instances": [
        {
          "schema_version": 0,
          "attributes": {
            "acceleration_status": "",
            "acl": "public-read",
            "arn": "arn:aws:s3:::demo.zoomfab.info",
            "bucket": "demo.zoomfab.info",
            "bucket_domain_name": "demo.zoomfab.info.s3.amazonaws.com",
            "bucket_prefix": null,
            "bucket_regional_domain_name": "demo.zoomfab.info.s3.eu-west-2.amazonaws.com",
            "cors_rule": [],
            "force_destroy": false,
            "grant": [],
            "hosted_zone_id": "Z3GKZC51ZF0DB4",
            "id": "demo.zoomfab.info",
            "lifecycle_rule": [],
            "logging": [],
            "object_lock_configuration": [],
            "policy": null,
            "region": "eu-west-2",
            "replication_configuration": [],
            "request_payer": "BucketOwner",
            "server_side_encryption_configuration": [],
            "tags": {
              "customer": "magictable",
              "site": "demo.zoomfab.info"
            },
            "versioning": [
              {
                "enabled": false,
                "mfa_delete": false
              }
            ],
            "website": [
              {
                "error_document": "",
                "index_document": "index.html",
                "redirect_all_requests_to": "",
                "routing_rules": ""
              }
            ],
            "website_domain": "s3-website.eu-west-2.amazonaws.com",
            "website_endpoint": "demo.zoomfab.info.s3-website.eu-west-2.amazonaws.com"
          },
          "private": "bnVsbA=="
        }
      ]
    },
    {
      "module": "module.rt100films",
      "mode": "managed",
      "type": "aws_s3_bucket",
      "name": "bucket",
      "provider": "provider.aws",
      "instances": [
        {
          "schema_version": 0,
          "attributes": {
            "acceleration_status": "",
            "acl": "public-read",
            "arn": "arn:aws:s3:::www.rt100films.com",
            "bucket": "www.rt100films.com",
            "bucket_domain_name": "www.rt100films.com.s3.amazonaws.com",
            "bucket_prefix": null,
            "bucket_regional_domain_name": "www.rt100films.com.s3.eu-west-2.amazonaws.com",
            "cors_rule": [],
            "force_destroy": false,
            "grant": [],
            "hosted_zone_id": "Z3GKZC51ZF0DB4",
            "id": "www.rt100films.com",
            "lifecycle_rule": [],
            "logging": [],
            "object_lock_configuration": [],
            "policy": null,
            "region": "eu-west-2",
            "replication_configuration": [],
            "request_payer": "BucketOwner",
            "server_side_encryption_configuration": [],
            "tags": {
              "customer": "magictable",
              "site": "www.rt100films.com"
            },
            "versioning": [
              {
                "enabled": false,
                "mfa_delete": false
              }
            ],
            "website": [
              {
                "error_document": "",
                "index_document": "index.html",
                "redirect_all_requests_to": "",
                "routing_rules": ""
              }
            ],
            "website_domain": "s3-website.eu-west-2.amazonaws.com",
            "website_endpoint": "www.rt100films.com.s3-website.eu-west-2.amazonaws.com"
          },
          "private": "bnVsbA=="
        }
      ]
    },
    {
      "module": "module.rotten100films",
      "mode": "managed",
      "type": "aws_s3_bucket",
      "name": "bucket",
      "provider": "provider.aws",
      "instances": [
        {
          "schema_version": 0,
          "attributes": {
            "acceleration_status": "",
            "acl": "public-read",
            "arn": "arn:aws:s3:::www.rotten100films.com",
            "bucket": "www.rotten100films.com",
            "bucket_domain_name": "www.rotten100films.com.s3.amazonaws.com",
            "bucket_prefix": null,
            "bucket_regional_domain_name": "www.rotten100films.com.s3.eu-west-2.amazonaws.com",
            "cors_rule": [],
            "force_destroy": false,
            "grant": [],
            "hosted_zone_id": "Z3GKZC51ZF0DB4",
            "id": "www.rotten100films.com",
            "lifecycle_rule": [],
            "logging": [],
            "object_lock_configuration": [],
            "policy": null,
            "region": "eu-west-2",
            "replication_configuration": [],
            "request_payer": "BucketOwner",
            "server_side_encryption_configuration": [],
            "tags": {
              "customer": "magictable",
              "site": "www.rotten100films.com"
            },
            "versioning": [
              {
                "enabled": false,
                "mfa_delete": false
              }
            ],
            "website": [
              {
                "error_document": "",
                "index_document": "index.html",
                "redirect_all_requests_to": "",
                "routing_rules": ""
              }
            ],
            "website_domain": "s3-website.eu-west-2.amazonaws.com",
            "website_endpoint": "www.rotten100films.com.s3-website.eu-west-2.amazonaws.com"
          },
          "private": "bnVsbA=="
        }
      ]
    },
    {
      "module": "module.toms100films",
      "mode": "managed",
      "type": "aws_s3_bucket",
      "name": "bucket",
      "provider": "provider.aws",
      "instances": [
        {
          "schema_version": 0,
          "attributes": {
            "acceleration_status": "",
            "acl": "public-read",
            "arn": "arn:aws:s3:::www.toms100films.com",
            "bucket": "www.toms100films.com",
            "bucket_domain_name": "www.toms100films.com.s3.amazonaws.com",
            "bucket_prefix": null,
            "bucket_regional_domain_name": "www.toms100films.com.s3.eu-west-2.amazonaws.com",
            "cors_rule": [],
            "force_destroy": false,
            "grant": [],
            "hosted_zone_id": "Z3GKZC51ZF0DB4",
            "id": "www.toms100films.com",
            "lifecycle_rule": [],
            "logging": [],
            "object_lock_configuration": [],
            "policy": null,
            "region": "eu-west-2",
            "replication_configuration": [],
            "request_payer": "BucketOwner",
            "server_side_encryption_configuration": [],
            "tags": {
              "customer": "magictable",
              "site": "www.toms100films.com"
            },
            "versioning": [
              {
                "enabled": false,
                "mfa_delete": false
              }
            ],
            "website": [
              {
                "error_document": "",
                "index_document": "index.html",
                "redirect_all_requests_to": "",
                "routing_rules": ""
              }
            ],
            "website_domain": "s3-website.eu-west-2.amazonaws.com",
            "website_endpoint": "www.toms100films.com.s3-website.eu-west-2.amazonaws.com"
          },
          "private": "bnVsbA=="
        }
      ]
    },
    {
      "module": "module.tomatoes100_net",
      "mode": "managed",
      "type": "aws_s3_bucket",
      "name": "bucket",
      "provider": "provider.aws",
      "instances": [
        {
          "schema_version": 0,
          "attributes": {
            "acceleration_status": "",
            "acl": "public-read",
            "arn": "arn:aws:s3:::www.tomatoes100.net",
            "bucket": "www.tomatoes100.net",
            "bucket_domain_name": "www.tomatoes100.net.s3.amazonaws.com",
            "bucket_prefix": null,
            "bucket_regional_domain_name": "www.tomatoes100.net.s3.eu-west-2.amazonaws.com",
            "cors_rule": [],
            "force_destroy": false,
            "grant": [],
            "hosted_zone_id": "Z3GKZC51ZF0DB4",
            "id": "www.tomatoes100.net",
            "lifecycle_rule": [],
            "logging": [],
            "object_lock_configuration": [],
            "policy": null,
            "region": "eu-west-2",
            "replication_configuration": [],
            "request_payer": "BucketOwner",
            "server_side_encryption_configuration": [],
            "tags": {
              "customer": "magictable",
              "site": "www.tomatoes100.net"
            },
            "versioning": [
              {
                "enabled": false,
                "mfa_delete": false
              }
            ],
            "website": [
              {
                "error_document": "",
                "index_document": "index.html",
                "redirect_all_requests_to": "",
                "routing_rules": ""
              }
            ],
            "website_domain": "s3-website.eu-west-2.amazonaws.com",
            "website_endpoint": "www.tomatoes100.net.s3-website.eu-west-2.amazonaws.com"
          },
          "private": "bnVsbA=="
        }
      ]
    },
    {
      "module": "module.rottenfilms100",
      "mode": "managed",
      "type": "aws_s3_bucket_policy",
      "name": "bucket",
      "provider": "provider.aws",
      "instances": [
        {
          "schema_version": 0,
          "attributes": {
            "bucket": "www.rottenfilms100.com",
            "id": "www.rottenfilms100.com",
            "policy": "{\"Version\":\"2012-10-17\",\"Statement\":[{\"Sid\":\"AddPerm\",\"Effect\":\"Allow\",\"Principal\":\"*\",\"Action\":\"s3:GetObject\",\"Resource\":\"arn:aws:s3:::www.rottenfilms100.com/*\"}]}"
          },
          "private": "bnVsbA==",
          "dependencies": [
            "module.rottenfilms100.aws_s3_bucket.bucket"
          ]
        }
      ]
    },
    {
      "module": "module.tomatoes100",
      "mode": "managed",
      "type": "aws_s3_bucket_policy",
      "name": "bucket",
      "provider": "provider.aws",
      "instances": [
        {
          "schema_version": 0,
          "attributes": {
            "bucket": "www.tomatoes100.com",
            "id": "www.tomatoes100.com",
            "policy": "{\"Version\":\"2012-10-17\",\"Statement\":[{\"Sid\":\"AddPerm\",\"Effect\":\"Allow\",\"Principal\":\"*\",\"Action\":\"s3:GetObject\",\"Resource\":\"arn:aws:s3:::www.tomatoes100.com/*\"}]}"
          },
          "private": "bnVsbA==",
          "dependencies": [
            "module.tomatoes100.aws_s3_bucket.bucket"
          ]
        }
      ]
    },
    {
      "module": "module.rt100movies",
      "mode": "managed",
      "type": "aws_s3_bucket_policy",
      "name": "bucket",
      "provider": "provider.aws",
      "instances": [
        {
          "schema_version": 0,
          "attributes": {
            "bucket": "www.rt100movies.com",
            "id": "www.rt100movies.com",
            "policy": "{\"Version\":\"2012-10-17\",\"Statement\":[{\"Sid\":\"AddPerm\",\"Effect\":\"Allow\",\"Principal\":\"*\",\"Action\":\"s3:GetObject\",\"Resource\":\"arn:aws:s3:::www.rt100movies.com/*\"}]}"
          },
          "private": "bnVsbA==",
          "dependencies": [
            "module.rt100movies.aws_s3_bucket.bucket"
          ]
        }
      ]
    },
    {
      "module": "module.rotten100",
      "mode": "managed",
      "type": "aws_s3_bucket_policy",
      "name": "bucket",
      "provider": "provider.aws",
      "instances": [
        {
          "schema_version": 0,
          "attributes": {
            "bucket": "www.rotten100.com",
            "id": "www.rotten100.com",
            "policy": "{\"Version\":\"2012-10-17\",\"Statement\":[{\"Sid\":\"AddPerm\",\"Effect\":\"Allow\",\"Principal\":\"*\",\"Action\":\"s3:GetObject\",\"Resource\":\"arn:aws:s3:::www.rotten100.com/*\"}]}"
          },
          "private": "eyJzY2hlbWFfdmVyc2lvbiI6IjAifQ==",
          "dependencies": [
            "module.rotten100.aws_s3_bucket.bucket"
          ]
        }
      ]
    },
    {
      "module": "module.thetoptomato100",
      "mode": "managed",
      "type": "aws_s3_bucket_policy",
      "name": "bucket",
      "provider": "provider.aws",
      "instances": [
        {
          "schema_version": 0,
          "attributes": {
            "bucket": "www.thetoptomato100.com",
            "id": "www.thetoptomato100.com",
            "policy": "{\"Version\":\"2012-10-17\",\"Statement\":[{\"Sid\":\"AddPerm\",\"Effect\":\"Allow\",\"Principal\":\"*\",\"Action\":\"s3:GetObject\",\"Resource\":\"arn:aws:s3:::www.thetoptomato100.com/*\"}]}"
          },
          "private": "bnVsbA==",
          "dependencies": [
            "module.thetoptomato100.aws_s3_bucket.bucket"
          ]
        }
      ]
    },
    {
      "module": "module._100rotten_net",
      "mode": "managed",
      "type": "aws_s3_bucket_policy",
      "name": "bucket",
      "provider": "provider.aws",
      "instances": [
        {
          "schema_version": 0,
          "attributes": {
            "bucket": "www.100rotten.net",
            "id": "www.100rotten.net",
            "policy": "{\"Version\":\"2012-10-17\",\"Statement\":[{\"Sid\":\"AddPerm\",\"Effect\":\"Allow\",\"Principal\":\"*\",\"Action\":\"s3:GetObject\",\"Resource\":\"arn:aws:s3:::www.100rotten.net/*\"}]}"
          },
          "private": "bnVsbA==",
          "dependencies": [
            "module._100rotten_net.aws_s3_bucket.bucket"
          ]
        }
      ]
    },
    {
      "module": "module._100rotten_com",
      "mode": "managed",
      "type": "aws_s3_bucket_policy",
      "name": "bucket",
      "provider": "provider.aws",
      "instances": [
        {
          "schema_version": 0,
          "attributes": {
            "bucket": "www.100rotten.com",
            "id": "www.100rotten.com",
            "policy": "{\"Version\":\"2012-10-17\",\"Statement\":[{\"Sid\":\"AddPerm\",\"Effect\":\"Allow\",\"Principal\":\"*\",\"Action\":\"s3:GetObject\",\"Resource\":\"arn:aws:s3:::www.100rotten.com/*\"}]}"
          },
          "private": "bnVsbA==",
          "dependencies": [
            "module._100rotten_com.aws_s3_bucket.bucket"
          ]
        }
      ]
    },
    {
      "module": "module.rotten100_net",
      "mode": "managed",
      "type": "aws_s3_bucket_policy",
      "name": "bucket",
      "provider": "provider.aws",
      "instances": [
        {
          "schema_version": 0,
          "attributes": {
            "bucket": "www.rotten100.net",
            "id": "www.rotten100.net",
            "policy": "{\"Version\":\"2012-10-17\",\"Statement\":[{\"Sid\":\"AddPerm\",\"Effect\":\"Allow\",\"Principal\":\"*\",\"Action\":\"s3:GetObject\",\"Resource\":\"arn:aws:s3:::www.rotten100.net/*\"}]}"
          },
          "private": "bnVsbA==",
          "dependencies": [
            "module.rotten100_net.aws_s3_bucket.bucket"
          ]
        }
      ]
    },
    {
      "module": "module.demo",
      "mode": "managed",
      "type": "aws_s3_bucket_policy",
      "name": "bucket",
      "provider": "provider.aws",
      "instances": [
        {
          "schema_version": 0,
          "attributes": {
            "bucket": "demo.zoomfab.info",
            "id": "demo.zoomfab.info",
            "policy": "{\"Version\":\"2012-10-17\",\"Statement\":[{\"Sid\":\"AddPerm\",\"Effect\":\"Allow\",\"Principal\":\"*\",\"Action\":\"s3:GetObject\",\"Resource\":\"arn:aws:s3:::demo.zoomfab.info/*\"}]}"
          },
          "private": "bnVsbA==",
          "dependencies": [
            "module.demo.aws_s3_bucket.bucket"
          ]
        }
      ]
    },
    {
      "module": "module.rt100films",
      "mode": "managed",
      "type": "aws_s3_bucket_policy",
      "name": "bucket",
      "provider": "provider.aws",
      "instances": [
        {
          "schema_version": 0,
          "attributes": {
            "bucket": "www.rt100films.com",
            "id": "www.rt100films.com",
            "policy": "{\"Version\":\"2012-10-17\",\"Statement\":[{\"Sid\":\"AddPerm\",\"Effect\":\"Allow\",\"Principal\":\"*\",\"Action\":\"s3:GetObject\",\"Resource\":\"arn:aws:s3:::www.rt100films.com/*\"}]}"
          },
          "private": "bnVsbA==",
          "dependencies": [
            "module.rt100films.aws_s3_bucket.bucket"
          ]
        }
      ]
    },
    {
      "module": "module.rotten100films",
      "mode": "managed",
      "type": "aws_s3_bucket_policy",
      "name": "bucket",
      "provider": "provider.aws",
      "instances": [
        {
          "schema_version": 0,
          "attributes": {
            "bucket": "www.rotten100films.com",
            "id": "www.rotten100films.com",
            "policy": "{\"Version\":\"2012-10-17\",\"Statement\":[{\"Sid\":\"AddPerm\",\"Effect\":\"Allow\",\"Principal\":\"*\",\"Action\":\"s3:GetObject\",\"Resource\":\"arn:aws:s3:::www.rotten100films.com/*\"}]}"
          },
          "private": "bnVsbA==",
          "dependencies": [
            "module.rotten100films.aws_s3_bucket.bucket"
          ]
        }
      ]
    },
    {
      "module": "module.toms100films",
      "mode": "managed",
      "type": "aws_s3_bucket_policy",
      "name": "bucket",
      "provider": "provider.aws",
      "instances": [
        {
          "schema_version": 0,
          "attributes": {
            "bucket": "www.toms100films.com",
            "id": "www.toms100films.com",
            "policy": "{\"Version\":\"2012-10-17\",\"Statement\":[{\"Sid\":\"AddPerm\",\"Effect\":\"Allow\",\"Principal\":\"*\",\"Action\":\"s3:GetObject\",\"Resource\":\"arn:aws:s3:::www.toms100films.com/*\"}]}"
          },
          "private": "bnVsbA==",
          "dependencies": [
            "module.toms100films.aws_s3_bucket.bucket"
          ]
        }
      ]
    },
    {
      "module": "module.tomatoes100_net",
      "mode": "managed",
      "type": "aws_s3_bucket_policy",
      "name": "bucket",
      "provider": "provider.aws",
      "instances": [
        {
          "schema_version": 0,
          "attributes": {
            "bucket": "www.tomatoes100.net",
            "id": "www.tomatoes100.net",
            "policy": "{\"Version\":\"2012-10-17\",\"Statement\":[{\"Sid\":\"AddPerm\",\"Effect\":\"Allow\",\"Principal\":\"*\",\"Action\":\"s3:GetObject\",\"Resource\":\"arn:aws:s3:::www.tomatoes100.net/*\"}]}"
          },
          "private": "bnVsbA==",
          "dependencies": [
            "module.tomatoes100_net.aws_s3_bucket.bucket"
          ]
        }
      ]
    },
    {
      "module": "module.rottenfilms100",
      "mode": "managed",
      "type": "cloudflare_record",
      "name": "A",
      "each": "list",
      "provider": "provider.cloudflare",
      "instances": [
        {
          "index_key": 0,
          "schema_version": 1,
          "attributes": {
            "created_on": "2020-06-22T21:25:08.165106Z",
            "data": {},
            "hostname": "rottenfilms100.com",
            "id": "fbe10f627d2e47d8df187ee663f28aed",
            "metadata": {
              "auto_added": "false",
              "managed_by_apps": "false",
              "managed_by_argo_tunnel": "false",
              "source": "primary"
            },
            "modified_on": "2020-06-22T21:25:08.165106Z",
            "name": "@",
            "priority": 0,
            "proxiable": true,
            "proxied": false,
            "ttl": 3600,
            "type": "A",
            "value": "45.55.72.95",
            "zone_id": "12daff5dbf446fef66e73113aec0871f"
          },
          "private": "eyJzY2hlbWFfdmVyc2lvbiI6IjEifQ==",
          "dependencies": [
            "module.rottenfilms100.cloudflare_zone.zone"
          ]
        }
      ]
    },
    {
      "module": "module.tomatoes100",
      "mode": "managed",
      "type": "cloudflare_record",
      "name": "A",
      "each": "list",
      "provider": "provider.cloudflare",
      "instances": [
        {
          "index_key": 0,
          "schema_version": 1,
          "attributes": {
            "created_on": "2020-06-22T21:25:07.371615Z",
            "data": {},
            "hostname": "tomatoes100.com",
            "id": "975b4bbc7b2b573435d8883f3e114b21",
            "metadata": {
              "auto_added": "false",
              "managed_by_apps": "false",
              "managed_by_argo_tunnel": "false",
              "source": "primary"
            },
            "modified_on": "2020-06-22T21:25:07.371615Z",
            "name": "@",
            "priority": 0,
            "proxiable": true,
            "proxied": false,
            "ttl": 3600,
            "type": "A",
            "value": "45.55.72.95",
            "zone_id": "d87b52e4f8aa802940092f8ca9cda297"
          },
          "private": "eyJzY2hlbWFfdmVyc2lvbiI6IjEifQ==",
          "dependencies": [
            "module.tomatoes100.cloudflare_zone.zone"
          ]
        }
      ]
    },
    {
      "module": "module.rt100movies",
      "mode": "managed",
      "type": "cloudflare_record",
      "name": "A",
      "each": "list",
      "provider": "provider.cloudflare",
      "instances": [
        {
          "index_key": 0,
          "schema_version": 1,
          "attributes": {
            "created_on": "2020-06-22T21:25:08.851561Z",
            "data": {},
            "hostname": "rt100movies.com",
            "id": "5fe2a021a3bce569fa19c493b5658b91",
            "metadata": {
              "auto_added": "false",
              "managed_by_apps": "false",
              "managed_by_argo_tunnel": "false",
              "source": "primary"
            },
            "modified_on": "2020-06-22T21:25:08.851561Z",
            "name": "@",
            "priority": 0,
            "proxiable": true,
            "proxied": false,
            "ttl": 3600,
            "type": "A",
            "value": "45.55.72.95",
            "zone_id": "40dd0798fccd9b570c719b5dbf87cab8"
          },
          "private": "eyJzY2hlbWFfdmVyc2lvbiI6IjEifQ==",
          "dependencies": [
            "module.rt100movies.cloudflare_zone.zone"
          ]
        }
      ]
    },
    {
      "module": "module.rotten100",
      "mode": "managed",
      "type": "cloudflare_record",
      "name": "A",
      "each": "list",
      "provider": "provider.cloudflare",
      "instances": [
        {
          "index_key": 0,
          "schema_version": 1,
          "attributes": {
            "created_on": "2020-06-22T21:25:11.849404Z",
            "data": {},
            "hostname": "rotten100.com",
            "id": "acf430d2dd1991e0ab243ce2489013a1",
            "metadata": {
              "auto_added": "false",
              "managed_by_apps": "false",
              "managed_by_argo_tunnel": "false",
              "source": "primary"
            },
            "modified_on": "2020-06-22T21:25:11.849404Z",
            "name": "@",
            "priority": 0,
            "proxiable": true,
            "proxied": false,
            "ttl": 3600,
            "type": "A",
            "value": "45.55.72.95",
            "zone_id": "3cd8df166a100f95f3f12fe7ae3268e9"
          },
          "private": "eyJzY2hlbWFfdmVyc2lvbiI6IjEifQ==",
          "dependencies": [
            "module.rotten100.cloudflare_zone.zone"
          ]
        }
      ]
    },
    {
      "module": "module.thetoptomato100",
      "mode": "managed",
      "type": "cloudflare_record",
      "name": "A",
      "each": "list",
      "provider": "provider.cloudflare",
      "instances": [
        {
          "index_key": 0,
          "schema_version": 1,
          "attributes": {
            "created_on": "2020-06-22T21:25:07.62897Z",
            "data": {},
            "hostname": "thetoptomato100.com",
            "id": "5fbd006b0c299ea296f998b20b4142e0",
            "metadata": {
              "auto_added": "false",
              "managed_by_apps": "false",
              "managed_by_argo_tunnel": "false",
              "source": "primary"
            },
            "modified_on": "2020-06-22T21:25:07.62897Z",
            "name": "@",
            "priority": 0,
            "proxiable": true,
            "proxied": false,
            "ttl": 3600,
            "type": "A",
            "value": "45.55.72.95",
            "zone_id": "e5d322d118ebe0f9f5b5480db1bdc626"
          },
          "private": "eyJzY2hlbWFfdmVyc2lvbiI6IjEifQ==",
          "dependencies": [
            "module.thetoptomato100.cloudflare_zone.zone"
          ]
        }
      ]
    },
    {
      "module": "module._100rotten_net",
      "mode": "managed",
      "type": "cloudflare_record",
      "name": "A",
      "each": "list",
      "provider": "provider.cloudflare",
      "instances": [
        {
          "index_key": 0,
          "schema_version": 1,
          "attributes": {
            "created_on": "2020-06-22T21:25:07.847342Z",
            "data": {},
            "hostname": "100rotten.net",
            "id": "d6a161b7e6f8c4d5c5e1618a71e776b9",
            "metadata": {
              "auto_added": "false",
              "managed_by_apps": "false",
              "managed_by_argo_tunnel": "false",
              "source": "primary"
            },
            "modified_on": "2020-06-22T21:25:07.847342Z",
            "name": "@",
            "priority": 0,
            "proxiable": true,
            "proxied": false,
            "ttl": 3600,
            "type": "A",
            "value": "45.55.72.95",
            "zone_id": "c45238df1cb0c101a70d5bc01611a2ef"
          },
          "private": "eyJzY2hlbWFfdmVyc2lvbiI6IjEifQ==",
          "dependencies": [
            "module._100rotten_net.cloudflare_zone.zone"
          ]
        }
      ]
    },
    {
      "module": "module._100rotten_com",
      "mode": "managed",
      "type": "cloudflare_record",
      "name": "A",
      "each": "list",
      "provider": "provider.cloudflare",
      "instances": [
        {
          "index_key": 0,
          "schema_version": 1,
          "attributes": {
            "created_on": "2020-06-22T21:25:11.333824Z",
            "data": {},
            "hostname": "100rotten.com",
            "id": "066bea1be1c327a4c1f629f696d7f97e",
            "metadata": {
              "auto_added": "false",
              "managed_by_apps": "false",
              "managed_by_argo_tunnel": "false",
              "source": "primary"
            },
            "modified_on": "2020-06-22T21:25:11.333824Z",
            "name": "@",
            "priority": 0,
            "proxiable": true,
            "proxied": false,
            "ttl": 3600,
            "type": "A",
            "value": "45.55.72.95",
            "zone_id": "a8b7b4ad4a66693f9a19c9d5d25be22e"
          },
          "private": "eyJzY2hlbWFfdmVyc2lvbiI6IjEifQ==",
          "dependencies": [
            "module._100rotten_com.cloudflare_zone.zone"
          ]
        }
      ]
    },
    {
      "module": "module.rotten100_net",
      "mode": "managed",
      "type": "cloudflare_record",
      "name": "A",
      "each": "list",
      "provider": "provider.cloudflare",
      "instances": [
        {
          "index_key": 0,
          "schema_version": 1,
          "attributes": {
            "created_on": "2020-06-22T21:25:07.38912Z",
            "data": {},
            "hostname": "rotten100.net",
            "id": "f7be2c72de2d2faf4a922943048aa2ac",
            "metadata": {
              "auto_added": "false",
              "managed_by_apps": "false",
              "managed_by_argo_tunnel": "false",
              "source": "primary"
            },
            "modified_on": "2020-06-22T21:25:07.38912Z",
            "name": "@",
            "priority": 0,
            "proxiable": true,
            "proxied": false,
            "ttl": 3600,
            "type": "A",
            "value": "45.55.72.95",
            "zone_id": "18eedd56153deb2251b7a9b534a995ca"
          },
          "private": "eyJzY2hlbWFfdmVyc2lvbiI6IjEifQ==",
          "dependencies": [
            "module.rotten100_net.cloudflare_zone.zone"
          ]
        }
      ]
    },
    {
      "module": "module.demo",
      "mode": "managed",
      "type": "cloudflare_record",
      "name": "A",
      "each": "list",
      "provider": "provider.cloudflare",
      "instances": []
    },
    {
      "module": "module.rt100films",
      "mode": "managed",
      "type": "cloudflare_record",
      "name": "A",
      "each": "list",
      "provider": "provider.cloudflare",
      "instances": [
        {
          "index_key": 0,
          "schema_version": 1,
          "attributes": {
            "created_on": "2020-06-22T21:25:07.355699Z",
            "data": {},
            "hostname": "rt100films.com",
            "id": "04f53b799778fb28f7c2aaca24367259",
            "metadata": {
              "auto_added": "false",
              "managed_by_apps": "false",
              "managed_by_argo_tunnel": "false",
              "source": "primary"
            },
            "modified_on": "2020-06-22T21:25:07.355699Z",
            "name": "@",
            "priority": 0,
            "proxiable": true,
            "proxied": false,
            "ttl": 3600,
            "type": "A",
            "value": "45.55.72.95",
            "zone_id": "5f90885ac974cc51d33ab9e611c9bcea"
          },
          "private": "eyJzY2hlbWFfdmVyc2lvbiI6IjEifQ==",
          "dependencies": [
            "module.rt100films.cloudflare_zone.zone"
          ]
        }
      ]
    },
    {
      "module": "module.rotten100films",
      "mode": "managed",
      "type": "cloudflare_record",
      "name": "A",
      "each": "list",
      "provider": "provider.cloudflare",
      "instances": [
        {
          "index_key": 0,
          "schema_version": 1,
          "attributes": {
            "created_on": "2020-06-22T21:25:08.666164Z",
            "data": {},
            "hostname": "rotten100films.com",
            "id": "13c21608c3814b46648ee1f09184302c",
            "metadata": {
              "auto_added": "false",
              "managed_by_apps": "false",
              "managed_by_argo_tunnel": "false",
              "source": "primary"
            },
            "modified_on": "2020-06-22T21:25:08.666164Z",
            "name": "@",
            "priority": 0,
            "proxiable": true,
            "proxied": false,
            "ttl": 3600,
            "type": "A",
            "value": "45.55.72.95",
            "zone_id": "994df03f79a5d658ca161d1c120ca6ec"
          },
          "private": "eyJzY2hlbWFfdmVyc2lvbiI6IjEifQ==",
          "dependencies": [
            "module.rotten100films.cloudflare_zone.zone"
          ]
        }
      ]
    },
    {
      "module": "module.toms100films",
      "mode": "managed",
      "type": "cloudflare_record",
      "name": "A",
      "each": "list",
      "provider": "provider.cloudflare",
      "instances": [
        {
          "index_key": 0,
          "schema_version": 1,
          "attributes": {
            "created_on": "2020-06-22T21:25:08.345263Z",
            "data": {},
            "hostname": "toms100films.com",
            "id": "c076bf2dd4fb9f276817ea36d8103661",
            "metadata": {
              "auto_added": "false",
              "managed_by_apps": "false",
              "managed_by_argo_tunnel": "false",
              "source": "primary"
            },
            "modified_on": "2020-06-22T21:25:08.345263Z",
            "name": "@",
            "priority": 0,
            "proxiable": true,
            "proxied": false,
            "ttl": 3600,
            "type": "A",
            "value": "45.55.72.95",
            "zone_id": "ebd3a59d5ee82b4b6cb4190a25c25654"
          },
          "private": "eyJzY2hlbWFfdmVyc2lvbiI6IjEifQ==",
          "dependencies": [
            "module.toms100films.cloudflare_zone.zone"
          ]
        }
      ]
    },
    {
      "module": "module.tomatoes100_net",
      "mode": "managed",
      "type": "cloudflare_record",
      "name": "A",
      "each": "list",
      "provider": "provider.cloudflare",
      "instances": [
        {
          "index_key": 0,
          "schema_version": 1,
          "attributes": {
            "created_on": "2020-06-22T21:25:11.644413Z",
            "data": {},
            "hostname": "tomatoes100.net",
            "id": "f4488a295d2dc8c58310bc2b76002c66",
            "metadata": {
              "auto_added": "false",
              "managed_by_apps": "false",
              "managed_by_argo_tunnel": "false",
              "source": "primary"
            },
            "modified_on": "2020-06-22T21:25:11.644413Z",
            "name": "@",
            "priority": 0,
            "proxiable": true,
            "proxied": false,
            "ttl": 3600,
            "type": "A",
            "value": "45.55.72.95",
            "zone_id": "ac2112a5979f33a9fa1264d5236b512e"
          },
          "private": "eyJzY2hlbWFfdmVyc2lvbiI6IjEifQ==",
          "dependencies": [
            "module.tomatoes100_net.cloudflare_zone.zone"
          ]
        }
      ]
    },
    {
      "module": "module.rottenfilms100",
      "mode": "managed",
      "type": "cloudflare_record",
      "name": "txt",
      "each": "list",
      "provider": "provider.cloudflare",
      "instances": [
        {
          "index_key": 0,
          "schema_version": 1,
          "attributes": {
            "created_on": "2020-06-22T21:11:50.910281Z",
            "data": {},
            "hostname": "rottenfilms100.com",
            "id": "f4e3a1c76c69d39e6e4a8615f2ca0c86",
            "metadata": {
              "auto_added": "false",
              "managed_by_apps": "false",
              "managed_by_argo_tunnel": "false",
              "source": "primary"
            },
            "modified_on": "2020-06-22T21:11:50.910281Z",
            "name": "@",
            "priority": 0,
            "proxiable": false,
            "proxied": false,
            "ttl": 3600,
            "type": "TXT",
            "value": "Redirects from /* to http://www.rottenfilms100.com/*",
            "zone_id": "12daff5dbf446fef66e73113aec0871f"
          },
          "private": "eyJzY2hlbWFfdmVyc2lvbiI6IjEifQ==",
          "dependencies": [
            "module.rottenfilms100.cloudflare_zone.zone"
          ]
        }
      ]
    },
    {
      "module": "module.tomatoes100",
      "mode": "managed",
      "type": "cloudflare_record",
      "name": "txt",
      "each": "list",
      "provider": "provider.cloudflare",
      "instances": [
        {
          "index_key": 0,
          "schema_version": 1,
          "attributes": {
            "created_on": "2020-06-22T21:11:51.922609Z",
            "data": {},
            "hostname": "tomatoes100.com",
            "id": "9aa883b164cce2d0189283deba82a484",
            "metadata": {
              "auto_added": "false",
              "managed_by_apps": "false",
              "managed_by_argo_tunnel": "false",
              "source": "primary"
            },
            "modified_on": "2020-06-22T21:11:51.922609Z",
            "name": "@",
            "priority": 0,
            "proxiable": false,
            "proxied": false,
            "ttl": 3600,
            "type": "TXT",
            "value": "Redirects from /* to http://www.tomatoes100.com/*",
            "zone_id": "d87b52e4f8aa802940092f8ca9cda297"
          },
          "private": "eyJzY2hlbWFfdmVyc2lvbiI6IjEifQ==",
          "dependencies": [
            "module.tomatoes100.cloudflare_zone.zone"
          ]
        }
      ]
    },
    {
      "module": "module.rt100movies",
      "mode": "managed",
      "type": "cloudflare_record",
      "name": "txt",
      "each": "list",
      "provider": "provider.cloudflare",
      "instances": [
        {
          "index_key": 0,
          "schema_version": 1,
          "attributes": {
            "created_on": "2020-06-22T21:11:47.166981Z",
            "data": {},
            "hostname": "rt100movies.com",
            "id": "62011076476377920698894b5d5ed2bc",
            "metadata": {
              "auto_added": "false",
              "managed_by_apps": "false",
              "managed_by_argo_tunnel": "false",
              "source": "primary"
            },
            "modified_on": "2020-06-22T21:11:47.166981Z",
            "name": "@",
            "priority": 0,
            "proxiable": false,
            "proxied": false,
            "ttl": 3600,
            "type": "TXT",
            "value": "Redirects from /* to http://www.rt100movies.com/*",
            "zone_id": "40dd0798fccd9b570c719b5dbf87cab8"
          },
          "private": "eyJzY2hlbWFfdmVyc2lvbiI6IjEifQ==",
          "dependencies": [
            "module.rt100movies.cloudflare_zone.zone"
          ]
        }
      ]
    },
    {
      "module": "module.rotten100",
      "mode": "managed",
      "type": "cloudflare_record",
      "name": "txt",
      "each": "list",
      "provider": "provider.cloudflare",
      "instances": [
        {
          "index_key": 0,
          "schema_version": 1,
          "attributes": {
            "created_on": "2020-06-22T21:11:49.240922Z",
            "data": {},
            "hostname": "rotten100.com",
            "id": "bb208c04095f8249b7630eb11d11bb0f",
            "metadata": {
              "auto_added": "false",
              "managed_by_apps": "false",
              "managed_by_argo_tunnel": "false",
              "source": "primary"
            },
            "modified_on": "2020-06-22T21:11:49.240922Z",
            "name": "@",
            "priority": 0,
            "proxiable": false,
            "proxied": false,
            "ttl": 3600,
            "type": "TXT",
            "value": "Redirects from /* to http://www.rotten100.com/*",
            "zone_id": "3cd8df166a100f95f3f12fe7ae3268e9"
          },
          "private": "eyJzY2hlbWFfdmVyc2lvbiI6IjEifQ==",
          "dependencies": [
            "module.rotten100.cloudflare_zone.zone"
          ]
        }
      ]
    },
    {
      "module": "module.thetoptomato100",
      "mode": "managed",
      "type": "cloudflare_record",
      "name": "txt",
      "each": "list",
      "provider": "provider.cloudflare",
      "instances": [
        {
          "index_key": 0,
          "schema_version": 1,
          "attributes": {
            "created_on": "2020-06-22T21:11:43.615358Z",
            "data": {},
            "hostname": "thetoptomato100.com",
            "id": "b1e2312945fab017c2135a6ec2aaa255",
            "metadata": {
              "auto_added": "false",
              "managed_by_apps": "false",
              "managed_by_argo_tunnel": "false",
              "source": "primary"
            },
            "modified_on": "2020-06-22T21:11:43.615358Z",
            "name": "@",
            "priority": 0,
            "proxiable": false,
            "proxied": false,
            "ttl": 3600,
            "type": "TXT",
            "value": "Redirects from /* to http://www.thetoptomato100.com/*",
            "zone_id": "e5d322d118ebe0f9f5b5480db1bdc626"
          },
          "private": "eyJzY2hlbWFfdmVyc2lvbiI6IjEifQ==",
          "dependencies": [
            "module.thetoptomato100.cloudflare_zone.zone"
          ]
        }
      ]
    },
    {
      "module": "module._100rotten_net",
      "mode": "managed",
      "type": "cloudflare_record",
      "name": "txt",
      "each": "list",
      "provider": "provider.cloudflare",
      "instances": [
        {
          "index_key": 0,
          "schema_version": 1,
          "attributes": {
            "created_on": "2020-06-22T21:11:47.470284Z",
            "data": {},
            "hostname": "100rotten.net",
            "id": "1abf8024c5d1fc5c2d9e2c7b27a8164d",
            "metadata": {
              "auto_added": "false",
              "managed_by_apps": "false",
              "managed_by_argo_tunnel": "false",
              "source": "primary"
            },
            "modified_on": "2020-06-22T21:11:47.470284Z",
            "name": "@",
            "priority": 0,
            "proxiable": false,
            "proxied": false,
            "ttl": 3600,
            "type": "TXT",
            "value": "Redirects from /* to http://www.100rotten.net/*",
            "zone_id": "c45238df1cb0c101a70d5bc01611a2ef"
          },
          "private": "eyJzY2hlbWFfdmVyc2lvbiI6IjEifQ==",
          "dependencies": [
            "module._100rotten_net.cloudflare_zone.zone"
          ]
        }
      ]
    },
    {
      "module": "module._100rotten_com",
      "mode": "managed",
      "type": "cloudflare_record",
      "name": "txt",
      "each": "list",
      "provider": "provider.cloudflare",
      "instances": [
        {
          "index_key": 0,
          "schema_version": 1,
          "attributes": {
            "created_on": "2020-06-22T21:11:43.634635Z",
            "data": {},
            "hostname": "100rotten.com",
            "id": "a96c69161a7f42d8b68cc9583096cb1c",
            "metadata": {
              "auto_added": "false",
              "managed_by_apps": "false",
              "managed_by_argo_tunnel": "false",
              "source": "primary"
            },
            "modified_on": "2020-06-22T21:11:43.634635Z",
            "name": "@",
            "priority": 0,
            "proxiable": false,
            "proxied": false,
            "ttl": 3600,
            "type": "TXT",
            "value": "Redirects from /* to http://www.100rotten.com/*",
            "zone_id": "a8b7b4ad4a66693f9a19c9d5d25be22e"
          },
          "private": "eyJzY2hlbWFfdmVyc2lvbiI6IjEifQ==",
          "dependencies": [
            "module._100rotten_com.cloudflare_zone.zone"
          ]
        }
      ]
    },
    {
      "module": "module.rotten100_net",
      "mode": "managed",
      "type": "cloudflare_record",
      "name": "txt",
      "each": "list",
      "provider": "provider.cloudflare",
      "instances": [
        {
          "index_key": 0,
          "schema_version": 1,
          "attributes": {
            "created_on": "2020-06-22T21:11:52.475113Z",
            "data": {},
            "hostname": "rotten100.net",
            "id": "2f5e87f012dfc8c126bdf59f5438cd88",
            "metadata": {
              "auto_added": "false",
              "managed_by_apps": "false",
              "managed_by_argo_tunnel": "false",
              "source": "primary"
            },
            "modified_on": "2020-06-22T21:11:52.475113Z",
            "name": "@",
            "priority": 0,
            "proxiable": false,
            "proxied": false,
            "ttl": 3600,
            "type": "TXT",
            "value": "Redirects from /* to http://www.rotten100.net/*",
            "zone_id": "18eedd56153deb2251b7a9b534a995ca"
          },
          "private": "eyJzY2hlbWFfdmVyc2lvbiI6IjEifQ==",
          "dependencies": [
            "module.rotten100_net.cloudflare_zone.zone"
          ]
        }
      ]
    },
    {
      "module": "module.demo",
      "mode": "managed",
      "type": "cloudflare_record",
      "name": "txt",
      "each": "list",
      "provider": "provider.cloudflare",
      "instances": []
    },
    {
      "module": "module.rt100films",
      "mode": "managed",
      "type": "cloudflare_record",
      "name": "txt",
      "each": "list",
      "provider": "provider.cloudflare",
      "instances": [
        {
          "index_key": 0,
          "schema_version": 1,
          "attributes": {
            "created_on": "2020-06-22T21:11:50.240219Z",
            "data": {},
            "hostname": "rt100films.com",
            "id": "0e93980c1c7bb03e2d877de621ed4283",
            "metadata": {
              "auto_added": "false",
              "managed_by_apps": "false",
              "managed_by_argo_tunnel": "false",
              "source": "primary"
            },
            "modified_on": "2020-06-22T21:11:50.240219Z",
            "name": "@",
            "priority": 0,
            "proxiable": false,
            "proxied": false,
            "ttl": 3600,
            "type": "TXT",
            "value": "Redirects from /* to http://www.rt100films.com/*",
            "zone_id": "5f90885ac974cc51d33ab9e611c9bcea"
          },
          "private": "eyJzY2hlbWFfdmVyc2lvbiI6IjEifQ==",
          "dependencies": [
            "module.rt100films.cloudflare_zone.zone"
          ]
        }
      ]
    },
    {
      "module": "module.rotten100films",
      "mode": "managed",
      "type": "cloudflare_record",
      "name": "txt",
      "each": "list",
      "provider": "provider.cloudflare",
      "instances": [
        {
          "index_key": 0,
          "schema_version": 1,
          "attributes": {
            "created_on": "2020-06-22T21:11:55.660765Z",
            "data": {},
            "hostname": "rotten100films.com",
            "id": "3e5d972fcc4609b871e884ec5465dd51",
            "metadata": {
              "auto_added": "false",
              "managed_by_apps": "false",
              "managed_by_argo_tunnel": "false",
              "source": "primary"
            },
            "modified_on": "2020-06-22T21:11:55.660765Z",
            "name": "@",
            "priority": 0,
            "proxiable": false,
            "proxied": false,
            "ttl": 3600,
            "type": "TXT",
            "value": "Redirects from /* to http://www.rotten100films.com/*",
            "zone_id": "994df03f79a5d658ca161d1c120ca6ec"
          },
          "private": "eyJzY2hlbWFfdmVyc2lvbiI6IjEifQ==",
          "dependencies": [
            "module.rotten100films.cloudflare_zone.zone"
          ]
        }
      ]
    },
    {
      "module": "module.toms100films",
      "mode": "managed",
      "type": "cloudflare_record",
      "name": "txt",
      "each": "list",
      "provider": "provider.cloudflare",
      "instances": [
        {
          "index_key": 0,
          "schema_version": 1,
          "attributes": {
            "created_on": "2020-06-22T21:11:45.979788Z",
            "data": {},
            "hostname": "toms100films.com",
            "id": "c9f9f31668360086dd1d534fdaf38bc7",
            "metadata": {
              "auto_added": "false",
              "managed_by_apps": "false",
              "managed_by_argo_tunnel": "false",
              "source": "primary"
            },
            "modified_on": "2020-06-22T21:11:45.979788Z",
            "name": "@",
            "priority": 0,
            "proxiable": false,
            "proxied": false,
            "ttl": 3600,
            "type": "TXT",
            "value": "Redirects from /* to http://www.toms100films.com/*",
            "zone_id": "ebd3a59d5ee82b4b6cb4190a25c25654"
          },
          "private": "eyJzY2hlbWFfdmVyc2lvbiI6IjEifQ==",
          "dependencies": [
            "module.toms100films.cloudflare_zone.zone"
          ]
        }
      ]
    },
    {
      "module": "module.tomatoes100_net",
      "mode": "managed",
      "type": "cloudflare_record",
      "name": "txt",
      "each": "list",
      "provider": "provider.cloudflare",
      "instances": [
        {
          "index_key": 0,
          "schema_version": 1,
          "attributes": {
            "created_on": "2020-06-22T21:11:55.400076Z",
            "data": {},
            "hostname": "tomatoes100.net",
            "id": "5add2910f78c8741b639352bb490cfd4",
            "metadata": {
              "auto_added": "false",
              "managed_by_apps": "false",
              "managed_by_argo_tunnel": "false",
              "source": "primary"
            },
            "modified_on": "2020-06-22T21:11:55.400076Z",
            "name": "@",
            "priority": 0,
            "proxiable": false,
            "proxied": false,
            "ttl": 3600,
            "type": "TXT",
            "value": "Redirects from /* to http://www.tomatoes100.net/*",
            "zone_id": "ac2112a5979f33a9fa1264d5236b512e"
          },
          "private": "eyJzY2hlbWFfdmVyc2lvbiI6IjEifQ==",
          "dependencies": [
            "module.tomatoes100_net.cloudflare_zone.zone"
          ]
        }
      ]
    },
    {
      "module": "module.rottenfilms100",
      "mode": "managed",
      "type": "cloudflare_record",
      "name": "www",
      "each": "list",
      "provider": "provider.cloudflare",
      "instances": [
        {
          "index_key": 0,
          "schema_version": 1,
          "attributes": {
            "created_on": "2020-06-22T21:11:48.818088Z",
            "data": {},
            "hostname": "www.rottenfilms100.com",
            "id": "c7f82b284087a85fb25b0cc086c822db",
            "metadata": {
              "auto_added": "false",
              "managed_by_apps": "false",
              "managed_by_argo_tunnel": "false",
              "source": "primary"
            },
            "modified_on": "2020-06-22T21:11:48.818088Z",
            "name": "www",
            "priority": 0,
            "proxiable": true,
            "proxied": false,
            "ttl": 3600,
            "type": "CNAME",
            "value": "www.rottenfilms100.com.s3-website.eu-west-2.amazonaws.com",
            "zone_id": "12daff5dbf446fef66e73113aec0871f"
          },
          "private": "eyJzY2hlbWFfdmVyc2lvbiI6IjEifQ==",
          "dependencies": [
            "module.rottenfilms100.cloudflare_zone.zone"
          ]
        }
      ]
    },
    {
      "module": "module.tomatoes100",
      "mode": "managed",
      "type": "cloudflare_record",
      "name": "www",
      "each": "list",
      "provider": "provider.cloudflare",
      "instances": [
        {
          "index_key": 0,
          "schema_version": 1,
          "attributes": {
            "created_on": "2020-06-22T21:11:54.579845Z",
            "data": {},
            "hostname": "www.tomatoes100.com",
            "id": "aa6307f34c6342e7cf2635572dce6e44",
            "metadata": {
              "auto_added": "false",
              "managed_by_apps": "false",
              "managed_by_argo_tunnel": "false",
              "source": "primary"
            },
            "modified_on": "2020-06-22T21:11:54.579845Z",
            "name": "www",
            "priority": 0,
            "proxiable": true,
            "proxied": false,
            "ttl": 3600,
            "type": "CNAME",
            "value": "www.tomatoes100.com.s3-website.eu-west-2.amazonaws.com",
            "zone_id": "d87b52e4f8aa802940092f8ca9cda297"
          },
          "private": "eyJzY2hlbWFfdmVyc2lvbiI6IjEifQ==",
          "dependencies": [
            "module.tomatoes100.cloudflare_zone.zone"
          ]
        }
      ]
    },
    {
      "module": "module.rt100movies",
      "mode": "managed",
      "type": "cloudflare_record",
      "name": "www",
      "each": "list",
      "provider": "provider.cloudflare",
      "instances": [
        {
          "index_key": 0,
          "schema_version": 1,
          "attributes": {
            "created_on": "2020-06-22T21:11:46.825341Z",
            "data": {},
            "hostname": "www.rt100movies.com",
            "id": "b0c4430c6dfff8b5dc768286ef6850fa",
            "metadata": {
              "auto_added": "false",
              "managed_by_apps": "false",
              "managed_by_argo_tunnel": "false",
              "source": "primary"
            },
            "modified_on": "2020-06-22T21:11:46.825341Z",
            "name": "www",
            "priority": 0,
            "proxiable": true,
            "proxied": false,
            "ttl": 3600,
            "type": "CNAME",
            "value": "www.rt100movies.com.s3-website.eu-west-2.amazonaws.com",
            "zone_id": "40dd0798fccd9b570c719b5dbf87cab8"
          },
          "private": "eyJzY2hlbWFfdmVyc2lvbiI6IjEifQ==",
          "dependencies": [
            "module.rt100movies.cloudflare_zone.zone"
          ]
        }
      ]
    },
    {
      "module": "module.rotten100",
      "mode": "managed",
      "type": "cloudflare_record",
      "name": "www",
      "each": "list",
      "provider": "provider.cloudflare",
      "instances": [
        {
          "index_key": 0,
          "schema_version": 1,
          "attributes": {
            "created_on": "2020-06-22T21:11:56.926755Z",
            "data": {},
            "hostname": "www.rotten100.com",
            "id": "7bf11c0419f47dbd1ab9bce2cc4b1459",
            "metadata": {
              "auto_added": "false",
              "managed_by_apps": "false",
              "managed_by_argo_tunnel": "false",
              "source": "primary"
            },
            "modified_on": "2020-06-22T21:11:56.926755Z",
            "name": "www",
            "priority": 0,
            "proxiable": true,
            "proxied": false,
            "ttl": 3600,
            "type": "CNAME",
            "value": "www.rotten100.com.s3-website.eu-west-2.amazonaws.com",
            "zone_id": "3cd8df166a100f95f3f12fe7ae3268e9"
          },
          "private": "eyJzY2hlbWFfdmVyc2lvbiI6IjEifQ==",
          "dependencies": [
            "module.rotten100.cloudflare_zone.zone"
          ]
        }
      ]
    },
    {
      "module": "module.thetoptomato100",
      "mode": "managed",
      "type": "cloudflare_record",
      "name": "www",
      "each": "list",
      "provider": "provider.cloudflare",
      "instances": [
        {
          "index_key": 0,
          "schema_version": 1,
          "attributes": {
            "created_on": "2020-06-22T21:11:52.08155Z",
            "data": {},
            "hostname": "www.thetoptomato100.com",
            "id": "73a0b121d0838995d002710a8df25e92",
            "metadata": {
              "auto_added": "false",
              "managed_by_apps": "false",
              "managed_by_argo_tunnel": "false",
              "source": "primary"
            },
            "modified_on": "2020-06-22T21:11:52.08155Z",
            "name": "www",
            "priority": 0,
            "proxiable": true,
            "proxied": false,
            "ttl": 3600,
            "type": "CNAME",
            "value": "www.thetoptomato100.com.s3-website.eu-west-2.amazonaws.com",
            "zone_id": "e5d322d118ebe0f9f5b5480db1bdc626"
          },
          "private": "eyJzY2hlbWFfdmVyc2lvbiI6IjEifQ==",
          "dependencies": [
            "module.thetoptomato100.cloudflare_zone.zone"
          ]
        }
      ]
    },
    {
      "module": "module._100rotten_net",
      "mode": "managed",
      "type": "cloudflare_record",
      "name": "www",
      "each": "list",
      "provider": "provider.cloudflare",
      "instances": [
        {
          "index_key": 0,
          "schema_version": 1,
          "attributes": {
            "created_on": "2020-06-22T21:11:55.809589Z",
            "data": {},
            "hostname": "www.100rotten.net",
            "id": "a554573e71a8ac691cfa2201ebbad800",
            "metadata": {
              "auto_added": "false",
              "managed_by_apps": "false",
              "managed_by_argo_tunnel": "false",
              "source": "primary"
            },
            "modified_on": "2020-06-22T21:11:55.809589Z",
            "name": "www",
            "priority": 0,
            "proxiable": true,
            "proxied": false,
            "ttl": 3600,
            "type": "CNAME",
            "value": "www.100rotten.net.s3-website.eu-west-2.amazonaws.com",
            "zone_id": "c45238df1cb0c101a70d5bc01611a2ef"
          },
          "private": "eyJzY2hlbWFfdmVyc2lvbiI6IjEifQ==",
          "dependencies": [
            "module._100rotten_net.cloudflare_zone.zone"
          ]
        }
      ]
    },
    {
      "module": "module._100rotten_com",
      "mode": "managed",
      "type": "cloudflare_record",
      "name": "www",
      "each": "list",
      "provider": "provider.cloudflare",
      "instances": [
        {
          "index_key": 0,
          "schema_version": 1,
          "attributes": {
            "created_on": "2020-06-22T21:11:44.924806Z",
            "data": {},
            "hostname": "www.100rotten.com",
            "id": "970ebfc3df9aa41ab52c105d01a950a1",
            "metadata": {
              "auto_added": "false",
              "managed_by_apps": "false",
              "managed_by_argo_tunnel": "false",
              "source": "primary"
            },
            "modified_on": "2020-06-22T21:11:44.924806Z",
            "name": "www",
            "priority": 0,
            "proxiable": true,
            "proxied": false,
            "ttl": 3600,
            "type": "CNAME",
            "value": "www.100rotten.com.s3-website.eu-west-2.amazonaws.com",
            "zone_id": "a8b7b4ad4a66693f9a19c9d5d25be22e"
          },
          "private": "eyJzY2hlbWFfdmVyc2lvbiI6IjEifQ==",
          "dependencies": [
            "module._100rotten_com.cloudflare_zone.zone"
          ]
        }
      ]
    },
    {
      "module": "module.rotten100_net",
      "mode": "managed",
      "type": "cloudflare_record",
      "name": "www",
      "each": "list",
      "provider": "provider.cloudflare",
      "instances": [
        {
          "index_key": 0,
          "schema_version": 1,
          "attributes": {
            "created_on": "2020-06-22T21:11:45.570444Z",
            "data": {},
            "hostname": "www.rotten100.net",
            "id": "2539fafbce340f530d110d8755da7588",
            "metadata": {
              "auto_added": "false",
              "managed_by_apps": "false",
              "managed_by_argo_tunnel": "false",
              "source": "primary"
            },
            "modified_on": "2020-06-22T21:11:45.570444Z",
            "name": "www",
            "priority": 0,
            "proxiable": true,
            "proxied": false,
            "ttl": 3600,
            "type": "CNAME",
            "value": "www.rotten100.net.s3-website.eu-west-2.amazonaws.com",
            "zone_id": "18eedd56153deb2251b7a9b534a995ca"
          },
          "private": "eyJzY2hlbWFfdmVyc2lvbiI6IjEifQ==",
          "dependencies": [
            "module.rotten100_net.cloudflare_zone.zone"
          ]
        }
      ]
    },
    {
      "module": "module.demo",
      "mode": "managed",
      "type": "cloudflare_record",
      "name": "www",
      "each": "list",
      "provider": "provider.cloudflare",
      "instances": []
    },
    {
      "module": "module.rt100films",
      "mode": "managed",
      "type": "cloudflare_record",
      "name": "www",
      "each": "list",
      "provider": "provider.cloudflare",
      "instances": [
        {
          "index_key": 0,
          "schema_version": 1,
          "attributes": {
            "created_on": "2020-06-22T21:11:47.059105Z",
            "data": {},
            "hostname": "www.rt100films.com",
            "id": "0bd89e9ccc44e1d6ce1658d86a027bbd",
            "metadata": {
              "auto_added": "false",
              "managed_by_apps": "false",
              "managed_by_argo_tunnel": "false",
              "source": "primary"
            },
            "modified_on": "2020-06-22T21:11:47.059105Z",
            "name": "www",
            "priority": 0,
            "proxiable": true,
            "proxied": false,
            "ttl": 3600,
            "type": "CNAME",
            "value": "www.rt100films.com.s3-website.eu-west-2.amazonaws.com",
            "zone_id": "5f90885ac974cc51d33ab9e611c9bcea"
          },
          "private": "eyJzY2hlbWFfdmVyc2lvbiI6IjEifQ==",
          "dependencies": [
            "module.rt100films.cloudflare_zone.zone"
          ]
        }
      ]
    },
    {
      "module": "module.rotten100films",
      "mode": "managed",
      "type": "cloudflare_record",
      "name": "www",
      "each": "list",
      "provider": "provider.cloudflare",
      "instances": [
        {
          "index_key": 0,
          "schema_version": 1,
          "attributes": {
            "created_on": "2020-06-22T21:11:48.35861Z",
            "data": {},
            "hostname": "www.rotten100films.com",
            "id": "47b0b550d9c4f03b1523bf4c2d93419e",
            "metadata": {
              "auto_added": "false",
              "managed_by_apps": "false",
              "managed_by_argo_tunnel": "false",
              "source": "primary"
            },
            "modified_on": "2020-06-22T21:11:48.35861Z",
            "name": "www",
            "priority": 0,
            "proxiable": true,
            "proxied": false,
            "ttl": 3600,
            "type": "CNAME",
            "value": "www.rotten100films.com.s3-website.eu-west-2.amazonaws.com",
            "zone_id": "994df03f79a5d658ca161d1c120ca6ec"
          },
          "private": "eyJzY2hlbWFfdmVyc2lvbiI6IjEifQ==",
          "dependencies": [
            "module.rotten100films.cloudflare_zone.zone"
          ]
        }
      ]
    },
    {
      "module": "module.toms100films",
      "mode": "managed",
      "type": "cloudflare_record",
      "name": "www",
      "each": "list",
      "provider": "provider.cloudflare",
      "instances": [
        {
          "index_key": 0,
          "schema_version": 1,
          "attributes": {
            "created_on": "2020-06-22T21:11:44.924235Z",
            "data": {},
            "hostname": "www.toms100films.com",
            "id": "fa1306d362e8391d821f8960b7755e8f",
            "metadata": {
              "auto_added": "false",
              "managed_by_apps": "false",
              "managed_by_argo_tunnel": "false",
              "source": "primary"
            },
            "modified_on": "2020-06-22T21:11:44.924235Z",
            "name": "www",
            "priority": 0,
            "proxiable": true,
            "proxied": false,
            "ttl": 3600,
            "type": "CNAME",
            "value": "www.toms100films.com.s3-website.eu-west-2.amazonaws.com",
            "zone_id": "ebd3a59d5ee82b4b6cb4190a25c25654"
          },
          "private": "eyJzY2hlbWFfdmVyc2lvbiI6IjEifQ==",
          "dependencies": [
            "module.toms100films.cloudflare_zone.zone"
          ]
        }
      ]
    },
    {
      "module": "module.tomatoes100_net",
      "mode": "managed",
      "type": "cloudflare_record",
      "name": "www",
      "each": "list",
      "provider": "provider.cloudflare",
      "instances": [
        {
          "index_key": 0,
          "schema_version": 1,
          "attributes": {
            "created_on": "2020-06-22T21:11:53.890108Z",
            "data": {},
            "hostname": "www.tomatoes100.net",
            "id": "bfd837532e76d2dd0fcf2050fd171284",
            "metadata": {
              "auto_added": "false",
              "managed_by_apps": "false",
              "managed_by_argo_tunnel": "false",
              "source": "primary"
            },
            "modified_on": "2020-06-22T21:11:53.890108Z",
            "name": "www",
            "priority": 0,
            "proxiable": true,
            "proxied": false,
            "ttl": 3600,
            "type": "CNAME",
            "value": "www.tomatoes100.net.s3-website.eu-west-2.amazonaws.com",
            "zone_id": "ac2112a5979f33a9fa1264d5236b512e"
          },
          "private": "eyJzY2hlbWFfdmVyc2lvbiI6IjEifQ==",
          "dependencies": [
            "module.tomatoes100_net.cloudflare_zone.zone"
          ]
        }
      ]
    },
    {
      "module": "module.rottenfilms100",
      "mode": "managed",
      "type": "cloudflare_zone",
      "name": "zone",
      "each": "list",
      "provider": "provider.cloudflare",
      "instances": [
        {
          "index_key": 0,
          "schema_version": 0,
          "attributes": {
            "id": "12daff5dbf446fef66e73113aec0871f",
            "jump_start": null,
            "meta": {
              "phishing_detected": "false",
              "wildcard_proxiable": "false"
            },
            "name_servers": [
              "marjory.ns.cloudflare.com",
              "thomas.ns.cloudflare.com"
            ],
            "paused": false,
            "plan": "free",
            "status": "pending",
            "type": "full",
            "vanity_name_servers": [],
            "verification_key": "",
            "zone": "rottenfilms100.com"
          },
          "private": "bnVsbA=="
        }
      ]
    },
    {
      "module": "module.tomatoes100",
      "mode": "managed",
      "type": "cloudflare_zone",
      "name": "zone",
      "each": "list",
      "provider": "provider.cloudflare",
      "instances": [
        {
          "index_key": 0,
          "schema_version": 0,
          "attributes": {
            "id": "d87b52e4f8aa802940092f8ca9cda297",
            "jump_start": null,
            "meta": {
              "phishing_detected": "false",
              "wildcard_proxiable": "false"
            },
            "name_servers": [
              "marjory.ns.cloudflare.com",
              "thomas.ns.cloudflare.com"
            ],
            "paused": false,
            "plan": "free",
            "status": "pending",
            "type": "full",
            "vanity_name_servers": [],
            "verification_key": "",
            "zone": "tomatoes100.com"
          },
          "private": "bnVsbA=="
        }
      ]
    },
    {
      "module": "module.rt100movies",
      "mode": "managed",
      "type": "cloudflare_zone",
      "name": "zone",
      "each": "list",
      "provider": "provider.cloudflare",
      "instances": [
        {
          "index_key": 0,
          "schema_version": 0,
          "attributes": {
            "id": "40dd0798fccd9b570c719b5dbf87cab8",
            "jump_start": null,
            "meta": {
              "phishing_detected": "false",
              "wildcard_proxiable": "false"
            },
            "name_servers": [
              "marjory.ns.cloudflare.com",
              "thomas.ns.cloudflare.com"
            ],
            "paused": false,
            "plan": "free",
            "status": "pending",
            "type": "full",
            "vanity_name_servers": [],
            "verification_key": "",
            "zone": "rt100movies.com"
          },
          "private": "bnVsbA=="
        }
      ]
    },
    {
      "module": "module.rotten100",
      "mode": "managed",
      "type": "cloudflare_zone",
      "name": "zone",
      "each": "list",
      "provider": "provider.cloudflare",
      "instances": [
        {
          "index_key": 0,
          "schema_version": 0,
          "attributes": {
            "id": "3cd8df166a100f95f3f12fe7ae3268e9",
            "jump_start": null,
            "meta": {
              "phishing_detected": "false",
              "wildcard_proxiable": "false"
            },
            "name_servers": [
              "marjory.ns.cloudflare.com",
              "thomas.ns.cloudflare.com"
            ],
            "paused": false,
            "plan": "free",
            "status": "pending",
            "type": "full",
            "vanity_name_servers": [],
            "verification_key": "",
            "zone": "rotten100.com"
          },
          "private": "bnVsbA=="
        }
      ]
    },
    {
      "module": "module.thetoptomato100",
      "mode": "managed",
      "type": "cloudflare_zone",
      "name": "zone",
      "each": "list",
      "provider": "provider.cloudflare",
      "instances": [
        {
          "index_key": 0,
          "schema_version": 0,
          "attributes": {
            "id": "e5d322d118ebe0f9f5b5480db1bdc626",
            "jump_start": null,
            "meta": {
              "phishing_detected": "false",
              "wildcard_proxiable": "false"
            },
            "name_servers": [
              "marjory.ns.cloudflare.com",
              "thomas.ns.cloudflare.com"
            ],
            "paused": false,
            "plan": "free",
            "status": "pending",
            "type": "full",
            "vanity_name_servers": [],
            "verification_key": "",
            "zone": "thetoptomato100.com"
          },
          "private": "bnVsbA=="
        }
      ]
    },
    {
      "module": "module._100rotten_net",
      "mode": "managed",
      "type": "cloudflare_zone",
      "name": "zone",
      "each": "list",
      "provider": "provider.cloudflare",
      "instances": [
        {
          "index_key": 0,
          "schema_version": 0,
          "attributes": {
            "id": "c45238df1cb0c101a70d5bc01611a2ef",
            "jump_start": null,
            "meta": {
              "phishing_detected": "false",
              "wildcard_proxiable": "false"
            },
            "name_servers": [
              "marjory.ns.cloudflare.com",
              "thomas.ns.cloudflare.com"
            ],
            "paused": false,
            "plan": "free",
            "status": "pending",
            "type": "full",
            "vanity_name_servers": [],
            "verification_key": "",
            "zone": "100rotten.net"
          },
          "private": "bnVsbA=="
        }
      ]
    },
    {
      "module": "module._100rotten_com",
      "mode": "managed",
      "type": "cloudflare_zone",
      "name": "zone",
      "each": "list",
      "provider": "provider.cloudflare",
      "instances": [
        {
          "index_key": 0,
          "schema_version": 0,
          "attributes": {
            "id": "a8b7b4ad4a66693f9a19c9d5d25be22e",
            "jump_start": null,
            "meta": {
              "phishing_detected": "false",
              "wildcard_proxiable": "false"
            },
            "name_servers": [
              "marjory.ns.cloudflare.com",
              "thomas.ns.cloudflare.com"
            ],
            "paused": false,
            "plan": "free",
            "status": "pending",
            "type": "full",
            "vanity_name_servers": [],
            "verification_key": "",
            "zone": "100rotten.com"
          },
          "private": "bnVsbA=="
        }
      ]
    },
    {
      "module": "module.rotten100_net",
      "mode": "managed",
      "type": "cloudflare_zone",
      "name": "zone",
      "each": "list",
      "provider": "provider.cloudflare",
      "instances": [
        {
          "index_key": 0,
          "schema_version": 0,
          "attributes": {
            "id": "18eedd56153deb2251b7a9b534a995ca",
            "jump_start": null,
            "meta": {
              "phishing_detected": "false",
              "wildcard_proxiable": "false"
            },
            "name_servers": [
              "marjory.ns.cloudflare.com",
              "thomas.ns.cloudflare.com"
            ],
            "paused": false,
            "plan": "free",
            "status": "pending",
            "type": "full",
            "vanity_name_servers": [],
            "verification_key": "",
            "zone": "rotten100.net"
          },
          "private": "bnVsbA=="
        }
      ]
    },
    {
      "module": "module.demo",
      "mode": "managed",
      "type": "cloudflare_zone",
      "name": "zone",
      "each": "list",
      "provider": "provider.cloudflare",
      "instances": []
    },
    {
      "module": "module.rt100films",
      "mode": "managed",
      "type": "cloudflare_zone",
      "name": "zone",
      "each": "list",
      "provider": "provider.cloudflare",
      "instances": [
        {
          "index_key": 0,
          "schema_version": 0,
          "attributes": {
            "id": "5f90885ac974cc51d33ab9e611c9bcea",
            "jump_start": null,
            "meta": {
              "phishing_detected": "false",
              "wildcard_proxiable": "false"
            },
            "name_servers": [
              "marjory.ns.cloudflare.com",
              "thomas.ns.cloudflare.com"
            ],
            "paused": false,
            "plan": "free",
            "status": "pending",
            "type": "full",
            "vanity_name_servers": [],
            "verification_key": "",
            "zone": "rt100films.com"
          },
          "private": "bnVsbA=="
        }
      ]
    },
    {
      "module": "module.rotten100films",
      "mode": "managed",
      "type": "cloudflare_zone",
      "name": "zone",
      "each": "list",
      "provider": "provider.cloudflare",
      "instances": [
        {
          "index_key": 0,
          "schema_version": 0,
          "attributes": {
            "id": "994df03f79a5d658ca161d1c120ca6ec",
            "jump_start": null,
            "meta": {
              "phishing_detected": "false",
              "wildcard_proxiable": "false"
            },
            "name_servers": [
              "marjory.ns.cloudflare.com",
              "thomas.ns.cloudflare.com"
            ],
            "paused": false,
            "plan": "free",
            "status": "pending",
            "type": "full",
            "vanity_name_servers": [],
            "verification_key": "",
            "zone": "rotten100films.com"
          },
          "private": "bnVsbA=="
        }
      ]
    },
    {
      "module": "module.toms100films",
      "mode": "managed",
      "type": "cloudflare_zone",
      "name": "zone",
      "each": "list",
      "provider": "provider.cloudflare",
      "instances": [
        {
          "index_key": 0,
          "schema_version": 0,
          "attributes": {
            "id": "ebd3a59d5ee82b4b6cb4190a25c25654",
            "jump_start": null,
            "meta": {
              "phishing_detected": "false",
              "wildcard_proxiable": "false"
            },
            "name_servers": [
              "marjory.ns.cloudflare.com",
              "thomas.ns.cloudflare.com"
            ],
            "paused": false,
            "plan": "free",
            "status": "pending",
            "type": "full",
            "vanity_name_servers": [],
            "verification_key": "",
            "zone": "toms100films.com"
          },
          "private": "bnVsbA=="
        }
      ]
    },
    {
      "module": "module.tomatoes100_net",
      "mode": "managed",
      "type": "cloudflare_zone",
      "name": "zone",
      "each": "list",
      "provider": "provider.cloudflare",
      "instances": [
        {
          "index_key": 0,
          "schema_version": 0,
          "attributes": {
            "id": "ac2112a5979f33a9fa1264d5236b512e",
            "jump_start": null,
            "meta": {
              "phishing_detected": "false",
              "wildcard_proxiable": "false"
            },
            "name_servers": [
              "marjory.ns.cloudflare.com",
              "thomas.ns.cloudflare.com"
            ],
            "paused": false,
            "plan": "free",
            "status": "pending",
            "type": "full",
            "vanity_name_servers": [],
            "verification_key": "",
            "zone": "tomatoes100.net"
          },
          "private": "bnVsbA=="
        }
      ]
    }
  ]
}
