{
  "version": 4,
  "terraform_version": "0.12.24",
  "serial": 117,
  "lineage": "5929ae31-8a8c-c371-0445-10ae40304261",
  "outputs": {
    "demo": {
      "value": [
        "ns-1420.awsdns-49.org",
        "ns-1574.awsdns-04.co.uk",
        "ns-626.awsdns-14.net",
        "ns-83.awsdns-10.com"
      ],
      "type": [
        "list",
        "string"
      ]
    },
    "rotten100": {
      "value": [
        "ns-1270.awsdns-30.org",
        "ns-1784.awsdns-31.co.uk",
        "ns-279.awsdns-34.com",
        "ns-790.awsdns-34.net"
      ],
      "type": [
        "list",
        "string"
      ]
    },
    "rotten100films": {
      "value": [
        "ns-1049.awsdns-03.org",
        "ns-1630.awsdns-11.co.uk",
        "ns-404.awsdns-50.com",
        "ns-732.awsdns-27.net"
      ],
      "type": [
        "list",
        "string"
      ]
    },
    "rottenfilms100": {
      "value": [
        "ns-1089.awsdns-08.org",
        "ns-1890.awsdns-44.co.uk",
        "ns-754.awsdns-30.net",
        "ns-92.awsdns-11.com"
      ],
      "type": [
        "list",
        "string"
      ]
    },
    "rt100films": {
      "value": [
        "ns-1435.awsdns-51.org",
        "ns-1805.awsdns-33.co.uk",
        "ns-211.awsdns-26.com",
        "ns-712.awsdns-25.net"
      ],
      "type": [
        "list",
        "string"
      ]
    },
    "rt100movies": {
      "value": [
        "ns-1416.awsdns-49.org",
        "ns-167.awsdns-20.com",
        "ns-1854.awsdns-39.co.uk",
        "ns-824.awsdns-39.net"
      ],
      "type": [
        "list",
        "string"
      ]
    },
    "thetoptomato100": {
      "value": [
        "ns-1467.awsdns-55.org",
        "ns-1769.awsdns-29.co.uk",
        "ns-483.awsdns-60.com",
        "ns-882.awsdns-46.net"
      ],
      "type": [
        "list",
        "string"
      ]
    },
    "tomatoes100": {
      "value": [
        "ns-1399.awsdns-46.org",
        "ns-1946.awsdns-51.co.uk",
        "ns-283.awsdns-35.com",
        "ns-817.awsdns-38.net"
      ],
      "type": [
        "list",
        "string"
      ]
    },
    "toms100films": {
      "value": [
        "ns-1311.awsdns-35.org",
        "ns-1827.awsdns-36.co.uk",
        "ns-281.awsdns-35.com",
        "ns-788.awsdns-34.net"
      ],
      "type": [
        "list",
        "string"
      ]
    }
  },
  "resources": [
    {
      "module": "module.tomatoes100",
      "mode": "managed",
      "type": "aws_iam_policy",
      "name": "policy",
      "provider": "provider.aws",
      "instances": [
        {
          "schema_version": 0,
          "attributes": {
            "arn": "arn:aws:iam::557195821817:policy/terraform-20200531122529018300000008",
            "description": "",
            "id": "arn:aws:iam::557195821817:policy/terraform-20200531122529018300000008",
            "name": "terraform-20200531122529018300000008",
            "name_prefix": null,
            "path": "/",
            "policy": "{\n    \"Version\": \"2012-10-17\",\n    \"Statement\": [\n        {\n            \"Effect\": \"Allow\",\n            \"Action\": [\n                \"s3:PutObject\",\n                \"s3:GetObject\"\n            ],\n            \"Resource\": \"arn:aws:s3:::www.tomatoes100.com/*\"\n            \n        }\n    ]\n}\n"
          },
          "private": "bnVsbA=="
        }
      ]
    },
    {
      "module": "module.rottenfilms100",
      "mode": "managed",
      "type": "aws_iam_policy",
      "name": "policy",
      "provider": "provider.aws",
      "instances": [
        {
          "schema_version": 0,
          "attributes": {
            "arn": "arn:aws:iam::557195821817:policy/terraform-20200529124858976900000001",
            "description": "",
            "id": "arn:aws:iam::557195821817:policy/terraform-20200529124858976900000001",
            "name": "terraform-20200529124858976900000001",
            "name_prefix": null,
            "path": "/",
            "policy": "{\n    \"Version\": \"2012-10-17\",\n    \"Statement\": [\n        {\n            \"Effect\": \"Allow\",\n            \"Action\": [\n                \"s3:PutObject\",\n                \"s3:GetObject\"\n            ],\n            \"Resource\": \"arn:aws:s3:::www.rottenfilms100.com/*\"\n            \n        }\n    ]\n}\n"
          },
          "private": "bnVsbA=="
        }
      ]
    },
    {
      "module": "module.rt100films",
      "mode": "managed",
      "type": "aws_iam_policy",
      "name": "policy",
      "provider": "provider.aws",
      "instances": [
        {
          "schema_version": 0,
          "attributes": {
            "arn": "arn:aws:iam::557195821817:policy/terraform-20200531122527432700000002",
            "description": "",
            "id": "arn:aws:iam::557195821817:policy/terraform-20200531122527432700000002",
            "name": "terraform-20200531122527432700000002",
            "name_prefix": null,
            "path": "/",
            "policy": "{\n    \"Version\": \"2012-10-17\",\n    \"Statement\": [\n        {\n            \"Effect\": \"Allow\",\n            \"Action\": [\n                \"s3:PutObject\",\n                \"s3:GetObject\"\n            ],\n            \"Resource\": \"arn:aws:s3:::www.rt100films.com/*\"\n            \n        }\n    ]\n}\n"
          },
          "private": "bnVsbA=="
        }
      ]
    },
    {
      "module": "module.toms100films",
      "mode": "managed",
      "type": "aws_iam_policy",
      "name": "policy",
      "provider": "provider.aws",
      "instances": [
        {
          "schema_version": 0,
          "attributes": {
            "arn": "arn:aws:iam::557195821817:policy/terraform-20200531122527432700000003",
            "description": "",
            "id": "arn:aws:iam::557195821817:policy/terraform-20200531122527432700000003",
            "name": "terraform-20200531122527432700000003",
            "name_prefix": null,
            "path": "/",
            "policy": "{\n    \"Version\": \"2012-10-17\",\n    \"Statement\": [\n        {\n            \"Effect\": \"Allow\",\n            \"Action\": [\n                \"s3:PutObject\",\n                \"s3:GetObject\"\n            ],\n            \"Resource\": \"arn:aws:s3:::www.toms100films.com/*\"\n            \n        }\n    ]\n}\n"
          },
          "private": "bnVsbA=="
        }
      ]
    },
    {
      "module": "module.demo",
      "mode": "managed",
      "type": "aws_iam_policy",
      "name": "policy",
      "provider": "provider.aws",
      "instances": [
        {
          "schema_version": 0,
          "attributes": {
            "arn": "arn:aws:iam::557195821817:policy/terraform-20200528195945906900000002",
            "description": "",
            "id": "arn:aws:iam::557195821817:policy/terraform-20200528195945906900000002",
            "name": "terraform-20200528195945906900000002",
            "name_prefix": null,
            "path": "/",
            "policy": "{\n    \"Version\": \"2012-10-17\",\n    \"Statement\": [\n        {\n            \"Effect\": \"Allow\",\n            \"Action\": [\n                \"s3:PutObject\",\n                \"s3:GetObject\"\n            ],\n            \"Resource\": \"arn:aws:s3:::demo.zoomfab.info/*\"\n            \n        }\n    ]\n}\n"
          },
          "private": "bnVsbA=="
        }
      ]
    },
    {
      "module": "module.thetoptomato100",
      "mode": "managed",
      "type": "aws_iam_policy",
      "name": "policy",
      "provider": "provider.aws",
      "instances": [
        {
          "schema_version": 0,
          "attributes": {
            "arn": "arn:aws:iam::557195821817:policy/terraform-20200529214226316900000001",
            "description": "",
            "id": "arn:aws:iam::557195821817:policy/terraform-20200529214226316900000001",
            "name": "terraform-20200529214226316900000001",
            "name_prefix": null,
            "path": "/",
            "policy": "{\n    \"Version\": \"2012-10-17\",\n    \"Statement\": [\n        {\n            \"Effect\": \"Allow\",\n            \"Action\": [\n                \"s3:PutObject\",\n                \"s3:GetObject\"\n            ],\n            \"Resource\": \"arn:aws:s3:::www.thetoptomato100.com/*\"\n            \n        }\n    ]\n}\n"
          },
          "private": "bnVsbA=="
        }
      ]
    },
    {
      "module": "module.rt100movies",
      "mode": "managed",
      "type": "aws_iam_policy",
      "name": "policy",
      "provider": "provider.aws",
      "instances": [
        {
          "schema_version": 0,
          "attributes": {
            "arn": "arn:aws:iam::557195821817:policy/terraform-20200531122527432100000001",
            "description": "",
            "id": "arn:aws:iam::557195821817:policy/terraform-20200531122527432100000001",
            "name": "terraform-20200531122527432100000001",
            "name_prefix": null,
            "path": "/",
            "policy": "{\n    \"Version\": \"2012-10-17\",\n    \"Statement\": [\n        {\n            \"Effect\": \"Allow\",\n            \"Action\": [\n                \"s3:PutObject\",\n                \"s3:GetObject\"\n            ],\n            \"Resource\": \"arn:aws:s3:::www.rt100movies.com/*\"\n            \n        }\n    ]\n}\n"
          },
          "private": "bnVsbA=="
        }
      ]
    },
    {
      "module": "module.rotten100films",
      "mode": "managed",
      "type": "aws_iam_policy",
      "name": "policy",
      "provider": "provider.aws",
      "instances": [
        {
          "schema_version": 0,
          "attributes": {
            "arn": "arn:aws:iam::557195821817:policy/terraform-20200528203314544500000001",
            "description": "",
            "id": "arn:aws:iam::557195821817:policy/terraform-20200528203314544500000001",
            "name": "terraform-20200528203314544500000001",
            "name_prefix": null,
            "path": "/",
            "policy": "{\n    \"Version\": \"2012-10-17\",\n    \"Statement\": [\n        {\n            \"Effect\": \"Allow\",\n            \"Action\": [\n                \"s3:PutObject\",\n                \"s3:GetObject\"\n            ],\n            \"Resource\": \"arn:aws:s3:::www.rotten100films.com/*\"\n            \n        }\n    ]\n}\n"
          },
          "private": "bnVsbA=="
        }
      ]
    },
    {
      "module": "module.rotten100",
      "mode": "managed",
      "type": "aws_iam_policy",
      "name": "policy",
      "provider": "provider.aws",
      "instances": [
        {
          "schema_version": 0,
          "attributes": {
            "arn": "arn:aws:iam::557195821817:policy/terraform-20200528195945906600000001",
            "description": "",
            "id": "arn:aws:iam::557195821817:policy/terraform-20200528195945906600000001",
            "name": "terraform-20200528195945906600000001",
            "name_prefix": null,
            "path": "/",
            "policy": "{\n    \"Version\": \"2012-10-17\",\n    \"Statement\": [\n        {\n            \"Effect\": \"Allow\",\n            \"Action\": [\n                \"s3:PutObject\",\n                \"s3:GetObject\"\n            ],\n            \"Resource\": \"arn:aws:s3:::www.rotten100.com/*\"\n            \n        }\n    ]\n}\n"
          },
          "private": "bnVsbA=="
        }
      ]
    },
    {
      "module": "module.tomatoes100",
      "mode": "managed",
      "type": "aws_iam_role_policy_attachment",
      "name": "policy-attach",
      "provider": "provider.aws",
      "instances": [
        {
          "schema_version": 0,
          "attributes": {
            "id": "lee-test-executor-2020053112253122180000000c",
            "policy_arn": "arn:aws:iam::557195821817:policy/terraform-20200531122529018300000008",
            "role": "lee-test-executor"
          },
          "private": "bnVsbA==",
          "dependencies": [
            "module.tomatoes100.aws_iam_policy.policy"
          ]
        }
      ]
    },
    {
      "module": "module.rottenfilms100",
      "mode": "managed",
      "type": "aws_iam_role_policy_attachment",
      "name": "policy-attach",
      "provider": "provider.aws",
      "instances": [
        {
          "schema_version": 0,
          "attributes": {
            "id": "lee-test-executor-20200529124900863900000003",
            "policy_arn": "arn:aws:iam::557195821817:policy/terraform-20200529124858976900000001",
            "role": "lee-test-executor"
          },
          "private": "bnVsbA==",
          "dependencies": [
            "module.rottenfilms100.aws_iam_policy.policy"
          ]
        }
      ]
    },
    {
      "module": "module.rt100films",
      "mode": "managed",
      "type": "aws_iam_role_policy_attachment",
      "name": "policy-attach",
      "provider": "provider.aws",
      "instances": [
        {
          "schema_version": 0,
          "attributes": {
            "id": "lee-test-executor-2020053112253048850000000a",
            "policy_arn": "arn:aws:iam::557195821817:policy/terraform-20200531122527432700000002",
            "role": "lee-test-executor"
          },
          "private": "bnVsbA==",
          "dependencies": [
            "module.rt100films.aws_iam_policy.policy"
          ]
        }
      ]
    },
    {
      "module": "module.toms100films",
      "mode": "managed",
      "type": "aws_iam_role_policy_attachment",
      "name": "policy-attach",
      "provider": "provider.aws",
      "instances": [
        {
          "schema_version": 0,
          "attributes": {
            "id": "lee-test-executor-2020053112253052610000000b",
            "policy_arn": "arn:aws:iam::557195821817:policy/terraform-20200531122527432700000003",
            "role": "lee-test-executor"
          },
          "private": "bnVsbA==",
          "dependencies": [
            "module.toms100films.aws_iam_policy.policy"
          ]
        }
      ]
    },
    {
      "module": "module.demo",
      "mode": "managed",
      "type": "aws_iam_role_policy_attachment",
      "name": "policy-attach",
      "provider": "provider.aws",
      "instances": [
        {
          "schema_version": 0,
          "attributes": {
            "id": "lee-test-executor-20200528195947724500000003",
            "policy_arn": "arn:aws:iam::557195821817:policy/terraform-20200528195945906900000002",
            "role": "lee-test-executor"
          },
          "private": "bnVsbA==",
          "dependencies": [
            "module.demo.aws_iam_policy.policy"
          ]
        }
      ]
    },
    {
      "module": "module.thetoptomato100",
      "mode": "managed",
      "type": "aws_iam_role_policy_attachment",
      "name": "policy-attach",
      "provider": "provider.aws",
      "instances": [
        {
          "schema_version": 0,
          "attributes": {
            "id": "lee-test-executor-20200529214228093000000003",
            "policy_arn": "arn:aws:iam::557195821817:policy/terraform-20200529214226316900000001",
            "role": "lee-test-executor"
          },
          "private": "bnVsbA==",
          "dependencies": [
            "module.thetoptomato100.aws_iam_policy.policy"
          ]
        }
      ]
    },
    {
      "module": "module.rt100movies",
      "mode": "managed",
      "type": "aws_iam_role_policy_attachment",
      "name": "policy-attach",
      "provider": "provider.aws",
      "instances": [
        {
          "schema_version": 0,
          "attributes": {
            "id": "lee-test-executor-20200531122529246200000009",
            "policy_arn": "arn:aws:iam::557195821817:policy/terraform-20200531122527432100000001",
            "role": "lee-test-executor"
          },
          "private": "bnVsbA==",
          "dependencies": [
            "module.rt100movies.aws_iam_policy.policy"
          ]
        }
      ]
    },
    {
      "module": "module.rotten100films",
      "mode": "managed",
      "type": "aws_iam_role_policy_attachment",
      "name": "policy-attach",
      "provider": "provider.aws",
      "instances": [
        {
          "schema_version": 0,
          "attributes": {
            "id": "lee-test-executor-20200528203316237300000003",
            "policy_arn": "arn:aws:iam::557195821817:policy/terraform-20200528203314544500000001",
            "role": "lee-test-executor"
          },
          "private": "bnVsbA==",
          "dependencies": [
            "module.rotten100films.aws_iam_policy.policy"
          ]
        }
      ]
    },
    {
      "module": "module.rotten100",
      "mode": "managed",
      "type": "aws_iam_role_policy_attachment",
      "name": "policy-attach",
      "provider": "provider.aws",
      "instances": [
        {
          "schema_version": 0,
          "attributes": {
            "id": "lee-test-executor-20200528195947751900000004",
            "policy_arn": "arn:aws:iam::557195821817:policy/terraform-20200528195945906600000001",
            "role": "lee-test-executor"
          },
          "private": "bnVsbA==",
          "dependencies": [
            "module.rotten100.aws_iam_policy.policy"
          ]
        }
      ]
    },
    {
      "module": "module.tomatoes100",
      "mode": "managed",
      "type": "aws_route53_record",
      "name": "no-www",
      "provider": "provider.aws",
      "instances": [
        {
          "schema_version": 2,
          "attributes": {
            "alias": [],
            "allow_overwrite": null,
            "failover_routing_policy": [],
            "fqdn": "tomatoes100.com",
            "geolocation_routing_policy": [],
            "health_check_id": null,
            "id": "Z03387359KVZXGWVHIX9__A",
            "latency_routing_policy": [],
            "multivalue_answer_routing_policy": null,
            "name": "",
            "records": [
              "45.55.72.95"
            ],
            "set_identifier": null,
            "ttl": 86400,
            "type": "A",
            "weighted_routing_policy": [],
            "zone_id": "Z03387359KVZXGWVHIX9"
          },
          "private": "eyJzY2hlbWFfdmVyc2lvbiI6IjIifQ==",
          "dependencies": [
            "module.tomatoes100.aws_route53_zone.zone"
          ]
        }
      ]
    },
    {
      "module": "module.rottenfilms100",
      "mode": "managed",
      "type": "aws_route53_record",
      "name": "no-www",
      "provider": "provider.aws",
      "instances": [
        {
          "schema_version": 2,
          "attributes": {
            "alias": [],
            "allow_overwrite": null,
            "failover_routing_policy": [],
            "fqdn": "rottenfilms100.com",
            "geolocation_routing_policy": [],
            "health_check_id": "",
            "id": "Z0777607JVMEKJQFGF7A__A",
            "latency_routing_policy": [],
            "multivalue_answer_routing_policy": null,
            "name": "",
            "records": [
              "45.55.72.95"
            ],
            "set_identifier": "",
            "ttl": 86400,
            "type": "A",
            "weighted_routing_policy": [],
            "zone_id": "Z0777607JVMEKJQFGF7A"
          },
          "private": "eyJzY2hlbWFfdmVyc2lvbiI6IjIifQ==",
          "dependencies": [
            "module.rottenfilms100.aws_route53_zone.zone"
          ]
        }
      ]
    },
    {
      "module": "module.rt100films",
      "mode": "managed",
      "type": "aws_route53_record",
      "name": "no-www",
      "provider": "provider.aws",
      "instances": [
        {
          "schema_version": 2,
          "attributes": {
            "alias": [],
            "allow_overwrite": null,
            "failover_routing_policy": [],
            "fqdn": "rt100films.com",
            "geolocation_routing_policy": [],
            "health_check_id": null,
            "id": "Z0328538V02E27PF82LB__A",
            "latency_routing_policy": [],
            "multivalue_answer_routing_policy": null,
            "name": "",
            "records": [
              "45.55.72.95"
            ],
            "set_identifier": null,
            "ttl": 86400,
            "type": "A",
            "weighted_routing_policy": [],
            "zone_id": "Z0328538V02E27PF82LB"
          },
          "private": "eyJzY2hlbWFfdmVyc2lvbiI6IjIifQ==",
          "dependencies": [
            "module.rt100films.aws_route53_zone.zone"
          ]
        }
      ]
    },
    {
      "module": "module.toms100films",
      "mode": "managed",
      "type": "aws_route53_record",
      "name": "no-www",
      "provider": "provider.aws",
      "instances": [
        {
          "schema_version": 2,
          "attributes": {
            "alias": [],
            "allow_overwrite": null,
            "failover_routing_policy": [],
            "fqdn": "toms100films.com",
            "geolocation_routing_policy": [],
            "health_check_id": null,
            "id": "Z034747224RRUPWJHL7TJ__A",
            "latency_routing_policy": [],
            "multivalue_answer_routing_policy": null,
            "name": "",
            "records": [
              "45.55.72.95"
            ],
            "set_identifier": null,
            "ttl": 86400,
            "type": "A",
            "weighted_routing_policy": [],
            "zone_id": "Z034747224RRUPWJHL7TJ"
          },
          "private": "eyJzY2hlbWFfdmVyc2lvbiI6IjIifQ==",
          "dependencies": [
            "module.toms100films.aws_route53_zone.zone"
          ]
        }
      ]
    },
    {
      "module": "module.demo",
      "mode": "managed",
      "type": "aws_route53_record",
      "name": "no-www",
      "provider": "provider.aws",
      "instances": [
        {
          "schema_version": 2,
          "attributes": {
            "alias": [],
            "allow_overwrite": null,
            "failover_routing_policy": [],
            "fqdn": "demo.zoomfab.info",
            "geolocation_routing_policy": [],
            "health_check_id": "",
            "id": "Z072603319NAWXYRJP3DA__A",
            "latency_routing_policy": [],
            "multivalue_answer_routing_policy": null,
            "name": "",
            "records": [
              "45.55.72.95"
            ],
            "set_identifier": "",
            "ttl": 86400,
            "type": "A",
            "weighted_routing_policy": [],
            "zone_id": "Z072603319NAWXYRJP3DA"
          },
          "private": "eyJzY2hlbWFfdmVyc2lvbiI6IjIifQ==",
          "dependencies": [
            "module.demo.aws_route53_zone.zone"
          ]
        }
      ]
    },
    {
      "module": "module.thetoptomato100",
      "mode": "managed",
      "type": "aws_route53_record",
      "name": "no-www",
      "provider": "provider.aws",
      "instances": [
        {
          "schema_version": 2,
          "attributes": {
            "alias": [],
            "allow_overwrite": null,
            "failover_routing_policy": [],
            "fqdn": "thetoptomato100.com",
            "geolocation_routing_policy": [],
            "health_check_id": "",
            "id": "Z078262181DDMM29R8S3__A",
            "latency_routing_policy": [],
            "multivalue_answer_routing_policy": null,
            "name": "",
            "records": [
              "45.55.72.95"
            ],
            "set_identifier": "",
            "ttl": 86400,
            "type": "A",
            "weighted_routing_policy": [],
            "zone_id": "Z078262181DDMM29R8S3"
          },
          "private": "eyJzY2hlbWFfdmVyc2lvbiI6IjIifQ==",
          "dependencies": [
            "module.thetoptomato100.aws_route53_zone.zone"
          ]
        }
      ]
    },
    {
      "module": "module.rt100movies",
      "mode": "managed",
      "type": "aws_route53_record",
      "name": "no-www",
      "provider": "provider.aws",
      "instances": [
        {
          "schema_version": 2,
          "attributes": {
            "alias": [],
            "allow_overwrite": null,
            "failover_routing_policy": [],
            "fqdn": "rt100movies.com",
            "geolocation_routing_policy": [],
            "health_check_id": null,
            "id": "Z034725036Q7GSKSGH8QE__A",
            "latency_routing_policy": [],
            "multivalue_answer_routing_policy": null,
            "name": "",
            "records": [
              "45.55.72.95"
            ],
            "set_identifier": null,
            "ttl": 86400,
            "type": "A",
            "weighted_routing_policy": [],
            "zone_id": "Z034725036Q7GSKSGH8QE"
          },
          "private": "eyJzY2hlbWFfdmVyc2lvbiI6IjIifQ==",
          "dependencies": [
            "module.rt100movies.aws_route53_zone.zone"
          ]
        }
      ]
    },
    {
      "module": "module.rotten100films",
      "mode": "managed",
      "type": "aws_route53_record",
      "name": "no-www",
      "provider": "provider.aws",
      "instances": [
        {
          "schema_version": 2,
          "attributes": {
            "alias": [],
            "allow_overwrite": null,
            "failover_routing_policy": [],
            "fqdn": "rotten100films.com",
            "geolocation_routing_policy": [],
            "health_check_id": "",
            "id": "Z07561972D6AQRPWIIZFU__A",
            "latency_routing_policy": [],
            "multivalue_answer_routing_policy": null,
            "name": "",
            "records": [
              "45.55.72.95"
            ],
            "set_identifier": "",
            "ttl": 86400,
            "type": "A",
            "weighted_routing_policy": [],
            "zone_id": "Z07561972D6AQRPWIIZFU"
          },
          "private": "eyJzY2hlbWFfdmVyc2lvbiI6IjIifQ==",
          "dependencies": [
            "module.rotten100films.aws_route53_zone.zone"
          ]
        }
      ]
    },
    {
      "module": "module.rotten100",
      "mode": "managed",
      "type": "aws_route53_record",
      "name": "no-www",
      "provider": "provider.aws",
      "instances": [
        {
          "schema_version": 2,
          "attributes": {
            "alias": [],
            "allow_overwrite": null,
            "failover_routing_policy": [],
            "fqdn": "rotten100.com",
            "geolocation_routing_policy": [],
            "health_check_id": "",
            "id": "Z02863482LCWH6JGPEROG__A",
            "latency_routing_policy": [],
            "multivalue_answer_routing_policy": null,
            "name": "",
            "records": [
              "45.55.72.95"
            ],
            "set_identifier": "",
            "ttl": 86400,
            "type": "A",
            "weighted_routing_policy": [],
            "zone_id": "Z02863482LCWH6JGPEROG"
          },
          "private": "eyJzY2hlbWFfdmVyc2lvbiI6IjIifQ==",
          "dependencies": [
            "module.rotten100.aws_route53_zone.zone"
          ]
        }
      ]
    },
    {
      "module": "module.tomatoes100",
      "mode": "managed",
      "type": "aws_route53_record",
      "name": "txt",
      "provider": "provider.aws",
      "instances": [
        {
          "schema_version": 2,
          "attributes": {
            "alias": [],
            "allow_overwrite": null,
            "failover_routing_policy": [],
            "fqdn": "_redirect.tomatoes100.com",
            "geolocation_routing_policy": [],
            "health_check_id": null,
            "id": "Z03387359KVZXGWVHIX9__redirect_TXT",
            "latency_routing_policy": [],
            "multivalue_answer_routing_policy": null,
            "name": "_redirect",
            "records": [
              "Redirects from /* to http://www.tomatoes100.com/*"
            ],
            "set_identifier": null,
            "ttl": 86400,
            "type": "TXT",
            "weighted_routing_policy": [],
            "zone_id": "Z03387359KVZXGWVHIX9"
          },
          "private": "eyJzY2hlbWFfdmVyc2lvbiI6IjIifQ==",
          "dependencies": [
            "module.tomatoes100.aws_route53_zone.zone"
          ]
        }
      ]
    },
    {
      "module": "module.rottenfilms100",
      "mode": "managed",
      "type": "aws_route53_record",
      "name": "txt",
      "provider": "provider.aws",
      "instances": [
        {
          "schema_version": 2,
          "attributes": {
            "alias": [],
            "allow_overwrite": null,
            "failover_routing_policy": [],
            "fqdn": "_redirect.rottenfilms100.com",
            "geolocation_routing_policy": [],
            "health_check_id": "",
            "id": "Z0777607JVMEKJQFGF7A__redirect_TXT",
            "latency_routing_policy": [],
            "multivalue_answer_routing_policy": null,
            "name": "_redirect",
            "records": [
              "Redirects from /* to http://www.rottenfilms100.com/*"
            ],
            "set_identifier": "",
            "ttl": 86400,
            "type": "TXT",
            "weighted_routing_policy": [],
            "zone_id": "Z0777607JVMEKJQFGF7A"
          },
          "private": "eyJzY2hlbWFfdmVyc2lvbiI6IjIifQ==",
          "dependencies": [
            "module.rottenfilms100.aws_route53_zone.zone"
          ]
        }
      ]
    },
    {
      "module": "module.rt100films",
      "mode": "managed",
      "type": "aws_route53_record",
      "name": "txt",
      "provider": "provider.aws",
      "instances": [
        {
          "schema_version": 2,
          "attributes": {
            "alias": [],
            "allow_overwrite": null,
            "failover_routing_policy": [],
            "fqdn": "_redirect.rt100films.com",
            "geolocation_routing_policy": [],
            "health_check_id": null,
            "id": "Z0328538V02E27PF82LB__redirect_TXT",
            "latency_routing_policy": [],
            "multivalue_answer_routing_policy": null,
            "name": "_redirect",
            "records": [
              "Redirects from /* to http://www.rt100films.com/*"
            ],
            "set_identifier": null,
            "ttl": 86400,
            "type": "TXT",
            "weighted_routing_policy": [],
            "zone_id": "Z0328538V02E27PF82LB"
          },
          "private": "eyJzY2hlbWFfdmVyc2lvbiI6IjIifQ==",
          "dependencies": [
            "module.rt100films.aws_route53_zone.zone"
          ]
        }
      ]
    },
    {
      "module": "module.toms100films",
      "mode": "managed",
      "type": "aws_route53_record",
      "name": "txt",
      "provider": "provider.aws",
      "instances": [
        {
          "schema_version": 2,
          "attributes": {
            "alias": [],
            "allow_overwrite": null,
            "failover_routing_policy": [],
            "fqdn": "_redirect.toms100films.com",
            "geolocation_routing_policy": [],
            "health_check_id": null,
            "id": "Z034747224RRUPWJHL7TJ__redirect_TXT",
            "latency_routing_policy": [],
            "multivalue_answer_routing_policy": null,
            "name": "_redirect",
            "records": [
              "Redirects from /* to http://www.toms100films.com/*"
            ],
            "set_identifier": null,
            "ttl": 86400,
            "type": "TXT",
            "weighted_routing_policy": [],
            "zone_id": "Z034747224RRUPWJHL7TJ"
          },
          "private": "eyJzY2hlbWFfdmVyc2lvbiI6IjIifQ==",
          "dependencies": [
            "module.toms100films.aws_route53_zone.zone"
          ]
        }
      ]
    },
    {
      "module": "module.demo",
      "mode": "managed",
      "type": "aws_route53_record",
      "name": "txt",
      "provider": "provider.aws",
      "instances": [
        {
          "schema_version": 2,
          "attributes": {
            "alias": [],
            "allow_overwrite": null,
            "failover_routing_policy": [],
            "fqdn": "_redirect.demo.zoomfab.info",
            "geolocation_routing_policy": [],
            "health_check_id": "",
            "id": "Z072603319NAWXYRJP3DA__redirect_TXT",
            "latency_routing_policy": [],
            "multivalue_answer_routing_policy": null,
            "name": "_redirect",
            "records": [
              "Redirects from /* to http://demo.zoomfab.info/*"
            ],
            "set_identifier": "",
            "ttl": 86400,
            "type": "TXT",
            "weighted_routing_policy": [],
            "zone_id": "Z072603319NAWXYRJP3DA"
          },
          "private": "eyJzY2hlbWFfdmVyc2lvbiI6IjIifQ==",
          "dependencies": [
            "module.demo.aws_route53_zone.zone"
          ]
        }
      ]
    },
    {
      "module": "module.thetoptomato100",
      "mode": "managed",
      "type": "aws_route53_record",
      "name": "txt",
      "provider": "provider.aws",
      "instances": [
        {
          "schema_version": 2,
          "attributes": {
            "alias": [],
            "allow_overwrite": null,
            "failover_routing_policy": [],
            "fqdn": "_redirect.thetoptomato100.com",
            "geolocation_routing_policy": [],
            "health_check_id": "",
            "id": "Z078262181DDMM29R8S3__redirect_TXT",
            "latency_routing_policy": [],
            "multivalue_answer_routing_policy": null,
            "name": "_redirect",
            "records": [
              "Redirects from /* to http://www.thetoptomato100.com/*"
            ],
            "set_identifier": "",
            "ttl": 86400,
            "type": "TXT",
            "weighted_routing_policy": [],
            "zone_id": "Z078262181DDMM29R8S3"
          },
          "private": "eyJzY2hlbWFfdmVyc2lvbiI6IjIifQ==",
          "dependencies": [
            "module.thetoptomato100.aws_route53_zone.zone"
          ]
        }
      ]
    },
    {
      "module": "module.rt100movies",
      "mode": "managed",
      "type": "aws_route53_record",
      "name": "txt",
      "provider": "provider.aws",
      "instances": [
        {
          "schema_version": 2,
          "attributes": {
            "alias": [],
            "allow_overwrite": null,
            "failover_routing_policy": [],
            "fqdn": "_redirect.rt100movies.com",
            "geolocation_routing_policy": [],
            "health_check_id": null,
            "id": "Z034725036Q7GSKSGH8QE__redirect_TXT",
            "latency_routing_policy": [],
            "multivalue_answer_routing_policy": null,
            "name": "_redirect",
            "records": [
              "Redirects from /* to http://www.rt100movies.com/*"
            ],
            "set_identifier": null,
            "ttl": 86400,
            "type": "TXT",
            "weighted_routing_policy": [],
            "zone_id": "Z034725036Q7GSKSGH8QE"
          },
          "private": "eyJzY2hlbWFfdmVyc2lvbiI6IjIifQ==",
          "dependencies": [
            "module.rt100movies.aws_route53_zone.zone"
          ]
        }
      ]
    },
    {
      "module": "module.rotten100films",
      "mode": "managed",
      "type": "aws_route53_record",
      "name": "txt",
      "provider": "provider.aws",
      "instances": [
        {
          "schema_version": 2,
          "attributes": {
            "alias": [],
            "allow_overwrite": null,
            "failover_routing_policy": [],
            "fqdn": "_redirect.rotten100films.com",
            "geolocation_routing_policy": [],
            "health_check_id": "",
            "id": "Z07561972D6AQRPWIIZFU__redirect_TXT",
            "latency_routing_policy": [],
            "multivalue_answer_routing_policy": null,
            "name": "_redirect",
            "records": [
              "Redirects from /* to http://www.rotten100films.com/*"
            ],
            "set_identifier": "",
            "ttl": 86400,
            "type": "TXT",
            "weighted_routing_policy": [],
            "zone_id": "Z07561972D6AQRPWIIZFU"
          },
          "private": "eyJzY2hlbWFfdmVyc2lvbiI6IjIifQ==",
          "dependencies": [
            "module.rotten100films.aws_route53_zone.zone"
          ]
        }
      ]
    },
    {
      "module": "module.rotten100",
      "mode": "managed",
      "type": "aws_route53_record",
      "name": "txt",
      "provider": "provider.aws",
      "instances": [
        {
          "schema_version": 2,
          "attributes": {
            "alias": [],
            "allow_overwrite": null,
            "failover_routing_policy": [],
            "fqdn": "_redirect.rotten100.com",
            "geolocation_routing_policy": [],
            "health_check_id": "",
            "id": "Z02863482LCWH6JGPEROG__redirect_TXT",
            "latency_routing_policy": [],
            "multivalue_answer_routing_policy": null,
            "name": "_redirect",
            "records": [
              "Redirects from /* to http://www.rotten100.com/*"
            ],
            "set_identifier": "",
            "ttl": 86400,
            "type": "TXT",
            "weighted_routing_policy": [],
            "zone_id": "Z02863482LCWH6JGPEROG"
          },
          "private": "eyJzY2hlbWFfdmVyc2lvbiI6IjIifQ==",
          "dependencies": [
            "module.rotten100.aws_route53_zone.zone"
          ]
        }
      ]
    },
    {
      "module": "module.tomatoes100",
      "mode": "managed",
      "type": "aws_route53_record",
      "name": "www",
      "provider": "provider.aws",
      "instances": [
        {
          "schema_version": 2,
          "attributes": {
            "alias": [],
            "allow_overwrite": null,
            "failover_routing_policy": [],
            "fqdn": "www.tomatoes100.com",
            "geolocation_routing_policy": [],
            "health_check_id": null,
            "id": "Z03387359KVZXGWVHIX9_www_CNAME",
            "latency_routing_policy": [],
            "multivalue_answer_routing_policy": null,
            "name": "www",
            "records": [
              "www.tomatoes100.com.s3-website.eu-west-2.amazonaws.com"
            ],
            "set_identifier": null,
            "ttl": 86400,
            "type": "CNAME",
            "weighted_routing_policy": [],
            "zone_id": "Z03387359KVZXGWVHIX9"
          },
          "private": "eyJzY2hlbWFfdmVyc2lvbiI6IjIifQ==",
          "dependencies": [
            "module.tomatoes100.aws_route53_zone.zone"
          ]
        }
      ]
    },
    {
      "module": "module.rottenfilms100",
      "mode": "managed",
      "type": "aws_route53_record",
      "name": "www",
      "provider": "provider.aws",
      "instances": [
        {
          "schema_version": 2,
          "attributes": {
            "alias": [],
            "allow_overwrite": null,
            "failover_routing_policy": [],
            "fqdn": "www.rottenfilms100.com",
            "geolocation_routing_policy": [],
            "health_check_id": "",
            "id": "Z0777607JVMEKJQFGF7A_www_CNAME",
            "latency_routing_policy": [],
            "multivalue_answer_routing_policy": null,
            "name": "www",
            "records": [
              "www.rottenfilms100.com.s3-website.eu-west-2.amazonaws.com"
            ],
            "set_identifier": "",
            "ttl": 86400,
            "type": "CNAME",
            "weighted_routing_policy": [],
            "zone_id": "Z0777607JVMEKJQFGF7A"
          },
          "private": "eyJzY2hlbWFfdmVyc2lvbiI6IjIifQ==",
          "dependencies": [
            "module.rottenfilms100.aws_route53_zone.zone"
          ]
        }
      ]
    },
    {
      "module": "module.rt100films",
      "mode": "managed",
      "type": "aws_route53_record",
      "name": "www",
      "provider": "provider.aws",
      "instances": [
        {
          "schema_version": 2,
          "attributes": {
            "alias": [],
            "allow_overwrite": null,
            "failover_routing_policy": [],
            "fqdn": "www.rt100films.com",
            "geolocation_routing_policy": [],
            "health_check_id": null,
            "id": "Z0328538V02E27PF82LB_www_CNAME",
            "latency_routing_policy": [],
            "multivalue_answer_routing_policy": null,
            "name": "www",
            "records": [
              "www.rt100films.com.s3-website.eu-west-2.amazonaws.com"
            ],
            "set_identifier": null,
            "ttl": 86400,
            "type": "CNAME",
            "weighted_routing_policy": [],
            "zone_id": "Z0328538V02E27PF82LB"
          },
          "private": "eyJzY2hlbWFfdmVyc2lvbiI6IjIifQ==",
          "dependencies": [
            "module.rt100films.aws_route53_zone.zone"
          ]
        }
      ]
    },
    {
      "module": "module.toms100films",
      "mode": "managed",
      "type": "aws_route53_record",
      "name": "www",
      "provider": "provider.aws",
      "instances": [
        {
          "schema_version": 2,
          "attributes": {
            "alias": [],
            "allow_overwrite": null,
            "failover_routing_policy": [],
            "fqdn": "www.toms100films.com",
            "geolocation_routing_policy": [],
            "health_check_id": null,
            "id": "Z034747224RRUPWJHL7TJ_www_CNAME",
            "latency_routing_policy": [],
            "multivalue_answer_routing_policy": null,
            "name": "www",
            "records": [
              "www.toms100films.com.s3-website.eu-west-2.amazonaws.com"
            ],
            "set_identifier": null,
            "ttl": 86400,
            "type": "CNAME",
            "weighted_routing_policy": [],
            "zone_id": "Z034747224RRUPWJHL7TJ"
          },
          "private": "eyJzY2hlbWFfdmVyc2lvbiI6IjIifQ==",
          "dependencies": [
            "module.toms100films.aws_route53_zone.zone"
          ]
        }
      ]
    },
    {
      "module": "module.demo",
      "mode": "managed",
      "type": "aws_route53_record",
      "name": "www",
      "provider": "provider.aws",
      "instances": [
        {
          "schema_version": 2,
          "attributes": {
            "alias": [],
            "allow_overwrite": null,
            "failover_routing_policy": [],
            "fqdn": "www.demo.zoomfab.info",
            "geolocation_routing_policy": [],
            "health_check_id": "",
            "id": "Z072603319NAWXYRJP3DA_www_CNAME",
            "latency_routing_policy": [],
            "multivalue_answer_routing_policy": null,
            "name": "www",
            "records": [
              "demo.zoomfab.info.s3-website.eu-west-2.amazonaws.com"
            ],
            "set_identifier": "",
            "ttl": 86400,
            "type": "CNAME",
            "weighted_routing_policy": [],
            "zone_id": "Z072603319NAWXYRJP3DA"
          },
          "private": "eyJzY2hlbWFfdmVyc2lvbiI6IjIifQ==",
          "dependencies": [
            "module.demo.aws_route53_zone.zone"
          ]
        }
      ]
    },
    {
      "module": "module.thetoptomato100",
      "mode": "managed",
      "type": "aws_route53_record",
      "name": "www",
      "provider": "provider.aws",
      "instances": [
        {
          "schema_version": 2,
          "attributes": {
            "alias": [],
            "allow_overwrite": null,
            "failover_routing_policy": [],
            "fqdn": "www.thetoptomato100.com",
            "geolocation_routing_policy": [],
            "health_check_id": "",
            "id": "Z078262181DDMM29R8S3_www_CNAME",
            "latency_routing_policy": [],
            "multivalue_answer_routing_policy": null,
            "name": "www",
            "records": [
              "www.thetoptomato100.com.s3-website.eu-west-2.amazonaws.com"
            ],
            "set_identifier": "",
            "ttl": 86400,
            "type": "CNAME",
            "weighted_routing_policy": [],
            "zone_id": "Z078262181DDMM29R8S3"
          },
          "private": "eyJzY2hlbWFfdmVyc2lvbiI6IjIifQ==",
          "dependencies": [
            "module.thetoptomato100.aws_route53_zone.zone"
          ]
        }
      ]
    },
    {
      "module": "module.rt100movies",
      "mode": "managed",
      "type": "aws_route53_record",
      "name": "www",
      "provider": "provider.aws",
      "instances": [
        {
          "schema_version": 2,
          "attributes": {
            "alias": [],
            "allow_overwrite": null,
            "failover_routing_policy": [],
            "fqdn": "www.rt100movies.com",
            "geolocation_routing_policy": [],
            "health_check_id": null,
            "id": "Z034725036Q7GSKSGH8QE_www_CNAME",
            "latency_routing_policy": [],
            "multivalue_answer_routing_policy": null,
            "name": "www",
            "records": [
              "www.rt100movies.com.s3-website.eu-west-2.amazonaws.com"
            ],
            "set_identifier": null,
            "ttl": 86400,
            "type": "CNAME",
            "weighted_routing_policy": [],
            "zone_id": "Z034725036Q7GSKSGH8QE"
          },
          "private": "eyJzY2hlbWFfdmVyc2lvbiI6IjIifQ==",
          "dependencies": [
            "module.rt100movies.aws_route53_zone.zone"
          ]
        }
      ]
    },
    {
      "module": "module.rotten100films",
      "mode": "managed",
      "type": "aws_route53_record",
      "name": "www",
      "provider": "provider.aws",
      "instances": [
        {
          "schema_version": 2,
          "attributes": {
            "alias": [],
            "allow_overwrite": null,
            "failover_routing_policy": [],
            "fqdn": "www.rotten100films.com",
            "geolocation_routing_policy": [],
            "health_check_id": "",
            "id": "Z07561972D6AQRPWIIZFU_www_CNAME",
            "latency_routing_policy": [],
            "multivalue_answer_routing_policy": null,
            "name": "www",
            "records": [
              "www.rotten100films.com.s3-website.eu-west-2.amazonaws.com"
            ],
            "set_identifier": "",
            "ttl": 86400,
            "type": "CNAME",
            "weighted_routing_policy": [],
            "zone_id": "Z07561972D6AQRPWIIZFU"
          },
          "private": "eyJzY2hlbWFfdmVyc2lvbiI6IjIifQ==",
          "dependencies": [
            "module.rotten100films.aws_route53_zone.zone"
          ]
        }
      ]
    },
    {
      "module": "module.rotten100",
      "mode": "managed",
      "type": "aws_route53_record",
      "name": "www",
      "provider": "provider.aws",
      "instances": [
        {
          "schema_version": 2,
          "attributes": {
            "alias": [],
            "allow_overwrite": null,
            "failover_routing_policy": [],
            "fqdn": "www.rotten100.com",
            "geolocation_routing_policy": [],
            "health_check_id": "",
            "id": "Z02863482LCWH6JGPEROG_www_CNAME",
            "latency_routing_policy": [],
            "multivalue_answer_routing_policy": null,
            "name": "www",
            "records": [
              "www.rotten100.com.s3-website.eu-west-2.amazonaws.com"
            ],
            "set_identifier": "",
            "ttl": 86400,
            "type": "CNAME",
            "weighted_routing_policy": [],
            "zone_id": "Z02863482LCWH6JGPEROG"
          },
          "private": "eyJzY2hlbWFfdmVyc2lvbiI6IjIifQ==",
          "dependencies": [
            "module.rotten100.aws_route53_zone.zone"
          ]
        }
      ]
    },
    {
      "module": "module.tomatoes100",
      "mode": "managed",
      "type": "aws_route53_zone",
      "name": "zone",
      "provider": "provider.aws",
      "instances": [
        {
          "schema_version": 0,
          "attributes": {
            "comment": "Managed by Terraform",
            "delegation_set_id": "",
            "force_destroy": false,
            "id": "Z03387359KVZXGWVHIX9",
            "name": "tomatoes100.com.",
            "name_servers": [
              "ns-1399.awsdns-46.org",
              "ns-1946.awsdns-51.co.uk",
              "ns-283.awsdns-35.com",
              "ns-817.awsdns-38.net"
            ],
            "tags": null,
            "vpc": [],
            "vpc_id": null,
            "vpc_region": null,
            "zone_id": "Z03387359KVZXGWVHIX9"
          },
          "private": "bnVsbA=="
        }
      ]
    },
    {
      "module": "module.rottenfilms100",
      "mode": "managed",
      "type": "aws_route53_zone",
      "name": "zone",
      "provider": "provider.aws",
      "instances": [
        {
          "schema_version": 0,
          "attributes": {
            "comment": "Managed by Terraform",
            "delegation_set_id": "",
            "force_destroy": false,
            "id": "Z0777607JVMEKJQFGF7A",
            "name": "rottenfilms100.com.",
            "name_servers": [
              "ns-1089.awsdns-08.org",
              "ns-1890.awsdns-44.co.uk",
              "ns-754.awsdns-30.net",
              "ns-92.awsdns-11.com"
            ],
            "tags": {},
            "vpc": [],
            "vpc_id": null,
            "vpc_region": null,
            "zone_id": "Z0777607JVMEKJQFGF7A"
          },
          "private": "bnVsbA=="
        }
      ]
    },
    {
      "module": "module.rt100films",
      "mode": "managed",
      "type": "aws_route53_zone",
      "name": "zone",
      "provider": "provider.aws",
      "instances": [
        {
          "schema_version": 0,
          "attributes": {
            "comment": "Managed by Terraform",
            "delegation_set_id": "",
            "force_destroy": false,
            "id": "Z0328538V02E27PF82LB",
            "name": "rt100films.com.",
            "name_servers": [
              "ns-1435.awsdns-51.org",
              "ns-1805.awsdns-33.co.uk",
              "ns-211.awsdns-26.com",
              "ns-712.awsdns-25.net"
            ],
            "tags": null,
            "vpc": [],
            "vpc_id": null,
            "vpc_region": null,
            "zone_id": "Z0328538V02E27PF82LB"
          },
          "private": "bnVsbA=="
        }
      ]
    },
    {
      "module": "module.toms100films",
      "mode": "managed",
      "type": "aws_route53_zone",
      "name": "zone",
      "provider": "provider.aws",
      "instances": [
        {
          "schema_version": 0,
          "attributes": {
            "comment": "Managed by Terraform",
            "delegation_set_id": "",
            "force_destroy": false,
            "id": "Z034747224RRUPWJHL7TJ",
            "name": "toms100films.com.",
            "name_servers": [
              "ns-1311.awsdns-35.org",
              "ns-1827.awsdns-36.co.uk",
              "ns-281.awsdns-35.com",
              "ns-788.awsdns-34.net"
            ],
            "tags": null,
            "vpc": [],
            "vpc_id": null,
            "vpc_region": null,
            "zone_id": "Z034747224RRUPWJHL7TJ"
          },
          "private": "bnVsbA=="
        }
      ]
    },
    {
      "module": "module.demo",
      "mode": "managed",
      "type": "aws_route53_zone",
      "name": "zone",
      "provider": "provider.aws",
      "instances": [
        {
          "schema_version": 0,
          "attributes": {
            "comment": "Managed by Terraform",
            "delegation_set_id": "",
            "force_destroy": false,
            "id": "Z072603319NAWXYRJP3DA",
            "name": "demo.zoomfab.info.",
            "name_servers": [
              "ns-1420.awsdns-49.org",
              "ns-1574.awsdns-04.co.uk",
              "ns-626.awsdns-14.net",
              "ns-83.awsdns-10.com"
            ],
            "tags": {},
            "vpc": [],
            "vpc_id": null,
            "vpc_region": null,
            "zone_id": "Z072603319NAWXYRJP3DA"
          },
          "private": "bnVsbA=="
        }
      ]
    },
    {
      "module": "module.thetoptomato100",
      "mode": "managed",
      "type": "aws_route53_zone",
      "name": "zone",
      "provider": "provider.aws",
      "instances": [
        {
          "schema_version": 0,
          "attributes": {
            "comment": "Managed by Terraform",
            "delegation_set_id": "",
            "force_destroy": false,
            "id": "Z078262181DDMM29R8S3",
            "name": "thetoptomato100.com.",
            "name_servers": [
              "ns-1467.awsdns-55.org",
              "ns-1769.awsdns-29.co.uk",
              "ns-483.awsdns-60.com",
              "ns-882.awsdns-46.net"
            ],
            "tags": {},
            "vpc": [],
            "vpc_id": null,
            "vpc_region": null,
            "zone_id": "Z078262181DDMM29R8S3"
          },
          "private": "bnVsbA=="
        }
      ]
    },
    {
      "module": "module.rt100movies",
      "mode": "managed",
      "type": "aws_route53_zone",
      "name": "zone",
      "provider": "provider.aws",
      "instances": [
        {
          "schema_version": 0,
          "attributes": {
            "comment": "Managed by Terraform",
            "delegation_set_id": "",
            "force_destroy": false,
            "id": "Z034725036Q7GSKSGH8QE",
            "name": "rt100movies.com.",
            "name_servers": [
              "ns-1416.awsdns-49.org",
              "ns-167.awsdns-20.com",
              "ns-1854.awsdns-39.co.uk",
              "ns-824.awsdns-39.net"
            ],
            "tags": null,
            "vpc": [],
            "vpc_id": null,
            "vpc_region": null,
            "zone_id": "Z034725036Q7GSKSGH8QE"
          },
          "private": "bnVsbA=="
        }
      ]
    },
    {
      "module": "module.rotten100films",
      "mode": "managed",
      "type": "aws_route53_zone",
      "name": "zone",
      "provider": "provider.aws",
      "instances": [
        {
          "schema_version": 0,
          "attributes": {
            "comment": "Managed by Terraform",
            "delegation_set_id": "",
            "force_destroy": false,
            "id": "Z07561972D6AQRPWIIZFU",
            "name": "rotten100films.com.",
            "name_servers": [
              "ns-1049.awsdns-03.org",
              "ns-1630.awsdns-11.co.uk",
              "ns-404.awsdns-50.com",
              "ns-732.awsdns-27.net"
            ],
            "tags": {},
            "vpc": [],
            "vpc_id": null,
            "vpc_region": null,
            "zone_id": "Z07561972D6AQRPWIIZFU"
          },
          "private": "bnVsbA=="
        }
      ]
    },
    {
      "module": "module.rotten100",
      "mode": "managed",
      "type": "aws_route53_zone",
      "name": "zone",
      "provider": "provider.aws",
      "instances": [
        {
          "schema_version": 0,
          "attributes": {
            "comment": "Managed by Terraform",
            "delegation_set_id": "",
            "force_destroy": false,
            "id": "Z02863482LCWH6JGPEROG",
            "name": "rotten100.com.",
            "name_servers": [
              "ns-1270.awsdns-30.org",
              "ns-1784.awsdns-31.co.uk",
              "ns-279.awsdns-34.com",
              "ns-790.awsdns-34.net"
            ],
            "tags": {},
            "vpc": [],
            "vpc_id": null,
            "vpc_region": null,
            "zone_id": "Z02863482LCWH6JGPEROG"
          },
          "private": "bnVsbA=="
        }
      ]
    },
    {
      "module": "module.tomatoes100",
      "mode": "managed",
      "type": "aws_s3_bucket",
      "name": "bucket",
      "provider": "provider.aws",
      "instances": [
        {
          "schema_version": 0,
          "attributes": {
            "acceleration_status": "",
            "acl": "public-read",
            "arn": "arn:aws:s3:::www.tomatoes100.com",
            "bucket": "www.tomatoes100.com",
            "bucket_domain_name": "www.tomatoes100.com.s3.amazonaws.com",
            "bucket_prefix": null,
            "bucket_regional_domain_name": "www.tomatoes100.com.s3.eu-west-2.amazonaws.com",
            "cors_rule": [],
            "force_destroy": false,
            "grant": [],
            "hosted_zone_id": "Z3GKZC51ZF0DB4",
            "id": "www.tomatoes100.com",
            "lifecycle_rule": [],
            "logging": [],
            "object_lock_configuration": [],
            "policy": null,
            "region": "eu-west-2",
            "replication_configuration": [],
            "request_payer": "BucketOwner",
            "server_side_encryption_configuration": [],
            "tags": null,
            "versioning": [
              {
                "enabled": false,
                "mfa_delete": false
              }
            ],
            "website": [
              {
                "error_document": "",
                "index_document": "index.html",
                "redirect_all_requests_to": "",
                "routing_rules": ""
              }
            ],
            "website_domain": "s3-website.eu-west-2.amazonaws.com",
            "website_endpoint": "www.tomatoes100.com.s3-website.eu-west-2.amazonaws.com"
          },
          "private": "bnVsbA=="
        }
      ]
    },
    {
      "module": "module.rottenfilms100",
      "mode": "managed",
      "type": "aws_s3_bucket",
      "name": "bucket",
      "provider": "provider.aws",
      "instances": [
        {
          "schema_version": 0,
          "attributes": {
            "acceleration_status": "",
            "acl": "public-read",
            "arn": "arn:aws:s3:::www.rottenfilms100.com",
            "bucket": "www.rottenfilms100.com",
            "bucket_domain_name": "www.rottenfilms100.com.s3.amazonaws.com",
            "bucket_prefix": null,
            "bucket_regional_domain_name": "www.rottenfilms100.com.s3.eu-west-2.amazonaws.com",
            "cors_rule": [],
            "force_destroy": false,
            "grant": [],
            "hosted_zone_id": "Z3GKZC51ZF0DB4",
            "id": "www.rottenfilms100.com",
            "lifecycle_rule": [],
            "logging": [],
            "object_lock_configuration": [],
            "policy": null,
            "region": "eu-west-2",
            "replication_configuration": [],
            "request_payer": "BucketOwner",
            "server_side_encryption_configuration": [],
            "tags": {},
            "versioning": [
              {
                "enabled": false,
                "mfa_delete": false
              }
            ],
            "website": [
              {
                "error_document": "",
                "index_document": "index.html",
                "redirect_all_requests_to": "",
                "routing_rules": ""
              }
            ],
            "website_domain": "s3-website.eu-west-2.amazonaws.com",
            "website_endpoint": "www.rottenfilms100.com.s3-website.eu-west-2.amazonaws.com"
          },
          "private": "bnVsbA=="
        }
      ]
    },
    {
      "module": "module.rt100films",
      "mode": "managed",
      "type": "aws_s3_bucket",
      "name": "bucket",
      "provider": "provider.aws",
      "instances": [
        {
          "schema_version": 0,
          "attributes": {
            "acceleration_status": "",
            "acl": "public-read",
            "arn": "arn:aws:s3:::www.rt100films.com",
            "bucket": "www.rt100films.com",
            "bucket_domain_name": "www.rt100films.com.s3.amazonaws.com",
            "bucket_prefix": null,
            "bucket_regional_domain_name": "www.rt100films.com.s3.eu-west-2.amazonaws.com",
            "cors_rule": [],
            "force_destroy": false,
            "grant": [],
            "hosted_zone_id": "Z3GKZC51ZF0DB4",
            "id": "www.rt100films.com",
            "lifecycle_rule": [],
            "logging": [],
            "object_lock_configuration": [],
            "policy": null,
            "region": "eu-west-2",
            "replication_configuration": [],
            "request_payer": "BucketOwner",
            "server_side_encryption_configuration": [],
            "tags": null,
            "versioning": [
              {
                "enabled": false,
                "mfa_delete": false
              }
            ],
            "website": [
              {
                "error_document": "",
                "index_document": "index.html",
                "redirect_all_requests_to": "",
                "routing_rules": ""
              }
            ],
            "website_domain": "s3-website.eu-west-2.amazonaws.com",
            "website_endpoint": "www.rt100films.com.s3-website.eu-west-2.amazonaws.com"
          },
          "private": "bnVsbA=="
        }
      ]
    },
    {
      "module": "module.toms100films",
      "mode": "managed",
      "type": "aws_s3_bucket",
      "name": "bucket",
      "provider": "provider.aws",
      "instances": [
        {
          "schema_version": 0,
          "attributes": {
            "acceleration_status": "",
            "acl": "public-read",
            "arn": "arn:aws:s3:::www.toms100films.com",
            "bucket": "www.toms100films.com",
            "bucket_domain_name": "www.toms100films.com.s3.amazonaws.com",
            "bucket_prefix": null,
            "bucket_regional_domain_name": "www.toms100films.com.s3.eu-west-2.amazonaws.com",
            "cors_rule": [],
            "force_destroy": false,
            "grant": [],
            "hosted_zone_id": "Z3GKZC51ZF0DB4",
            "id": "www.toms100films.com",
            "lifecycle_rule": [],
            "logging": [],
            "object_lock_configuration": [],
            "policy": null,
            "region": "eu-west-2",
            "replication_configuration": [],
            "request_payer": "BucketOwner",
            "server_side_encryption_configuration": [],
            "tags": null,
            "versioning": [
              {
                "enabled": false,
                "mfa_delete": false
              }
            ],
            "website": [
              {
                "error_document": "",
                "index_document": "index.html",
                "redirect_all_requests_to": "",
                "routing_rules": ""
              }
            ],
            "website_domain": "s3-website.eu-west-2.amazonaws.com",
            "website_endpoint": "www.toms100films.com.s3-website.eu-west-2.amazonaws.com"
          },
          "private": "bnVsbA=="
        }
      ]
    },
    {
      "module": "module.demo",
      "mode": "managed",
      "type": "aws_s3_bucket",
      "name": "bucket",
      "provider": "provider.aws",
      "instances": [
        {
          "schema_version": 0,
          "attributes": {
            "acceleration_status": "",
            "acl": "public-read",
            "arn": "arn:aws:s3:::demo.zoomfab.info",
            "bucket": "demo.zoomfab.info",
            "bucket_domain_name": "demo.zoomfab.info.s3.amazonaws.com",
            "bucket_prefix": null,
            "bucket_regional_domain_name": "demo.zoomfab.info.s3.eu-west-2.amazonaws.com",
            "cors_rule": [],
            "force_destroy": false,
            "grant": [],
            "hosted_zone_id": "Z3GKZC51ZF0DB4",
            "id": "demo.zoomfab.info",
            "lifecycle_rule": [],
            "logging": [],
            "object_lock_configuration": [],
            "policy": null,
            "region": "eu-west-2",
            "replication_configuration": [],
            "request_payer": "BucketOwner",
            "server_side_encryption_configuration": [],
            "tags": {},
            "versioning": [
              {
                "enabled": false,
                "mfa_delete": false
              }
            ],
            "website": [
              {
                "error_document": "",
                "index_document": "index.html",
                "redirect_all_requests_to": "",
                "routing_rules": ""
              }
            ],
            "website_domain": "s3-website.eu-west-2.amazonaws.com",
            "website_endpoint": "demo.zoomfab.info.s3-website.eu-west-2.amazonaws.com"
          },
          "private": "bnVsbA=="
        }
      ]
    },
    {
      "module": "module.thetoptomato100",
      "mode": "managed",
      "type": "aws_s3_bucket",
      "name": "bucket",
      "provider": "provider.aws",
      "instances": [
        {
          "schema_version": 0,
          "attributes": {
            "acceleration_status": "",
            "acl": "public-read",
            "arn": "arn:aws:s3:::www.thetoptomato100.com",
            "bucket": "www.thetoptomato100.com",
            "bucket_domain_name": "www.thetoptomato100.com.s3.amazonaws.com",
            "bucket_prefix": null,
            "bucket_regional_domain_name": "www.thetoptomato100.com.s3.eu-west-2.amazonaws.com",
            "cors_rule": [],
            "force_destroy": false,
            "grant": [],
            "hosted_zone_id": "Z3GKZC51ZF0DB4",
            "id": "www.thetoptomato100.com",
            "lifecycle_rule": [],
            "logging": [],
            "object_lock_configuration": [],
            "policy": null,
            "region": "eu-west-2",
            "replication_configuration": [],
            "request_payer": "BucketOwner",
            "server_side_encryption_configuration": [],
            "tags": {},
            "versioning": [
              {
                "enabled": false,
                "mfa_delete": false
              }
            ],
            "website": [
              {
                "error_document": "",
                "index_document": "index.html",
                "redirect_all_requests_to": "",
                "routing_rules": ""
              }
            ],
            "website_domain": "s3-website.eu-west-2.amazonaws.com",
            "website_endpoint": "www.thetoptomato100.com.s3-website.eu-west-2.amazonaws.com"
          },
          "private": "bnVsbA=="
        }
      ]
    },
    {
      "module": "module.rt100movies",
      "mode": "managed",
      "type": "aws_s3_bucket",
      "name": "bucket",
      "provider": "provider.aws",
      "instances": [
        {
          "schema_version": 0,
          "attributes": {
            "acceleration_status": "",
            "acl": "public-read",
            "arn": "arn:aws:s3:::www.rt100movies.com",
            "bucket": "www.rt100movies.com",
            "bucket_domain_name": "www.rt100movies.com.s3.amazonaws.com",
            "bucket_prefix": null,
            "bucket_regional_domain_name": "www.rt100movies.com.s3.eu-west-2.amazonaws.com",
            "cors_rule": [],
            "force_destroy": false,
            "grant": [],
            "hosted_zone_id": "Z3GKZC51ZF0DB4",
            "id": "www.rt100movies.com",
            "lifecycle_rule": [],
            "logging": [],
            "object_lock_configuration": [],
            "policy": null,
            "region": "eu-west-2",
            "replication_configuration": [],
            "request_payer": "BucketOwner",
            "server_side_encryption_configuration": [],
            "tags": null,
            "versioning": [
              {
                "enabled": false,
                "mfa_delete": false
              }
            ],
            "website": [
              {
                "error_document": "",
                "index_document": "index.html",
                "redirect_all_requests_to": "",
                "routing_rules": ""
              }
            ],
            "website_domain": "s3-website.eu-west-2.amazonaws.com",
            "website_endpoint": "www.rt100movies.com.s3-website.eu-west-2.amazonaws.com"
          },
          "private": "bnVsbA=="
        }
      ]
    },
    {
      "module": "module.rotten100films",
      "mode": "managed",
      "type": "aws_s3_bucket",
      "name": "bucket",
      "provider": "provider.aws",
      "instances": [
        {
          "schema_version": 0,
          "attributes": {
            "acceleration_status": "",
            "acl": "public-read",
            "arn": "arn:aws:s3:::www.rotten100films.com",
            "bucket": "www.rotten100films.com",
            "bucket_domain_name": "www.rotten100films.com.s3.amazonaws.com",
            "bucket_prefix": null,
            "bucket_regional_domain_name": "www.rotten100films.com.s3.eu-west-2.amazonaws.com",
            "cors_rule": [],
            "force_destroy": false,
            "grant": [],
            "hosted_zone_id": "Z3GKZC51ZF0DB4",
            "id": "www.rotten100films.com",
            "lifecycle_rule": [],
            "logging": [],
            "object_lock_configuration": [],
            "policy": null,
            "region": "eu-west-2",
            "replication_configuration": [],
            "request_payer": "BucketOwner",
            "server_side_encryption_configuration": [],
            "tags": {},
            "versioning": [
              {
                "enabled": false,
                "mfa_delete": false
              }
            ],
            "website": [
              {
                "error_document": "",
                "index_document": "index.html",
                "redirect_all_requests_to": "",
                "routing_rules": ""
              }
            ],
            "website_domain": "s3-website.eu-west-2.amazonaws.com",
            "website_endpoint": "www.rotten100films.com.s3-website.eu-west-2.amazonaws.com"
          },
          "private": "bnVsbA=="
        }
      ]
    },
    {
      "module": "module.rotten100",
      "mode": "managed",
      "type": "aws_s3_bucket",
      "name": "bucket",
      "provider": "provider.aws",
      "instances": [
        {
          "schema_version": 0,
          "attributes": {
            "acceleration_status": "",
            "acl": "public-read",
            "arn": "arn:aws:s3:::www.rotten100.com",
            "bucket": "www.rotten100.com",
            "bucket_domain_name": "www.rotten100.com.s3.amazonaws.com",
            "bucket_prefix": null,
            "bucket_regional_domain_name": "www.rotten100.com.s3.eu-west-2.amazonaws.com",
            "cors_rule": [],
            "force_destroy": false,
            "grant": [],
            "hosted_zone_id": "Z3GKZC51ZF0DB4",
            "id": "www.rotten100.com",
            "lifecycle_rule": [],
            "logging": [],
            "object_lock_configuration": [],
            "policy": null,
            "region": "eu-west-2",
            "replication_configuration": [],
            "request_payer": "BucketOwner",
            "server_side_encryption_configuration": [],
            "tags": {},
            "versioning": [
              {
                "enabled": false,
                "mfa_delete": false
              }
            ],
            "website": [
              {
                "error_document": "",
                "index_document": "index.html",
                "redirect_all_requests_to": "",
                "routing_rules": ""
              }
            ],
            "website_domain": "s3-website.eu-west-2.amazonaws.com",
            "website_endpoint": "www.rotten100.com.s3-website.eu-west-2.amazonaws.com"
          },
          "private": "bnVsbA=="
        }
      ]
    },
    {
      "module": "module.tomatoes100",
      "mode": "managed",
      "type": "aws_s3_bucket_policy",
      "name": "bucket",
      "provider": "provider.aws",
      "instances": [
        {
          "schema_version": 0,
          "attributes": {
            "bucket": "www.tomatoes100.com",
            "id": "www.tomatoes100.com",
            "policy": "{\"Statement\":[{\"Action\":\"s3:GetObject\",\"Effect\":\"Allow\",\"Principal\":\"*\",\"Resource\":\"arn:aws:s3:::www.tomatoes100.com/*\",\"Sid\":\"AddPerm\"}],\"Version\":\"2012-10-17\"}"
          },
          "private": "bnVsbA==",
          "dependencies": [
            "module.tomatoes100.aws_s3_bucket.bucket"
          ]
        }
      ]
    },
    {
      "module": "module.rottenfilms100",
      "mode": "managed",
      "type": "aws_s3_bucket_policy",
      "name": "bucket",
      "provider": "provider.aws",
      "instances": [
        {
          "schema_version": 0,
          "attributes": {
            "bucket": "www.rottenfilms100.com",
            "id": "www.rottenfilms100.com",
            "policy": "{\"Version\":\"2012-10-17\",\"Statement\":[{\"Sid\":\"AddPerm\",\"Effect\":\"Allow\",\"Principal\":\"*\",\"Action\":\"s3:GetObject\",\"Resource\":\"arn:aws:s3:::www.rottenfilms100.com/*\"}]}"
          },
          "private": "bnVsbA==",
          "dependencies": [
            "module.rottenfilms100.aws_s3_bucket.bucket"
          ]
        }
      ]
    },
    {
      "module": "module.rt100films",
      "mode": "managed",
      "type": "aws_s3_bucket_policy",
      "name": "bucket",
      "provider": "provider.aws",
      "instances": [
        {
          "schema_version": 0,
          "attributes": {
            "bucket": "www.rt100films.com",
            "id": "www.rt100films.com",
            "policy": "{\"Statement\":[{\"Action\":\"s3:GetObject\",\"Effect\":\"Allow\",\"Principal\":\"*\",\"Resource\":\"arn:aws:s3:::www.rt100films.com/*\",\"Sid\":\"AddPerm\"}],\"Version\":\"2012-10-17\"}"
          },
          "private": "bnVsbA==",
          "dependencies": [
            "module.rt100films.aws_s3_bucket.bucket"
          ]
        }
      ]
    },
    {
      "module": "module.toms100films",
      "mode": "managed",
      "type": "aws_s3_bucket_policy",
      "name": "bucket",
      "provider": "provider.aws",
      "instances": [
        {
          "schema_version": 0,
          "attributes": {
            "bucket": "www.toms100films.com",
            "id": "www.toms100films.com",
            "policy": "{\"Statement\":[{\"Action\":\"s3:GetObject\",\"Effect\":\"Allow\",\"Principal\":\"*\",\"Resource\":\"arn:aws:s3:::www.toms100films.com/*\",\"Sid\":\"AddPerm\"}],\"Version\":\"2012-10-17\"}"
          },
          "private": "bnVsbA==",
          "dependencies": [
            "module.toms100films.aws_s3_bucket.bucket"
          ]
        }
      ]
    },
    {
      "module": "module.demo",
      "mode": "managed",
      "type": "aws_s3_bucket_policy",
      "name": "bucket",
      "provider": "provider.aws",
      "instances": [
        {
          "schema_version": 0,
          "attributes": {
            "bucket": "demo.zoomfab.info",
            "id": "demo.zoomfab.info",
            "policy": "{\"Version\":\"2012-10-17\",\"Statement\":[{\"Sid\":\"AddPerm\",\"Effect\":\"Allow\",\"Principal\":\"*\",\"Action\":\"s3:GetObject\",\"Resource\":\"arn:aws:s3:::demo.zoomfab.info/*\"}]}"
          },
          "private": "bnVsbA==",
          "dependencies": [
            "module.demo.aws_s3_bucket.bucket"
          ]
        }
      ]
    },
    {
      "module": "module.thetoptomato100",
      "mode": "managed",
      "type": "aws_s3_bucket_policy",
      "name": "bucket",
      "provider": "provider.aws",
      "instances": [
        {
          "schema_version": 0,
          "attributes": {
            "bucket": "www.thetoptomato100.com",
            "id": "www.thetoptomato100.com",
            "policy": "{\"Version\":\"2012-10-17\",\"Statement\":[{\"Sid\":\"AddPerm\",\"Effect\":\"Allow\",\"Principal\":\"*\",\"Action\":\"s3:GetObject\",\"Resource\":\"arn:aws:s3:::www.thetoptomato100.com/*\"}]}"
          },
          "private": "bnVsbA==",
          "dependencies": [
            "module.thetoptomato100.aws_s3_bucket.bucket"
          ]
        }
      ]
    },
    {
      "module": "module.rt100movies",
      "mode": "managed",
      "type": "aws_s3_bucket_policy",
      "name": "bucket",
      "provider": "provider.aws",
      "instances": [
        {
          "schema_version": 0,
          "attributes": {
            "bucket": "www.rt100movies.com",
            "id": "www.rt100movies.com",
            "policy": "{\"Statement\":[{\"Action\":\"s3:GetObject\",\"Effect\":\"Allow\",\"Principal\":\"*\",\"Resource\":\"arn:aws:s3:::www.rt100movies.com/*\",\"Sid\":\"AddPerm\"}],\"Version\":\"2012-10-17\"}"
          },
          "private": "bnVsbA==",
          "dependencies": [
            "module.rt100movies.aws_s3_bucket.bucket"
          ]
        }
      ]
    },
    {
      "module": "module.rotten100films",
      "mode": "managed",
      "type": "aws_s3_bucket_policy",
      "name": "bucket",
      "provider": "provider.aws",
      "instances": [
        {
          "schema_version": 0,
          "attributes": {
            "bucket": "www.rotten100films.com",
            "id": "www.rotten100films.com",
            "policy": "{\"Version\":\"2012-10-17\",\"Statement\":[{\"Sid\":\"AddPerm\",\"Effect\":\"Allow\",\"Principal\":\"*\",\"Action\":\"s3:GetObject\",\"Resource\":\"arn:aws:s3:::www.rotten100films.com/*\"}]}"
          },
          "private": "bnVsbA==",
          "dependencies": [
            "module.rotten100films.aws_s3_bucket.bucket"
          ]
        }
      ]
    },
    {
      "module": "module.rotten100",
      "mode": "managed",
      "type": "aws_s3_bucket_policy",
      "name": "bucket",
      "provider": "provider.aws",
      "instances": [
        {
          "schema_version": 0,
          "attributes": {
            "bucket": "www.rotten100.com",
            "id": "www.rotten100.com",
            "policy": "{\"Version\":\"2012-10-17\",\"Statement\":[{\"Sid\":\"AddPerm\",\"Effect\":\"Allow\",\"Principal\":\"*\",\"Action\":\"s3:GetObject\",\"Resource\":\"arn:aws:s3:::www.rotten100.com/*\"}]}"
          },
          "private": "eyJzY2hlbWFfdmVyc2lvbiI6IjAifQ==",
          "dependencies": [
            "module.rotten100.aws_s3_bucket.bucket"
          ]
        }
      ]
    }
  ]
}
